// !$*UTF8*$!
{
	archiveVersion = 1;
	classes = {
	};
	objectVersion = 46;
	objects = {

/* Begin PBXBuildFile section */
		70104E3E167404EF00807647 /* IphoneAudioClip.cpp in Sources */ = {isa = PBXBuildFile; fileRef = 70104E3A167404EF00807647 /* IphoneAudioClip.cpp */; };
		70104E3F167404EF00807647 /* IphoneAudioManager.cpp in Sources */ = {isa = PBXBuildFile; fileRef = 70104E3B167404EF00807647 /* IphoneAudioManager.cpp */; };
		70104E40167404EF00807647 /* IphoneResourceManager.cpp in Sources */ = {isa = PBXBuildFile; fileRef = 70104E3C167404EF00807647 /* IphoneResourceManager.cpp */; };
		70104E41167404EF00807647 /* IphoneTexture.cpp in Sources */ = {isa = PBXBuildFile; fileRef = 70104E3D167404EF00807647 /* IphoneTexture.cpp */; };
		70104E441674051300807647 /* IphoneAudioClip.h in Headers */ = {isa = PBXBuildFile; fileRef = 70104E421674051300807647 /* IphoneAudioClip.h */; };
		70104E451674051300807647 /* IphoneAudioManager.h in Headers */ = {isa = PBXBuildFile; fileRef = 70104E431674051300807647 /* IphoneAudioManager.h */; };
		70104E5E167409EB00807647 /* AudioClip.cpp in Sources */ = {isa = PBXBuildFile; fileRef = 70104E5C167409EB00807647 /* AudioClip.cpp */; };
		70104E5F167409EB00807647 /* AudioManager.cpp in Sources */ = {isa = PBXBuildFile; fileRef = 70104E5D167409EB00807647 /* AudioManager.cpp */; };
		70104E62167409F500807647 /* AudioClip.h in Headers */ = {isa = PBXBuildFile; fileRef = 70104E60167409F500807647 /* AudioClip.h */; };
		70104E63167409F500807647 /* AudioManager.h in Headers */ = {isa = PBXBuildFile; fileRef = 70104E61167409F500807647 /* AudioManager.h */; };
		70B5824C1635215200C40F25 /* AnimationController.cpp in Sources */ = {isa = PBXBuildFile; fileRef = 70B582491635215200C40F25 /* AnimationController.cpp */; };
		70B5824D1635215200C40F25 /* RumbleAnimation.cpp in Sources */ = {isa = PBXBuildFile; fileRef = 70B5824A1635215200C40F25 /* RumbleAnimation.cpp */; };
		70B5824E1635215200C40F25 /* TextureAnimation.cpp in Sources */ = {isa = PBXBuildFile; fileRef = 70B5824B1635215200C40F25 /* TextureAnimation.cpp */; };
		70B582531635216800C40F25 /* AnimationController.h in Headers */ = {isa = PBXBuildFile; fileRef = 70B5824F1635216800C40F25 /* AnimationController.h */; };
		70B582541635216800C40F25 /* AnimationCurve.h in Headers */ = {isa = PBXBuildFile; fileRef = 70B582501635216800C40F25 /* AnimationCurve.h */; };
		70B582551635216800C40F25 /* RumbleAnimation.h in Headers */ = {isa = PBXBuildFile; fileRef = 70B582511635216800C40F25 /* RumbleAnimation.h */; };
		70B582561635216800C40F25 /* TextureAnimation.h in Headers */ = {isa = PBXBuildFile; fileRef = 70B582521635216800C40F25 /* TextureAnimation.h */; };
		70C6E54D1685709E001544EB /* Emitter.cpp in Sources */ = {isa = PBXBuildFile; fileRef = 70C6E54C1685709E001544EB /* Emitter.cpp */; };
		70C6E550168570A8001544EB /* Emitter.h in Headers */ = {isa = PBXBuildFile; fileRef = 70C6E54F168570A8001544EB /* Emitter.h */; };
		7E1923BA150C0404003BB65B /* PvrImage.h in Headers */ = {isa = PBXBuildFile; fileRef = 7E1923B8150C0404003BB65B /* PvrImage.h */; };
		7E1923BB150C0404003BB65B /* TgaImage.h in Headers */ = {isa = PBXBuildFile; fileRef = 7E1923B9150C0404003BB65B /* TgaImage.h */; };
		7E2885BD13F8634500F606EB /* IphoneResourceManager.h in Headers */ = {isa = PBXBuildFile; fileRef = 7E2885BC13F8634500F606EB /* IphoneResourceManager.h */; };
		7E2885CE13F8AB3300F606EB /* IphoneVertexBuffer.h in Headers */ = {isa = PBXBuildFile; fileRef = 7E2885CD13F8AB3300F606EB /* IphoneVertexBuffer.h */; };
		7E2885D013F8AB4100F606EB /* IphoneVertexBuffer.cpp in Sources */ = {isa = PBXBuildFile; fileRef = 7E2885CF13F8AB4100F606EB /* IphoneVertexBuffer.cpp */; };
		7E2885D413FA157500F606EB /* IphoneTexture.h in Headers */ = {isa = PBXBuildFile; fileRef = 7E2885D313FA157500F606EB /* IphoneTexture.h */; };
		7E407F851401F8AD00431963 /* Frustum.h in Headers */ = {isa = PBXBuildFile; fileRef = 7E407F831401F8AD00431963 /* Frustum.h */; };
		7E407F861401F8AD00431963 /* Plane.h in Headers */ = {isa = PBXBuildFile; fileRef = 7E407F841401F8AD00431963 /* Plane.h */; };
		7E407F881401F8C000431963 /* Frustum.cpp in Sources */ = {isa = PBXBuildFile; fileRef = 7E407F871401F8C000431963 /* Frustum.cpp */; };
		7E407F8A1401F8F300431963 /* MeshProvider.h in Headers */ = {isa = PBXBuildFile; fileRef = 7E407F891401F8F300431963 /* MeshProvider.h */; };
		7E407F8C1401F90600431963 /* AthenaEngine.h in Headers */ = {isa = PBXBuildFile; fileRef = 7E407F8B1401F90500431963 /* AthenaEngine.h */; };
		7E5C122314F19EF700292DD3 /* ButtonBase.cpp in Sources */ = {isa = PBXBuildFile; fileRef = 7E5C121C14F19EF700292DD3 /* ButtonBase.cpp */; };
		7E5C122414F19EF700292DD3 /* ConfigManager.cpp in Sources */ = {isa = PBXBuildFile; fileRef = 7E5C121D14F19EF700292DD3 /* ConfigManager.cpp */; };
		7E5C122514F19EF700292DD3 /* NinePatch.cpp in Sources */ = {isa = PBXBuildFile; fileRef = 7E5C121E14F19EF700292DD3 /* NinePatch.cpp */; };
		7E5C122614F19EF700292DD3 /* NinePatchButton.cpp in Sources */ = {isa = PBXBuildFile; fileRef = 7E5C121F14F19EF700292DD3 /* NinePatchButton.cpp */; };
		7E5C122714F19EF700292DD3 /* NinePatchDescriptor.cpp in Sources */ = {isa = PBXBuildFile; fileRef = 7E5C122014F19EF700292DD3 /* NinePatchDescriptor.cpp */; };
		7E5C122814F19EF700292DD3 /* SphereMesh.cpp in Sources */ = {isa = PBXBuildFile; fileRef = 7E5C122114F19EF700292DD3 /* SphereMesh.cpp */; };
		7E5C122914F19EF700292DD3 /* SpriteButton.cpp in Sources */ = {isa = PBXBuildFile; fileRef = 7E5C122214F19EF700292DD3 /* SpriteButton.cpp */; };
		7E5C123414F19F0800292DD3 /* ButtonBase.h in Headers */ = {isa = PBXBuildFile; fileRef = 7E5C122B14F19F0800292DD3 /* ButtonBase.h */; };
		7E5C123514F19F0800292DD3 /* ConfigManager.h in Headers */ = {isa = PBXBuildFile; fileRef = 7E5C122C14F19F0800292DD3 /* ConfigManager.h */; };
		7E5C123614F19F0800292DD3 /* ILayoutable.h in Headers */ = {isa = PBXBuildFile; fileRef = 7E5C122D14F19F0800292DD3 /* ILayoutable.h */; };
		7E5C123714F19F0800292DD3 /* NinePatch.h in Headers */ = {isa = PBXBuildFile; fileRef = 7E5C122E14F19F0800292DD3 /* NinePatch.h */; };
		7E5C123814F19F0800292DD3 /* NinePatchButton.h in Headers */ = {isa = PBXBuildFile; fileRef = 7E5C122F14F19F0800292DD3 /* NinePatchButton.h */; };
		7E5C123914F19F0800292DD3 /* NinePatchDescriptor.h in Headers */ = {isa = PBXBuildFile; fileRef = 7E5C123014F19F0800292DD3 /* NinePatchDescriptor.h */; };
		7E5C123A14F19F0800292DD3 /* SphereMesh.h in Headers */ = {isa = PBXBuildFile; fileRef = 7E5C123114F19F0800292DD3 /* SphereMesh.h */; };
		7E5C123B14F19F0800292DD3 /* SpriteButton.h in Headers */ = {isa = PBXBuildFile; fileRef = 7E5C123214F19F0800292DD3 /* SpriteButton.h */; };
		7E5C123C14F19F0800292DD3 /* Tween.h in Headers */ = {isa = PBXBuildFile; fileRef = 7E5C123314F19F0800292DD3 /* Tween.h */; };
		7E5C124114F1AE4C00292DD3 /* IphoneEffectGenerator.h in Headers */ = {isa = PBXBuildFile; fileRef = 7E5C124014F1AE4C00292DD3 /* IphoneEffectGenerator.h */; };
		7E5C124314F1AE5800292DD3 /* IphoneEffectGenerator.cpp in Sources */ = {isa = PBXBuildFile; fileRef = 7E5C124214F1AE5800292DD3 /* IphoneEffectGenerator.cpp */; };
		7E5C124814FAAB8100292DD3 /* OpenGlEsDefs.h in Headers */ = {isa = PBXBuildFile; fileRef = 7E5C124714FAAB7F00292DD3 /* OpenGlEsDefs.h */; };
		7E7D873F13F719E500AD9F7F /* Foundation.framework in Frameworks */ = {isa = PBXBuildFile; fileRef = 7E7D873E13F719E500AD9F7F /* Foundation.framework */; };
		7E7D876013F71AC300AD9F7F /* Box2.cpp in Sources */ = {isa = PBXBuildFile; fileRef = 7E7D874E13F71AC300AD9F7F /* Box2.cpp */; };
		7E7D876213F71AC300AD9F7F /* Camera.cpp in Sources */ = {isa = PBXBuildFile; fileRef = 7E7D875013F71AC300AD9F7F /* Camera.cpp */; };
		7E7D876313F71AC300AD9F7F /* CatmullRom.cpp in Sources */ = {isa = PBXBuildFile; fileRef = 7E7D875113F71AC300AD9F7F /* CatmullRom.cpp */; };
		7E7D876413F71AC300AD9F7F /* CubeMesh.cpp in Sources */ = {isa = PBXBuildFile; fileRef = 7E7D875213F71AC300AD9F7F /* CubeMesh.cpp */; };
		7E7D876513F71AC300AD9F7F /* FontDescriptor.cpp in Sources */ = {isa = PBXBuildFile; fileRef = 7E7D875313F71AC300AD9F7F /* FontDescriptor.cpp */; };
		7E7D876613F71AC300AD9F7F /* GraphicDevice.cpp in Sources */ = {isa = PBXBuildFile; fileRef = 7E7D875413F71AC300AD9F7F /* GraphicDevice.cpp */; };
		7E7D876713F71AC300AD9F7F /* InputManager.cpp in Sources */ = {isa = PBXBuildFile; fileRef = 7E7D875513F71AC300AD9F7F /* InputManager.cpp */; };
		7E7D876813F71AC300AD9F7F /* Label.cpp in Sources */ = {isa = PBXBuildFile; fileRef = 7E7D875613F71AC300AD9F7F /* Label.cpp */; };
		7E7D876913F71AC300AD9F7F /* Material.cpp in Sources */ = {isa = PBXBuildFile; fileRef = 7E7D875713F71AC300AD9F7F /* Material.cpp */; };
		7E7D876A13F71AC300AD9F7F /* Mesh.cpp in Sources */ = {isa = PBXBuildFile; fileRef = 7E7D875813F71AC300AD9F7F /* Mesh.cpp */; };
		7E7D876B13F71AC300AD9F7F /* ResourceManager.cpp in Sources */ = {isa = PBXBuildFile; fileRef = 7E7D875913F71AC300AD9F7F /* ResourceManager.cpp */; };
		7E7D876C13F71AC300AD9F7F /* SceneNode.cpp in Sources */ = {isa = PBXBuildFile; fileRef = 7E7D875A13F71AC300AD9F7F /* SceneNode.cpp */; };
		7E7D876D13F71AC300AD9F7F /* Sprite.cpp in Sources */ = {isa = PBXBuildFile; fileRef = 7E7D875B13F71AC300AD9F7F /* Sprite.cpp */; };
		7E7D876E13F71AC300AD9F7F /* Texture.cpp in Sources */ = {isa = PBXBuildFile; fileRef = 7E7D875C13F71AC300AD9F7F /* Texture.cpp */; };
		7E7D876F13F71AC300AD9F7F /* VertexBuffer.cpp in Sources */ = {isa = PBXBuildFile; fileRef = 7E7D875D13F71AC300AD9F7F /* VertexBuffer.cpp */; };
		7E7D877013F71AC300AD9F7F /* Viewport.cpp in Sources */ = {isa = PBXBuildFile; fileRef = 7E7D875E13F71AC300AD9F7F /* Viewport.cpp */; };
		7E7D877113F71AC300AD9F7F /* Widget.cpp in Sources */ = {isa = PBXBuildFile; fileRef = 7E7D875F13F71AC300AD9F7F /* Widget.cpp */; };
		7E7D878C13F71AD900AD9F7F /* Application.h in Headers */ = {isa = PBXBuildFile; fileRef = 7E7D877313F71AD900AD9F7F /* Application.h */; };
		7E7D878D13F71AD900AD9F7F /* Box2.h in Headers */ = {isa = PBXBuildFile; fileRef = 7E7D877413F71AD900AD9F7F /* Box2.h */; };
		7E7D878F13F71AD900AD9F7F /* Camera.h in Headers */ = {isa = PBXBuildFile; fileRef = 7E7D877613F71AD900AD9F7F /* Camera.h */; };
		7E7D879013F71AD900AD9F7F /* CatmullRom.h in Headers */ = {isa = PBXBuildFile; fileRef = 7E7D877713F71AD900AD9F7F /* CatmullRom.h */; };
		7E7D879113F71AD900AD9F7F /* Color.h in Headers */ = {isa = PBXBuildFile; fileRef = 7E7D877813F71AD900AD9F7F /* Color.h */; };
		7E7D879213F71AD900AD9F7F /* CubeMesh.h in Headers */ = {isa = PBXBuildFile; fileRef = 7E7D877913F71AD900AD9F7F /* CubeMesh.h */; };
		7E7D879313F71AD900AD9F7F /* FontDescriptor.h in Headers */ = {isa = PBXBuildFile; fileRef = 7E7D877A13F71AD900AD9F7F /* FontDescriptor.h */; };
		7E7D879413F71AD900AD9F7F /* GraphicDevice.h in Headers */ = {isa = PBXBuildFile; fileRef = 7E7D877B13F71AD900AD9F7F /* GraphicDevice.h */; };
		7E7D879513F71AD900AD9F7F /* InputManager.h in Headers */ = {isa = PBXBuildFile; fileRef = 7E7D877C13F71AD900AD9F7F /* InputManager.h */; };
		7E7D879613F71AD900AD9F7F /* Label.h in Headers */ = {isa = PBXBuildFile; fileRef = 7E7D877D13F71AD900AD9F7F /* Label.h */; };
		7E7D879713F71AD900AD9F7F /* Material.h in Headers */ = {isa = PBXBuildFile; fileRef = 7E7D877E13F71AD900AD9F7F /* Material.h */; };
		7E7D879813F71AD900AD9F7F /* MathDef.h in Headers */ = {isa = PBXBuildFile; fileRef = 7E7D877F13F71AD900AD9F7F /* MathDef.h */; };
		7E7D879913F71AD900AD9F7F /* Matrix4.h in Headers */ = {isa = PBXBuildFile; fileRef = 7E7D878013F71AD900AD9F7F /* Matrix4.h */; };
		7E7D879A13F71AD900AD9F7F /* Mesh.h in Headers */ = {isa = PBXBuildFile; fileRef = 7E7D878113F71AD900AD9F7F /* Mesh.h */; };
		7E7D879B13F71AD900AD9F7F /* Quaternion.h in Headers */ = {isa = PBXBuildFile; fileRef = 7E7D878213F71AD900AD9F7F /* Quaternion.h */; };
		7E7D879C13F71AD900AD9F7F /* ResourceManager.h in Headers */ = {isa = PBXBuildFile; fileRef = 7E7D878313F71AD900AD9F7F /* ResourceManager.h */; };
		7E7D879D13F71AD900AD9F7F /* SceneNode.h in Headers */ = {isa = PBXBuildFile; fileRef = 7E7D878413F71AD900AD9F7F /* SceneNode.h */; };
		7E7D879E13F71AD900AD9F7F /* Sprite.h in Headers */ = {isa = PBXBuildFile; fileRef = 7E7D878513F71AD900AD9F7F /* Sprite.h */; };
		7E7D879F13F71AD900AD9F7F /* Texture.h in Headers */ = {isa = PBXBuildFile; fileRef = 7E7D878613F71AD900AD9F7F /* Texture.h */; };
		7E7D87A013F71AD900AD9F7F /* Vector2.h in Headers */ = {isa = PBXBuildFile; fileRef = 7E7D878713F71AD900AD9F7F /* Vector2.h */; };
		7E7D87A113F71AD900AD9F7F /* Vector3.h in Headers */ = {isa = PBXBuildFile; fileRef = 7E7D878813F71AD900AD9F7F /* Vector3.h */; };
		7E7D87A213F71AD900AD9F7F /* VertexBuffer.h in Headers */ = {isa = PBXBuildFile; fileRef = 7E7D878913F71AD900AD9F7F /* VertexBuffer.h */; };
		7E7D87A313F71AD900AD9F7F /* Viewport.h in Headers */ = {isa = PBXBuildFile; fileRef = 7E7D878A13F71AD900AD9F7F /* Viewport.h */; };
		7E7D87A413F71AD900AD9F7F /* Widget.h in Headers */ = {isa = PBXBuildFile; fileRef = 7E7D878B13F71AD900AD9F7F /* Widget.h */; };
		7EC5E5DA13FE153C004B7994 /* EAGLView.mm in Sources */ = {isa = PBXBuildFile; fileRef = 7EC5E5D613FE153C004B7994 /* EAGLView.mm */; };
		7EC5E5DB13FE153C004B7994 /* IphoneAppDelegate.mm in Sources */ = {isa = PBXBuildFile; fileRef = 7EC5E5D713FE153C004B7994 /* IphoneAppDelegate.mm */; };
		7EC5E5DC13FE153C004B7994 /* IphoneGraphicDevice.cpp in Sources */ = {isa = PBXBuildFile; fileRef = 7EC5E5D813FE153C004B7994 /* IphoneGraphicDevice.cpp */; };
		7EC5E5DD13FE153C004B7994 /* IphoneViewController.mm in Sources */ = {isa = PBXBuildFile; fileRef = 7EC5E5D913FE153C004B7994 /* IphoneViewController.mm */; };
		7EC5E5E313FE1557004B7994 /* EAGLView.h in Headers */ = {isa = PBXBuildFile; fileRef = 7EC5E5DF13FE1557004B7994 /* EAGLView.h */; };
		7EC5E5E413FE1557004B7994 /* IphoneAppDelegate.h in Headers */ = {isa = PBXBuildFile; fileRef = 7EC5E5E013FE1557004B7994 /* IphoneAppDelegate.h */; };
		7EC5E5E513FE1557004B7994 /* IphoneGraphicDevice.h in Headers */ = {isa = PBXBuildFile; fileRef = 7EC5E5E113FE1557004B7994 /* IphoneGraphicDevice.h */; };
		7EC5E5E613FE1557004B7994 /* IphoneViewController.h in Headers */ = {isa = PBXBuildFile; fileRef = 7EC5E5E213FE1557004B7994 /* IphoneViewController.h */; };
		7EFCCE7914BEB1D400FFB812 /* Package.cpp in Sources */ = {isa = PBXBuildFile; fileRef = 7EFCCE7814BEB1D400FFB812 /* Package.cpp */; };
		7EFCCE7C14BEB1EC00FFB812 /* Package.h in Headers */ = {isa = PBXBuildFile; fileRef = 7EFCCE7B14BEB1EC00FFB812 /* Package.h */; };
/* End PBXBuildFile section */

/* Begin PBXFileReference section */
		70104E3A167404EF00807647 /* IphoneAudioClip.cpp */ = {isa = PBXFileReference; fileEncoding = 4; lastKnownFileType = sourcecode.cpp.cpp; name = IphoneAudioClip.cpp; path = ../../src/iphone/IphoneAudioClip.cpp; sourceTree = "<group>"; };
		70104E3B167404EF00807647 /* IphoneAudioManager.cpp */ = {isa = PBXFileReference; fileEncoding = 4; lastKnownFileType = sourcecode.cpp.cpp; name = IphoneAudioManager.cpp; path = ../../src/iphone/IphoneAudioManager.cpp; sourceTree = "<group>"; };
		70104E3C167404EF00807647 /* IphoneResourceManager.cpp */ = {isa = PBXFileReference; fileEncoding = 4; lastKnownFileType = sourcecode.cpp.cpp; name = IphoneResourceManager.cpp; path = ../../src/iphone/IphoneResourceManager.cpp; sourceTree = "<group>"; };
		70104E3D167404EF00807647 /* IphoneTexture.cpp */ = {isa = PBXFileReference; fileEncoding = 4; lastKnownFileType = sourcecode.cpp.cpp; name = IphoneTexture.cpp; path = ../../src/iphone/IphoneTexture.cpp; sourceTree = "<group>"; };
		70104E421674051300807647 /* IphoneAudioClip.h */ = {isa = PBXFileReference; fileEncoding = 4; lastKnownFileType = sourcecode.c.h; name = IphoneAudioClip.h; path = ../../include/athena/iphone/IphoneAudioClip.h; sourceTree = "<group>"; };
		70104E431674051300807647 /* IphoneAudioManager.h */ = {isa = PBXFileReference; fileEncoding = 4; lastKnownFileType = sourcecode.c.h; name = IphoneAudioManager.h; path = ../../include/athena/iphone/IphoneAudioManager.h; sourceTree = "<group>"; };
		70104E5C167409EB00807647 /* AudioClip.cpp */ = {isa = PBXFileReference; fileEncoding = 4; lastKnownFileType = sourcecode.cpp.cpp; name = AudioClip.cpp; path = ../../src/AudioClip.cpp; sourceTree = "<group>"; };
		70104E5D167409EB00807647 /* AudioManager.cpp */ = {isa = PBXFileReference; fileEncoding = 4; lastKnownFileType = sourcecode.cpp.cpp; name = AudioManager.cpp; path = ../../src/AudioManager.cpp; sourceTree = "<group>"; };
		70104E60167409F500807647 /* AudioClip.h */ = {isa = PBXFileReference; fileEncoding = 4; lastKnownFileType = sourcecode.c.h; name = AudioClip.h; path = ../../include/athena/AudioClip.h; sourceTree = "<group>"; };
		70104E61167409F500807647 /* AudioManager.h */ = {isa = PBXFileReference; fileEncoding = 4; lastKnownFileType = sourcecode.c.h; name = AudioManager.h; path = ../../include/athena/AudioManager.h; sourceTree = "<group>"; };
		70B582491635215200C40F25 /* AnimationController.cpp */ = {isa = PBXFileReference; fileEncoding = 4; lastKnownFileType = sourcecode.cpp.cpp; name = AnimationController.cpp; path = ../../src/AnimationController.cpp; sourceTree = "<group>"; };
		70B5824A1635215200C40F25 /* RumbleAnimation.cpp */ = {isa = PBXFileReference; fileEncoding = 4; lastKnownFileType = sourcecode.cpp.cpp; name = RumbleAnimation.cpp; path = ../../src/RumbleAnimation.cpp; sourceTree = "<group>"; };
		70B5824B1635215200C40F25 /* TextureAnimation.cpp */ = {isa = PBXFileReference; fileEncoding = 4; lastKnownFileType = sourcecode.cpp.cpp; name = TextureAnimation.cpp; path = ../../src/TextureAnimation.cpp; sourceTree = "<group>"; };
		70B5824F1635216800C40F25 /* AnimationController.h */ = {isa = PBXFileReference; fileEncoding = 4; lastKnownFileType = sourcecode.c.h; name = AnimationController.h; path = ../../include/athena/AnimationController.h; sourceTree = "<group>"; };
		70B582501635216800C40F25 /* AnimationCurve.h */ = {isa = PBXFileReference; fileEncoding = 4; lastKnownFileType = sourcecode.c.h; name = AnimationCurve.h; path = ../../include/athena/AnimationCurve.h; sourceTree = "<group>"; };
		70B582511635216800C40F25 /* RumbleAnimation.h */ = {isa = PBXFileReference; fileEncoding = 4; lastKnownFileType = sourcecode.c.h; name = RumbleAnimation.h; path = ../../include/athena/RumbleAnimation.h; sourceTree = "<group>"; };
		70B582521635216800C40F25 /* TextureAnimation.h */ = {isa = PBXFileReference; fileEncoding = 4; lastKnownFileType = sourcecode.c.h; name = TextureAnimation.h; path = ../../include/athena/TextureAnimation.h; sourceTree = "<group>"; };
		70C6E54C1685709E001544EB /* Emitter.cpp */ = {isa = PBXFileReference; fileEncoding = 4; lastKnownFileType = sourcecode.cpp.cpp; name = Emitter.cpp; path = ../../src/Emitter.cpp; sourceTree = "<group>"; };
		70C6E54F168570A8001544EB /* Emitter.h */ = {isa = PBXFileReference; fileEncoding = 4; lastKnownFileType = sourcecode.c.h; name = Emitter.h; path = ../../include/athena/Emitter.h; sourceTree = "<group>"; };
		7E1923B8150C0404003BB65B /* PvrImage.h */ = {isa = PBXFileReference; fileEncoding = 4; lastKnownFileType = sourcecode.c.h; name = PvrImage.h; path = ../../include/athena/PvrImage.h; sourceTree = "<group>"; };
		7E1923B9150C0404003BB65B /* TgaImage.h */ = {isa = PBXFileReference; fileEncoding = 4; lastKnownFileType = sourcecode.c.h; name = TgaImage.h; path = ../../include/athena/TgaImage.h; sourceTree = "<group>"; };
		7E2885BC13F8634500F606EB /* IphoneResourceManager.h */ = {isa = PBXFileReference; fileEncoding = 4; lastKnownFileType = sourcecode.c.h; name = IphoneResourceManager.h; path = ../../include/athena/iphone/IphoneResourceManager.h; sourceTree = "<group>"; };
		7E2885CD13F8AB3300F606EB /* IphoneVertexBuffer.h */ = {isa = PBXFileReference; fileEncoding = 4; lastKnownFileType = sourcecode.c.h; name = IphoneVertexBuffer.h; path = ../../include/athena/iphone/IphoneVertexBuffer.h; sourceTree = "<group>"; };
		7E2885CF13F8AB4100F606EB /* IphoneVertexBuffer.cpp */ = {isa = PBXFileReference; fileEncoding = 4; lastKnownFileType = sourcecode.cpp.cpp; name = IphoneVertexBuffer.cpp; path = ../../src/iphone/IphoneVertexBuffer.cpp; sourceTree = "<group>"; };
		7E2885D313FA157500F606EB /* IphoneTexture.h */ = {isa = PBXFileReference; fileEncoding = 4; lastKnownFileType = sourcecode.c.h; name = IphoneTexture.h; path = ../../include/athena/iphone/IphoneTexture.h; sourceTree = "<group>"; };
		7E407F831401F8AD00431963 /* Frustum.h */ = {isa = PBXFileReference; fileEncoding = 4; lastKnownFileType = sourcecode.c.h; name = Frustum.h; path = ../../include/athena/Frustum.h; sourceTree = "<group>"; };
		7E407F841401F8AD00431963 /* Plane.h */ = {isa = PBXFileReference; fileEncoding = 4; lastKnownFileType = sourcecode.c.h; name = Plane.h; path = ../../include/athena/Plane.h; sourceTree = "<group>"; };
		7E407F871401F8C000431963 /* Frustum.cpp */ = {isa = PBXFileReference; fileEncoding = 4; lastKnownFileType = sourcecode.cpp.cpp; name = Frustum.cpp; path = ../../src/Frustum.cpp; sourceTree = "<group>"; };
		7E407F891401F8F300431963 /* MeshProvider.h */ = {isa = PBXFileReference; fileEncoding = 4; lastKnownFileType = sourcecode.c.h; name = MeshProvider.h; path = ../../include/athena/MeshProvider.h; sourceTree = "<group>"; };
		7E407F8B1401F90500431963 /* AthenaEngine.h */ = {isa = PBXFileReference; fileEncoding = 4; lastKnownFileType = sourcecode.c.h; name = AthenaEngine.h; path = ../../include/AthenaEngine.h; sourceTree = "<group>"; };
		7E5C121C14F19EF700292DD3 /* ButtonBase.cpp */ = {isa = PBXFileReference; fileEncoding = 4; lastKnownFileType = sourcecode.cpp.cpp; name = ButtonBase.cpp; path = ../../src/ButtonBase.cpp; sourceTree = "<group>"; };
		7E5C121D14F19EF700292DD3 /* ConfigManager.cpp */ = {isa = PBXFileReference; fileEncoding = 4; lastKnownFileType = sourcecode.cpp.cpp; name = ConfigManager.cpp; path = ../../src/ConfigManager.cpp; sourceTree = "<group>"; };
		7E5C121E14F19EF700292DD3 /* NinePatch.cpp */ = {isa = PBXFileReference; fileEncoding = 4; lastKnownFileType = sourcecode.cpp.cpp; name = NinePatch.cpp; path = ../../src/NinePatch.cpp; sourceTree = "<group>"; };
		7E5C121F14F19EF700292DD3 /* NinePatchButton.cpp */ = {isa = PBXFileReference; fileEncoding = 4; lastKnownFileType = sourcecode.cpp.cpp; name = NinePatchButton.cpp; path = ../../src/NinePatchButton.cpp; sourceTree = "<group>"; };
		7E5C122014F19EF700292DD3 /* NinePatchDescriptor.cpp */ = {isa = PBXFileReference; fileEncoding = 4; lastKnownFileType = sourcecode.cpp.cpp; name = NinePatchDescriptor.cpp; path = ../../src/NinePatchDescriptor.cpp; sourceTree = "<group>"; };
		7E5C122114F19EF700292DD3 /* SphereMesh.cpp */ = {isa = PBXFileReference; fileEncoding = 4; lastKnownFileType = sourcecode.cpp.cpp; name = SphereMesh.cpp; path = ../../src/SphereMesh.cpp; sourceTree = "<group>"; };
		7E5C122214F19EF700292DD3 /* SpriteButton.cpp */ = {isa = PBXFileReference; fileEncoding = 4; lastKnownFileType = sourcecode.cpp.cpp; name = SpriteButton.cpp; path = ../../src/SpriteButton.cpp; sourceTree = "<group>"; };
		7E5C122B14F19F0800292DD3 /* ButtonBase.h */ = {isa = PBXFileReference; fileEncoding = 4; lastKnownFileType = sourcecode.c.h; name = ButtonBase.h; path = ../../include/athena/ButtonBase.h; sourceTree = "<group>"; };
		7E5C122C14F19F0800292DD3 /* ConfigManager.h */ = {isa = PBXFileReference; fileEncoding = 4; lastKnownFileType = sourcecode.c.h; name = ConfigManager.h; path = ../../include/athena/ConfigManager.h; sourceTree = "<group>"; };
		7E5C122D14F19F0800292DD3 /* ILayoutable.h */ = {isa = PBXFileReference; fileEncoding = 4; lastKnownFileType = sourcecode.c.h; name = ILayoutable.h; path = ../../include/athena/ILayoutable.h; sourceTree = "<group>"; };
		7E5C122E14F19F0800292DD3 /* NinePatch.h */ = {isa = PBXFileReference; fileEncoding = 4; lastKnownFileType = sourcecode.c.h; name = NinePatch.h; path = ../../include/athena/NinePatch.h; sourceTree = "<group>"; };
		7E5C122F14F19F0800292DD3 /* NinePatchButton.h */ = {isa = PBXFileReference; fileEncoding = 4; lastKnownFileType = sourcecode.c.h; name = NinePatchButton.h; path = ../../include/athena/NinePatchButton.h; sourceTree = "<group>"; };
		7E5C123014F19F0800292DD3 /* NinePatchDescriptor.h */ = {isa = PBXFileReference; fileEncoding = 4; lastKnownFileType = sourcecode.c.h; name = NinePatchDescriptor.h; path = ../../include/athena/NinePatchDescriptor.h; sourceTree = "<group>"; };
		7E5C123114F19F0800292DD3 /* SphereMesh.h */ = {isa = PBXFileReference; fileEncoding = 4; lastKnownFileType = sourcecode.c.h; name = SphereMesh.h; path = ../../include/athena/SphereMesh.h; sourceTree = "<group>"; };
		7E5C123214F19F0800292DD3 /* SpriteButton.h */ = {isa = PBXFileReference; fileEncoding = 4; lastKnownFileType = sourcecode.c.h; name = SpriteButton.h; path = ../../include/athena/SpriteButton.h; sourceTree = "<group>"; };
		7E5C123314F19F0800292DD3 /* Tween.h */ = {isa = PBXFileReference; fileEncoding = 4; lastKnownFileType = sourcecode.c.h; name = Tween.h; path = ../../include/athena/Tween.h; sourceTree = "<group>"; };
		7E5C124014F1AE4C00292DD3 /* IphoneEffectGenerator.h */ = {isa = PBXFileReference; fileEncoding = 4; lastKnownFileType = sourcecode.c.h; name = IphoneEffectGenerator.h; path = ../../include/athena/iphone/IphoneEffectGenerator.h; sourceTree = "<group>"; };
		7E5C124214F1AE5800292DD3 /* IphoneEffectGenerator.cpp */ = {isa = PBXFileReference; fileEncoding = 4; lastKnownFileType = sourcecode.cpp.cpp; name = IphoneEffectGenerator.cpp; path = ../../src/iphone/IphoneEffectGenerator.cpp; sourceTree = "<group>"; };
		7E5C124714FAAB7F00292DD3 /* OpenGlEsDefs.h */ = {isa = PBXFileReference; fileEncoding = 4; lastKnownFileType = sourcecode.c.h; name = OpenGlEsDefs.h; path = ../../include/athena/iphone/OpenGlEsDefs.h; sourceTree = "<group>"; };
		7E7D873B13F719E500AD9F7F /* libAthena.a */ = {isa = PBXFileReference; explicitFileType = archive.ar; includeInIndex = 0; path = libAthena.a; sourceTree = BUILT_PRODUCTS_DIR; };
		7E7D873E13F719E500AD9F7F /* Foundation.framework */ = {isa = PBXFileReference; lastKnownFileType = wrapper.framework; name = Foundation.framework; path = System/Library/Frameworks/Foundation.framework; sourceTree = SDKROOT; };
		7E7D874213F719E600AD9F7F /* Athena-Prefix.pch */ = {isa = PBXFileReference; lastKnownFileType = sourcecode.c.h; path = "Athena-Prefix.pch"; sourceTree = "<group>"; };
		7E7D874E13F71AC300AD9F7F /* Box2.cpp */ = {isa = PBXFileReference; fileEncoding = 4; lastKnownFileType = sourcecode.cpp.cpp; name = Box2.cpp; path = ../../src/Box2.cpp; sourceTree = "<group>"; };
		7E7D875013F71AC300AD9F7F /* Camera.cpp */ = {isa = PBXFileReference; fileEncoding = 4; lastKnownFileType = sourcecode.cpp.cpp; name = Camera.cpp; path = ../../src/Camera.cpp; sourceTree = "<group>"; };
		7E7D875113F71AC300AD9F7F /* CatmullRom.cpp */ = {isa = PBXFileReference; fileEncoding = 4; lastKnownFileType = sourcecode.cpp.cpp; name = CatmullRom.cpp; path = ../../src/CatmullRom.cpp; sourceTree = "<group>"; };
		7E7D875213F71AC300AD9F7F /* CubeMesh.cpp */ = {isa = PBXFileReference; fileEncoding = 4; lastKnownFileType = sourcecode.cpp.cpp; name = CubeMesh.cpp; path = ../../src/CubeMesh.cpp; sourceTree = "<group>"; };
		7E7D875313F71AC300AD9F7F /* FontDescriptor.cpp */ = {isa = PBXFileReference; fileEncoding = 4; lastKnownFileType = sourcecode.cpp.cpp; name = FontDescriptor.cpp; path = ../../src/FontDescriptor.cpp; sourceTree = "<group>"; };
		7E7D875413F71AC300AD9F7F /* GraphicDevice.cpp */ = {isa = PBXFileReference; fileEncoding = 4; lastKnownFileType = sourcecode.cpp.cpp; name = GraphicDevice.cpp; path = ../../src/GraphicDevice.cpp; sourceTree = "<group>"; };
		7E7D875513F71AC300AD9F7F /* InputManager.cpp */ = {isa = PBXFileReference; fileEncoding = 4; lastKnownFileType = sourcecode.cpp.cpp; name = InputManager.cpp; path = ../../src/InputManager.cpp; sourceTree = "<group>"; };
		7E7D875613F71AC300AD9F7F /* Label.cpp */ = {isa = PBXFileReference; fileEncoding = 4; lastKnownFileType = sourcecode.cpp.cpp; name = Label.cpp; path = ../../src/Label.cpp; sourceTree = "<group>"; };
		7E7D875713F71AC300AD9F7F /* Material.cpp */ = {isa = PBXFileReference; fileEncoding = 4; lastKnownFileType = sourcecode.cpp.cpp; name = Material.cpp; path = ../../src/Material.cpp; sourceTree = "<group>"; };
		7E7D875813F71AC300AD9F7F /* Mesh.cpp */ = {isa = PBXFileReference; fileEncoding = 4; lastKnownFileType = sourcecode.cpp.cpp; name = Mesh.cpp; path = ../../src/Mesh.cpp; sourceTree = "<group>"; };
		7E7D875913F71AC300AD9F7F /* ResourceManager.cpp */ = {isa = PBXFileReference; fileEncoding = 4; lastKnownFileType = sourcecode.cpp.cpp; name = ResourceManager.cpp; path = ../../src/ResourceManager.cpp; sourceTree = "<group>"; };
		7E7D875A13F71AC300AD9F7F /* SceneNode.cpp */ = {isa = PBXFileReference; fileEncoding = 4; lastKnownFileType = sourcecode.cpp.cpp; name = SceneNode.cpp; path = ../../src/SceneNode.cpp; sourceTree = "<group>"; };
		7E7D875B13F71AC300AD9F7F /* Sprite.cpp */ = {isa = PBXFileReference; fileEncoding = 4; lastKnownFileType = sourcecode.cpp.cpp; name = Sprite.cpp; path = ../../src/Sprite.cpp; sourceTree = "<group>"; };
		7E7D875C13F71AC300AD9F7F /* Texture.cpp */ = {isa = PBXFileReference; fileEncoding = 4; lastKnownFileType = sourcecode.cpp.cpp; name = Texture.cpp; path = ../../src/Texture.cpp; sourceTree = "<group>"; };
		7E7D875D13F71AC300AD9F7F /* VertexBuffer.cpp */ = {isa = PBXFileReference; fileEncoding = 4; lastKnownFileType = sourcecode.cpp.cpp; name = VertexBuffer.cpp; path = ../../src/VertexBuffer.cpp; sourceTree = "<group>"; };
		7E7D875E13F71AC300AD9F7F /* Viewport.cpp */ = {isa = PBXFileReference; fileEncoding = 4; lastKnownFileType = sourcecode.cpp.cpp; name = Viewport.cpp; path = ../../src/Viewport.cpp; sourceTree = "<group>"; };
		7E7D875F13F71AC300AD9F7F /* Widget.cpp */ = {isa = PBXFileReference; fileEncoding = 4; lastKnownFileType = sourcecode.cpp.cpp; name = Widget.cpp; path = ../../src/Widget.cpp; sourceTree = "<group>"; };
		7E7D877313F71AD900AD9F7F /* Application.h */ = {isa = PBXFileReference; fileEncoding = 4; lastKnownFileType = sourcecode.c.h; name = Application.h; path = ../../include/athena/Application.h; sourceTree = "<group>"; };
		7E7D877413F71AD900AD9F7F /* Box2.h */ = {isa = PBXFileReference; fileEncoding = 4; lastKnownFileType = sourcecode.c.h; name = Box2.h; path = ../../include/athena/Box2.h; sourceTree = "<group>"; };
		7E7D877613F71AD900AD9F7F /* Camera.h */ = {isa = PBXFileReference; fileEncoding = 4; lastKnownFileType = sourcecode.c.h; name = Camera.h; path = ../../include/athena/Camera.h; sourceTree = "<group>"; };
		7E7D877713F71AD900AD9F7F /* CatmullRom.h */ = {isa = PBXFileReference; fileEncoding = 4; lastKnownFileType = sourcecode.c.h; name = CatmullRom.h; path = ../../include/athena/CatmullRom.h; sourceTree = "<group>"; };
		7E7D877813F71AD900AD9F7F /* Color.h */ = {isa = PBXFileReference; fileEncoding = 4; lastKnownFileType = sourcecode.c.h; name = Color.h; path = ../../include/athena/Color.h; sourceTree = "<group>"; };
		7E7D877913F71AD900AD9F7F /* CubeMesh.h */ = {isa = PBXFileReference; fileEncoding = 4; lastKnownFileType = sourcecode.c.h; name = CubeMesh.h; path = ../../include/athena/CubeMesh.h; sourceTree = "<group>"; };
		7E7D877A13F71AD900AD9F7F /* FontDescriptor.h */ = {isa = PBXFileReference; fileEncoding = 4; lastKnownFileType = sourcecode.c.h; name = FontDescriptor.h; path = ../../include/athena/FontDescriptor.h; sourceTree = "<group>"; };
		7E7D877B13F71AD900AD9F7F /* GraphicDevice.h */ = {isa = PBXFileReference; fileEncoding = 4; lastKnownFileType = sourcecode.c.h; name = GraphicDevice.h; path = ../../include/athena/GraphicDevice.h; sourceTree = "<group>"; };
		7E7D877C13F71AD900AD9F7F /* InputManager.h */ = {isa = PBXFileReference; fileEncoding = 4; lastKnownFileType = sourcecode.c.h; name = InputManager.h; path = ../../include/athena/InputManager.h; sourceTree = "<group>"; };
		7E7D877D13F71AD900AD9F7F /* Label.h */ = {isa = PBXFileReference; fileEncoding = 4; lastKnownFileType = sourcecode.c.h; name = Label.h; path = ../../include/athena/Label.h; sourceTree = "<group>"; };
		7E7D877E13F71AD900AD9F7F /* Material.h */ = {isa = PBXFileReference; fileEncoding = 4; lastKnownFileType = sourcecode.c.h; name = Material.h; path = ../../include/athena/Material.h; sourceTree = "<group>"; };
		7E7D877F13F71AD900AD9F7F /* MathDef.h */ = {isa = PBXFileReference; fileEncoding = 4; lastKnownFileType = sourcecode.c.h; name = MathDef.h; path = ../../include/athena/MathDef.h; sourceTree = "<group>"; };
		7E7D878013F71AD900AD9F7F /* Matrix4.h */ = {isa = PBXFileReference; fileEncoding = 4; lastKnownFileType = sourcecode.c.h; name = Matrix4.h; path = ../../include/athena/Matrix4.h; sourceTree = "<group>"; };
		7E7D878113F71AD900AD9F7F /* Mesh.h */ = {isa = PBXFileReference; fileEncoding = 4; lastKnownFileType = sourcecode.c.h; name = Mesh.h; path = ../../include/athena/Mesh.h; sourceTree = "<group>"; };
		7E7D878213F71AD900AD9F7F /* Quaternion.h */ = {isa = PBXFileReference; fileEncoding = 4; lastKnownFileType = sourcecode.c.h; name = Quaternion.h; path = ../../include/athena/Quaternion.h; sourceTree = "<group>"; };
		7E7D878313F71AD900AD9F7F /* ResourceManager.h */ = {isa = PBXFileReference; fileEncoding = 4; lastKnownFileType = sourcecode.c.h; name = ResourceManager.h; path = ../../include/athena/ResourceManager.h; sourceTree = "<group>"; };
		7E7D878413F71AD900AD9F7F /* SceneNode.h */ = {isa = PBXFileReference; fileEncoding = 4; lastKnownFileType = sourcecode.c.h; name = SceneNode.h; path = ../../include/athena/SceneNode.h; sourceTree = "<group>"; };
		7E7D878513F71AD900AD9F7F /* Sprite.h */ = {isa = PBXFileReference; fileEncoding = 4; lastKnownFileType = sourcecode.c.h; name = Sprite.h; path = ../../include/athena/Sprite.h; sourceTree = "<group>"; };
		7E7D878613F71AD900AD9F7F /* Texture.h */ = {isa = PBXFileReference; fileEncoding = 4; lastKnownFileType = sourcecode.c.h; name = Texture.h; path = ../../include/athena/Texture.h; sourceTree = "<group>"; };
		7E7D878713F71AD900AD9F7F /* Vector2.h */ = {isa = PBXFileReference; fileEncoding = 4; lastKnownFileType = sourcecode.c.h; name = Vector2.h; path = ../../include/athena/Vector2.h; sourceTree = "<group>"; };
		7E7D878813F71AD900AD9F7F /* Vector3.h */ = {isa = PBXFileReference; fileEncoding = 4; lastKnownFileType = sourcecode.c.h; name = Vector3.h; path = ../../include/athena/Vector3.h; sourceTree = "<group>"; };
		7E7D878913F71AD900AD9F7F /* VertexBuffer.h */ = {isa = PBXFileReference; fileEncoding = 4; lastKnownFileType = sourcecode.c.h; name = VertexBuffer.h; path = ../../include/athena/VertexBuffer.h; sourceTree = "<group>"; };
		7E7D878A13F71AD900AD9F7F /* Viewport.h */ = {isa = PBXFileReference; fileEncoding = 4; lastKnownFileType = sourcecode.c.h; name = Viewport.h; path = ../../include/athena/Viewport.h; sourceTree = "<group>"; };
		7E7D878B13F71AD900AD9F7F /* Widget.h */ = {isa = PBXFileReference; fileEncoding = 4; lastKnownFileType = sourcecode.c.h; name = Widget.h; path = ../../include/athena/Widget.h; sourceTree = "<group>"; };
		7EC5E5D613FE153C004B7994 /* EAGLView.mm */ = {isa = PBXFileReference; fileEncoding = 4; lastKnownFileType = sourcecode.cpp.objcpp; name = EAGLView.mm; path = ../../src/iphone/EAGLView.mm; sourceTree = "<group>"; };
		7EC5E5D713FE153C004B7994 /* IphoneAppDelegate.mm */ = {isa = PBXFileReference; fileEncoding = 4; lastKnownFileType = sourcecode.cpp.objcpp; name = IphoneAppDelegate.mm; path = ../../src/iphone/IphoneAppDelegate.mm; sourceTree = "<group>"; };
		7EC5E5D813FE153C004B7994 /* IphoneGraphicDevice.cpp */ = {isa = PBXFileReference; fileEncoding = 4; lastKnownFileType = sourcecode.cpp.cpp; name = IphoneGraphicDevice.cpp; path = ../../src/iphone/IphoneGraphicDevice.cpp; sourceTree = "<group>"; };
		7EC5E5D913FE153C004B7994 /* IphoneViewController.mm */ = {isa = PBXFileReference; fileEncoding = 4; lastKnownFileType = sourcecode.cpp.objcpp; name = IphoneViewController.mm; path = ../../src/iphone/IphoneViewController.mm; sourceTree = "<group>"; };
		7EC5E5DF13FE1557004B7994 /* EAGLView.h */ = {isa = PBXFileReference; fileEncoding = 4; lastKnownFileType = sourcecode.c.h; name = EAGLView.h; path = ../../include/athena/iphone/EAGLView.h; sourceTree = "<group>"; };
		7EC5E5E013FE1557004B7994 /* IphoneAppDelegate.h */ = {isa = PBXFileReference; fileEncoding = 4; lastKnownFileType = sourcecode.c.h; name = IphoneAppDelegate.h; path = ../../include/athena/iphone/IphoneAppDelegate.h; sourceTree = "<group>"; };
		7EC5E5E113FE1557004B7994 /* IphoneGraphicDevice.h */ = {isa = PBXFileReference; fileEncoding = 4; lastKnownFileType = sourcecode.c.h; name = IphoneGraphicDevice.h; path = ../../include/athena/iphone/IphoneGraphicDevice.h; sourceTree = "<group>"; };
		7EC5E5E213FE1557004B7994 /* IphoneViewController.h */ = {isa = PBXFileReference; fileEncoding = 4; lastKnownFileType = sourcecode.c.h; name = IphoneViewController.h; path = ../../include/athena/iphone/IphoneViewController.h; sourceTree = "<group>"; };
		7EFCCE7814BEB1D400FFB812 /* Package.cpp */ = {isa = PBXFileReference; fileEncoding = 4; lastKnownFileType = sourcecode.cpp.cpp; name = Package.cpp; path = ../../src/Package.cpp; sourceTree = "<group>"; };
		7EFCCE7B14BEB1EC00FFB812 /* Package.h */ = {isa = PBXFileReference; fileEncoding = 4; lastKnownFileType = sourcecode.c.h; name = Package.h; path = ../../include/athena/Package.h; sourceTree = "<group>"; };
/* End PBXFileReference section */

/* Begin PBXFrameworksBuildPhase section */
		7E7D873813F719E500AD9F7F /* Frameworks */ = {
			isa = PBXFrameworksBuildPhase;
			buildActionMask = 2147483647;
			files = (
				7E7D873F13F719E500AD9F7F /* Foundation.framework in Frameworks */,
			);
			runOnlyForDeploymentPostprocessing = 0;
		};
/* End PBXFrameworksBuildPhase section */

/* Begin PBXGroup section */
		70104E5A167409D300807647 /* audio */ = {
			isa = PBXGroup;
			children = (
				70104E5C167409EB00807647 /* AudioClip.cpp */,
				70104E60167409F500807647 /* AudioClip.h */,
				70104E5D167409EB00807647 /* AudioManager.cpp */,
				70104E61167409F500807647 /* AudioManager.h */,
			);
			name = audio;
			sourceTree = "<group>";
		};
		70B582481635214200C40F25 /* animation */ = {
			isa = PBXGroup;
			children = (
				70B582491635215200C40F25 /* AnimationController.cpp */,
				70B5824F1635216800C40F25 /* AnimationController.h */,
				70B582501635216800C40F25 /* AnimationCurve.h */,
				70B5824A1635215200C40F25 /* RumbleAnimation.cpp */,
				70B582511635216800C40F25 /* RumbleAnimation.h */,
				70B5824B1635215200C40F25 /* TextureAnimation.cpp */,
				70B582521635216800C40F25 /* TextureAnimation.h */,
			);
			name = animation;
			sourceTree = "<group>";
		};
		7E2885B813F862F800F606EB /* iphone */ = {
			isa = PBXGroup;
			children = (
				7EC5E5D613FE153C004B7994 /* EAGLView.mm */,
				7EC5E5DF13FE1557004B7994 /* EAGLView.h */,
				7E5C124714FAAB7F00292DD3 /* OpenGlEsDefs.h */,
				7EC5E5D713FE153C004B7994 /* IphoneAppDelegate.mm */,
				7EC5E5E013FE1557004B7994 /* IphoneAppDelegate.h */,
				70104E3A167404EF00807647 /* IphoneAudioClip.cpp */,
				70104E421674051300807647 /* IphoneAudioClip.h */,
				70104E3B167404EF00807647 /* IphoneAudioManager.cpp */,
				70104E431674051300807647 /* IphoneAudioManager.h */,
				7E5C124214F1AE5800292DD3 /* IphoneEffectGenerator.cpp */,
				7E5C124014F1AE4C00292DD3 /* IphoneEffectGenerator.h */,
				7EC5E5D813FE153C004B7994 /* IphoneGraphicDevice.cpp */,
				7EC5E5E113FE1557004B7994 /* IphoneGraphicDevice.h */,
				7EC5E5D913FE153C004B7994 /* IphoneViewController.mm */,
				7EC5E5E213FE1557004B7994 /* IphoneViewController.h */,
				70104E3D167404EF00807647 /* IphoneTexture.cpp */,
				7E2885D313FA157500F606EB /* IphoneTexture.h */,
				70104E3C167404EF00807647 /* IphoneResourceManager.cpp */,
				7E2885BC13F8634500F606EB /* IphoneResourceManager.h */,
				7E2885CF13F8AB4100F606EB /* IphoneVertexBuffer.cpp */,
				7E2885CD13F8AB3300F606EB /* IphoneVertexBuffer.h */,
			);
			name = iphone;
			sourceTree = "<group>";
		};
		7E407F811401F88700431963 /* math */ = {
			isa = PBXGroup;
			children = (
				7E7D874E13F71AC300AD9F7F /* Box2.cpp */,
				7E7D877413F71AD900AD9F7F /* Box2.h */,
				7E7D875113F71AC300AD9F7F /* CatmullRom.cpp */,
				7E7D877713F71AD900AD9F7F /* CatmullRom.h */,
				7E407F871401F8C000431963 /* Frustum.cpp */,
				7E407F831401F8AD00431963 /* Frustum.h */,
				7E7D878013F71AD900AD9F7F /* Matrix4.h */,
				7E7D877F13F71AD900AD9F7F /* MathDef.h */,
				7E407F841401F8AD00431963 /* Plane.h */,
				7E7D878213F71AD900AD9F7F /* Quaternion.h */,
				7E5C123314F19F0800292DD3 /* Tween.h */,
				7E7D878713F71AD900AD9F7F /* Vector2.h */,
				7E7D878813F71AD900AD9F7F /* Vector3.h */,
			);
			name = math;
			sourceTree = "<group>";
		};
		7E5C123D14F19F1200292DD3 /* graphics */ = {
			isa = PBXGroup;
			children = (
				7E7D875013F71AC300AD9F7F /* Camera.cpp */,
				7E7D877613F71AD900AD9F7F /* Camera.h */,
				7E7D877813F71AD900AD9F7F /* Color.h */,
				7E7D875213F71AC300AD9F7F /* CubeMesh.cpp */,
				7E7D877913F71AD900AD9F7F /* CubeMesh.h */,
				7E7D875413F71AC300AD9F7F /* GraphicDevice.cpp */,
				7E7D877B13F71AD900AD9F7F /* GraphicDevice.h */,
				70C6E54C1685709E001544EB /* Emitter.cpp */,
				70C6E54F168570A8001544EB /* Emitter.h */,
				7E7D875613F71AC300AD9F7F /* Label.cpp */,
				7E7D877D13F71AD900AD9F7F /* Label.h */,
				7E7D875713F71AC300AD9F7F /* Material.cpp */,
				7E7D877E13F71AD900AD9F7F /* Material.h */,
				7E7D875813F71AC300AD9F7F /* Mesh.cpp */,
				7E7D878113F71AD900AD9F7F /* Mesh.h */,
				7E407F891401F8F300431963 /* MeshProvider.h */,
				7E5C121E14F19EF700292DD3 /* NinePatch.cpp */,
				7E5C122E14F19F0800292DD3 /* NinePatch.h */,
				7E7D875A13F71AC300AD9F7F /* SceneNode.cpp */,
				7E7D878413F71AD900AD9F7F /* SceneNode.h */,
				7E5C122114F19EF700292DD3 /* SphereMesh.cpp */,
				7E5C123114F19F0800292DD3 /* SphereMesh.h */,
				7E7D875B13F71AC300AD9F7F /* Sprite.cpp */,
				7E7D878513F71AD900AD9F7F /* Sprite.h */,
				7E7D875C13F71AC300AD9F7F /* Texture.cpp */,
				7E7D878613F71AD900AD9F7F /* Texture.h */,
				7E7D875D13F71AC300AD9F7F /* VertexBuffer.cpp */,
				7E7D878913F71AD900AD9F7F /* VertexBuffer.h */,
				7E7D875E13F71AC300AD9F7F /* Viewport.cpp */,
				7E7D878A13F71AD900AD9F7F /* Viewport.h */,
			);
			name = graphics;
			sourceTree = "<group>";
		};
		7E5C123E14F19FB600292DD3 /* widgets */ = {
			isa = PBXGroup;
			children = (
				7E5C121C14F19EF700292DD3 /* ButtonBase.cpp */,
				7E5C122B14F19F0800292DD3 /* ButtonBase.h */,
				7E5C122D14F19F0800292DD3 /* ILayoutable.h */,
				7E5C121F14F19EF700292DD3 /* NinePatchButton.cpp */,
				7E5C122F14F19F0800292DD3 /* NinePatchButton.h */,
				7E5C122214F19EF700292DD3 /* SpriteButton.cpp */,
				7E5C123214F19F0800292DD3 /* SpriteButton.h */,
				7E7D875513F71AC300AD9F7F /* InputManager.cpp */,
				7E7D877C13F71AD900AD9F7F /* InputManager.h */,
				7E7D875F13F71AC300AD9F7F /* Widget.cpp */,
				7E7D878B13F71AD900AD9F7F /* Widget.h */,
			);
			name = widgets;
			sourceTree = "<group>";
		};
		7E5C123F14F1A01000292DD3 /* resources */ = {
			isa = PBXGroup;
			children = (
				7E7D875313F71AC300AD9F7F /* FontDescriptor.cpp */,
				7E7D877A13F71AD900AD9F7F /* FontDescriptor.h */,
				7E5C122014F19EF700292DD3 /* NinePatchDescriptor.cpp */,
				7E5C123014F19F0800292DD3 /* NinePatchDescriptor.h */,
				7EFCCE7814BEB1D400FFB812 /* Package.cpp */,
				7EFCCE7B14BEB1EC00FFB812 /* Package.h */,
				7E1923B8150C0404003BB65B /* PvrImage.h */,
				7E7D875913F71AC300AD9F7F /* ResourceManager.cpp */,
				7E7D878313F71AD900AD9F7F /* ResourceManager.h */,
				7E1923B9150C0404003BB65B /* TgaImage.h */,
			);
			name = resources;
			sourceTree = "<group>";
		};
		7E7D873013F719E400AD9F7F = {
			isa = PBXGroup;
			children = (
				7E7D874013F719E500AD9F7F /* Athena */,
				7E7D873D13F719E500AD9F7F /* Frameworks */,
				7E7D873C13F719E500AD9F7F /* Products */,
			);
			sourceTree = "<group>";
		};
		7E7D873C13F719E500AD9F7F /* Products */ = {
			isa = PBXGroup;
			children = (
				7E7D873B13F719E500AD9F7F /* libAthena.a */,
			);
			name = Products;
			sourceTree = "<group>";
		};
		7E7D873D13F719E500AD9F7F /* Frameworks */ = {
			isa = PBXGroup;
			children = (
				7E7D873E13F719E500AD9F7F /* Foundation.framework */,
			);
			name = Frameworks;
			sourceTree = "<group>";
		};
		7E7D874013F719E500AD9F7F /* Athena */ = {
			isa = PBXGroup;
			children = (
				70B582481635214200C40F25 /* animation */,
				70104E5A167409D300807647 /* audio */,
				7E5C123D14F19F1200292DD3 /* graphics */,
				7E407F811401F88700431963 /* math */,
				7E5C123F14F1A01000292DD3 /* resources */,
				7E5C123E14F19FB600292DD3 /* widgets */,
				7E2885B813F862F800F606EB /* iphone */,
				7E7D874113F719E600AD9F7F /* Supporting Files */,
				7E5C121D14F19EF700292DD3 /* ConfigManager.cpp */,
				7E5C122C14F19F0800292DD3 /* ConfigManager.h */,
				7E407F8B1401F90500431963 /* AthenaEngine.h */,
				7E7D877313F71AD900AD9F7F /* Application.h */,
			);
			path = Athena;
			sourceTree = "<group>";
		};
		7E7D874113F719E600AD9F7F /* Supporting Files */ = {
			isa = PBXGroup;
			children = (
				7E7D874213F719E600AD9F7F /* Athena-Prefix.pch */,
			);
			name = "Supporting Files";
			sourceTree = "<group>";
		};
/* End PBXGroup section */

/* Begin PBXHeadersBuildPhase section */
		7E7D873913F719E500AD9F7F /* Headers */ = {
			isa = PBXHeadersBuildPhase;
			buildActionMask = 2147483647;
			files = (
				7E7D878C13F71AD900AD9F7F /* Application.h in Headers */,
				7E7D878D13F71AD900AD9F7F /* Box2.h in Headers */,
				7E7D878F13F71AD900AD9F7F /* Camera.h in Headers */,
				7E7D879013F71AD900AD9F7F /* CatmullRom.h in Headers */,
				7E7D879113F71AD900AD9F7F /* Color.h in Headers */,
				7E7D879213F71AD900AD9F7F /* CubeMesh.h in Headers */,
				7E7D879313F71AD900AD9F7F /* FontDescriptor.h in Headers */,
				7E7D879413F71AD900AD9F7F /* GraphicDevice.h in Headers */,
				7E7D879513F71AD900AD9F7F /* InputManager.h in Headers */,
				7E7D879613F71AD900AD9F7F /* Label.h in Headers */,
				7E7D879713F71AD900AD9F7F /* Material.h in Headers */,
				7E7D879813F71AD900AD9F7F /* MathDef.h in Headers */,
				7E7D879913F71AD900AD9F7F /* Matrix4.h in Headers */,
				7E7D879A13F71AD900AD9F7F /* Mesh.h in Headers */,
				7E7D879B13F71AD900AD9F7F /* Quaternion.h in Headers */,
				7E7D879C13F71AD900AD9F7F /* ResourceManager.h in Headers */,
				7E7D879D13F71AD900AD9F7F /* SceneNode.h in Headers */,
				7E7D879E13F71AD900AD9F7F /* Sprite.h in Headers */,
				7E7D879F13F71AD900AD9F7F /* Texture.h in Headers */,
				7E7D87A013F71AD900AD9F7F /* Vector2.h in Headers */,
				7E7D87A113F71AD900AD9F7F /* Vector3.h in Headers */,
				7E7D87A213F71AD900AD9F7F /* VertexBuffer.h in Headers */,
				7E7D87A313F71AD900AD9F7F /* Viewport.h in Headers */,
				7E7D87A413F71AD900AD9F7F /* Widget.h in Headers */,
				7E2885BD13F8634500F606EB /* IphoneResourceManager.h in Headers */,
				7E2885CE13F8AB3300F606EB /* IphoneVertexBuffer.h in Headers */,
				7E2885D413FA157500F606EB /* IphoneTexture.h in Headers */,
				7EC5E5E313FE1557004B7994 /* EAGLView.h in Headers */,
				7EC5E5E413FE1557004B7994 /* IphoneAppDelegate.h in Headers */,
				7EC5E5E513FE1557004B7994 /* IphoneGraphicDevice.h in Headers */,
				7EC5E5E613FE1557004B7994 /* IphoneViewController.h in Headers */,
				7E407F851401F8AD00431963 /* Frustum.h in Headers */,
				7E407F861401F8AD00431963 /* Plane.h in Headers */,
				7E407F8A1401F8F300431963 /* MeshProvider.h in Headers */,
				7E407F8C1401F90600431963 /* AthenaEngine.h in Headers */,
				7EFCCE7C14BEB1EC00FFB812 /* Package.h in Headers */,
				7E5C123414F19F0800292DD3 /* ButtonBase.h in Headers */,
				7E5C123514F19F0800292DD3 /* ConfigManager.h in Headers */,
				7E5C123614F19F0800292DD3 /* ILayoutable.h in Headers */,
				7E5C123714F19F0800292DD3 /* NinePatch.h in Headers */,
				7E5C123814F19F0800292DD3 /* NinePatchButton.h in Headers */,
				7E5C123914F19F0800292DD3 /* NinePatchDescriptor.h in Headers */,
				7E5C123A14F19F0800292DD3 /* SphereMesh.h in Headers */,
				7E5C123B14F19F0800292DD3 /* SpriteButton.h in Headers */,
				7E5C123C14F19F0800292DD3 /* Tween.h in Headers */,
				7E5C124114F1AE4C00292DD3 /* IphoneEffectGenerator.h in Headers */,
				7E5C124814FAAB8100292DD3 /* OpenGlEsDefs.h in Headers */,
				7E1923BA150C0404003BB65B /* PvrImage.h in Headers */,
				7E1923BB150C0404003BB65B /* TgaImage.h in Headers */,
				70B582531635216800C40F25 /* AnimationController.h in Headers */,
				70B582541635216800C40F25 /* AnimationCurve.h in Headers */,
				70B582551635216800C40F25 /* RumbleAnimation.h in Headers */,
				70B582561635216800C40F25 /* TextureAnimation.h in Headers */,
				70104E441674051300807647 /* IphoneAudioClip.h in Headers */,
				70104E451674051300807647 /* IphoneAudioManager.h in Headers */,
				70104E62167409F500807647 /* AudioClip.h in Headers */,
				70104E63167409F500807647 /* AudioManager.h in Headers */,
				70C6E550168570A8001544EB /* Emitter.h in Headers */,
			);
			runOnlyForDeploymentPostprocessing = 0;
		};
/* End PBXHeadersBuildPhase section */

/* Begin PBXNativeTarget section */
		7E7D873A13F719E500AD9F7F /* Athena */ = {
			isa = PBXNativeTarget;
			buildConfigurationList = 7E7D874513F719E600AD9F7F /* Build configuration list for PBXNativeTarget "Athena" */;
			buildPhases = (
				7E7D873713F719E500AD9F7F /* Sources */,
				7E7D873813F719E500AD9F7F /* Frameworks */,
				7E7D873913F719E500AD9F7F /* Headers */,
			);
			buildRules = (
			);
			dependencies = (
			);
			name = Athena;
			productName = Athena;
			productReference = 7E7D873B13F719E500AD9F7F /* libAthena.a */;
			productType = "com.apple.product-type.library.static";
		};
/* End PBXNativeTarget section */

/* Begin PBXProject section */
		7E7D873213F719E400AD9F7F /* Project object */ = {
			isa = PBXProject;
			attributes = {
				LastUpgradeCheck = 0420;
			};
			buildConfigurationList = 7E7D873513F719E400AD9F7F /* Build configuration list for PBXProject "Athena" */;
			compatibilityVersion = "Xcode 3.2";
			developmentRegion = English;
			hasScannedForEncodings = 0;
			knownRegions = (
				en,
			);
			mainGroup = 7E7D873013F719E400AD9F7F;
			productRefGroup = 7E7D873C13F719E500AD9F7F /* Products */;
			projectDirPath = "";
			projectRoot = "";
			targets = (
				7E7D873A13F719E500AD9F7F /* Athena */,
			);
		};
/* End PBXProject section */

/* Begin PBXSourcesBuildPhase section */
		7E7D873713F719E500AD9F7F /* Sources */ = {
			isa = PBXSourcesBuildPhase;
			buildActionMask = 2147483647;
			files = (
				7E7D876013F71AC300AD9F7F /* Box2.cpp in Sources */,
				7E7D876213F71AC300AD9F7F /* Camera.cpp in Sources */,
				7E7D876313F71AC300AD9F7F /* CatmullRom.cpp in Sources */,
				7E7D876413F71AC300AD9F7F /* CubeMesh.cpp in Sources */,
				7E7D876513F71AC300AD9F7F /* FontDescriptor.cpp in Sources */,
				7E7D876613F71AC300AD9F7F /* GraphicDevice.cpp in Sources */,
				7E7D876713F71AC300AD9F7F /* InputManager.cpp in Sources */,
				7E7D876813F71AC300AD9F7F /* Label.cpp in Sources */,
				7E7D876913F71AC300AD9F7F /* Material.cpp in Sources */,
				7E7D876A13F71AC300AD9F7F /* Mesh.cpp in Sources */,
				7E7D876B13F71AC300AD9F7F /* ResourceManager.cpp in Sources */,
				7E7D876C13F71AC300AD9F7F /* SceneNode.cpp in Sources */,
				7E7D876D13F71AC300AD9F7F /* Sprite.cpp in Sources */,
				7E7D876E13F71AC300AD9F7F /* Texture.cpp in Sources */,
				7E7D876F13F71AC300AD9F7F /* VertexBuffer.cpp in Sources */,
				7E7D877013F71AC300AD9F7F /* Viewport.cpp in Sources */,
				7E7D877113F71AC300AD9F7F /* Widget.cpp in Sources */,
				7E2885D013F8AB4100F606EB /* IphoneVertexBuffer.cpp in Sources */,
				7EC5E5DA13FE153C004B7994 /* EAGLView.mm in Sources */,
				7EC5E5DB13FE153C004B7994 /* IphoneAppDelegate.mm in Sources */,
				7EC5E5DC13FE153C004B7994 /* IphoneGraphicDevice.cpp in Sources */,
				7EC5E5DD13FE153C004B7994 /* IphoneViewController.mm in Sources */,
				7E407F881401F8C000431963 /* Frustum.cpp in Sources */,
				7EFCCE7914BEB1D400FFB812 /* Package.cpp in Sources */,
				7E5C122314F19EF700292DD3 /* ButtonBase.cpp in Sources */,
				7E5C122414F19EF700292DD3 /* ConfigManager.cpp in Sources */,
				7E5C122514F19EF700292DD3 /* NinePatch.cpp in Sources */,
				7E5C122614F19EF700292DD3 /* NinePatchButton.cpp in Sources */,
				7E5C122714F19EF700292DD3 /* NinePatchDescriptor.cpp in Sources */,
				7E5C122814F19EF700292DD3 /* SphereMesh.cpp in Sources */,
				7E5C122914F19EF700292DD3 /* SpriteButton.cpp in Sources */,
				7E5C124314F1AE5800292DD3 /* IphoneEffectGenerator.cpp in Sources */,
				70B5824C1635215200C40F25 /* AnimationController.cpp in Sources */,
				70B5824D1635215200C40F25 /* RumbleAnimation.cpp in Sources */,
				70B5824E1635215200C40F25 /* TextureAnimation.cpp in Sources */,
				70104E3E167404EF00807647 /* IphoneAudioClip.cpp in Sources */,
				70104E3F167404EF00807647 /* IphoneAudioManager.cpp in Sources */,
				70104E40167404EF00807647 /* IphoneResourceManager.cpp in Sources */,
				70104E41167404EF00807647 /* IphoneTexture.cpp in Sources */,
				70104E5E167409EB00807647 /* AudioClip.cpp in Sources */,
				70104E5F167409EB00807647 /* AudioManager.cpp in Sources */,
				70C6E54D1685709E001544EB /* Emitter.cpp in Sources */,
			);
			runOnlyForDeploymentPostprocessing = 0;
		};
/* End PBXSourcesBuildPhase section */

/* Begin XCBuildConfiguration section */
		7E7D874313F719E600AD9F7F /* Debug */ = {
			isa = XCBuildConfiguration;
			buildSettings = {
				ARCHS = "$(ARCHS_STANDARD_32_BIT)";
				GCC_C_LANGUAGE_STANDARD = gnu99;
				GCC_OPTIMIZATION_LEVEL = 0;
				GCC_PREPROCESSOR_DEFINITIONS = DEBUG;
				GCC_SYMBOLS_PRIVATE_EXTERN = NO;
				GCC_VERSION = com.apple.compilers.llvmgcc42;
				GCC_WARN_ABOUT_RETURN_TYPE = YES;
				GCC_WARN_UNUSED_VARIABLE = YES;
				IPHONEOS_DEPLOYMENT_TARGET = 4.3;
				SDKROOT = iphoneos;
			};
			name = Debug;
		};
		7E7D874413F719E600AD9F7F /* Release */ = {
			isa = XCBuildConfiguration;
			buildSettings = {
				ARCHS = "$(ARCHS_STANDARD_32_BIT)";
				GCC_C_LANGUAGE_STANDARD = gnu99;
				GCC_VERSION = com.apple.compilers.llvmgcc42;
				GCC_WARN_ABOUT_RETURN_TYPE = YES;
				GCC_WARN_UNUSED_VARIABLE = YES;
				IPHONEOS_DEPLOYMENT_TARGET = 4.3;
				SDKROOT = iphoneos;
			};
			name = Release;
		};
		7E7D874613F719E600AD9F7F /* Debug */ = {
			isa = XCBuildConfiguration;
			buildSettings = {
				ALWAYS_SEARCH_USER_PATHS = NO;
				CLANG_CXX_LANGUAGE_STANDARD = "c++0x";
				CLANG_CXX_LIBRARY = "libc++";
				DSTROOT = /tmp/Athena.dst;
				GCC_INPUT_FILETYPE = sourcecode.cpp.objcpp;
				GCC_PRECOMPILE_PREFIX_HEADER = YES;
				GCC_PREFIX_HEADER = "Athena/Athena-Prefix.pch";
				GCC_SYMBOLS_PRIVATE_EXTERN = YES;
				GCC_THUMB_SUPPORT = NO;
				GCC_VERSION = com.apple.compilers.llvm.clang.1_0;
				HEADER_SEARCH_PATHS = (
					"~/Projects/Framework/include",
					"~/Libraries/boost_1_50_0/",
					../include/,
				);
				IPHONEOS_DEPLOYMENT_TARGET = 5.0;
				OTHER_LDFLAGS = "-ObjC";
				PRODUCT_NAME = "$(TARGET_NAME)";
				SKIP_INSTALL = YES;
			};
			name = Debug;
		};
		7E7D874713F719E600AD9F7F /* Release */ = {
			isa = XCBuildConfiguration;
			buildSettings = {
				ALWAYS_SEARCH_USER_PATHS = NO;
				CLANG_CXX_LANGUAGE_STANDARD = "c++0x";
				CLANG_CXX_LIBRARY = "libc++";
				DSTROOT = /tmp/Athena.dst;
				GCC_INPUT_FILETYPE = sourcecode.cpp.objcpp;
				GCC_PRECOMPILE_PREFIX_HEADER = YES;
				GCC_PREFIX_HEADER = "Athena/Athena-Prefix.pch";
				GCC_SYMBOLS_PRIVATE_EXTERN = YES;
				GCC_THUMB_SUPPORT = NO;
				GCC_VERSION = com.apple.compilers.llvm.clang.1_0;
				HEADER_SEARCH_PATHS = (
					"~/Projects/Framework/include",
					"~/Libraries/boost_1_50_0/",
					../include/,
				);
				IPHONEOS_DEPLOYMENT_TARGET = 5.0;
				OTHER_LDFLAGS = "-ObjC";
				PRODUCT_NAME = "$(TARGET_NAME)";
				SKIP_INSTALL = YES;
			};
			name = Release;
		};
/* End XCBuildConfiguration section */

/* Begin XCConfigurationList section */
		7E7D873513F719E400AD9F7F /* Build configuration list for PBXProject "Athena" */ = {
			isa = XCConfigurationList;
			buildConfigurations = (
				7E7D874313F719E600AD9F7F /* Debug */,
				7E7D874413F719E600AD9F7F /* Release */,
			);
			defaultConfigurationIsVisible = 0;
			defaultConfigurationName = Release;
		};
		7E7D874513F719E600AD9F7F /* Build configuration list for PBXNativeTarget "Athena" */ = {
			isa = XCConfigurationList;
			buildConfigurations = (
				7E7D874613F719E600AD9F7F /* Debug */,
				7E7D874713F719E600AD9F7F /* Release */,
			);
			defaultConfigurationIsVisible = 0;
			defaultConfigurationName = Release;
		};
/* End XCConfigurationList section */
	};
	rootObject = 7E7D873213F719E400AD9F7F /* Project object */;
}
