// !$*UTF8*$!
{
	archiveVersion = 1;
	classes = {
	};
	objectVersion = 46;
	objects = {

/* Begin PBXBuildFile section */
		70104E5E167409EB00807647 /* AudioClip.cpp in Sources */ = {isa = PBXBuildFile; fileRef = 70104E5C167409EB00807647 /* AudioClip.cpp */; };
		70104E5F167409EB00807647 /* AudioManager.cpp in Sources */ = {isa = PBXBuildFile; fileRef = 70104E5D167409EB00807647 /* AudioManager.cpp */; };
		70104E62167409F500807647 /* AudioClip.h in Headers */ = {isa = PBXBuildFile; fileRef = 70104E60167409F500807647 /* AudioClip.h */; };
		70104E63167409F500807647 /* AudioManager.h in Headers */ = {isa = PBXBuildFile; fileRef = 70104E61167409F500807647 /* AudioManager.h */; };
		7020B058186B5141008F12B4 /* IosShadowMapEffect.cpp in Sources */ = {isa = PBXBuildFile; fileRef = 7020B056186B5141008F12B4 /* IosShadowMapEffect.cpp */; };
		7020B05F186B51F6008F12B4 /* IosShadowMapEffect.h in Headers */ = {isa = PBXBuildFile; fileRef = 7020B05E186B51F6008F12B4 /* IosShadowMapEffect.h */; };
		70271B7718D5037B00777C53 /* EffectParameter.cpp in Sources */ = {isa = PBXBuildFile; fileRef = 70271B7618D5037B00777C53 /* EffectParameter.cpp */; };
		70271B7D18D5039000777C53 /* EffectParameter.h in Headers */ = {isa = PBXBuildFile; fileRef = 70271B7C18D5039000777C53 /* EffectParameter.h */; };
		70271B9418D522E400777C53 /* AxisMesh.cpp in Sources */ = {isa = PBXBuildFile; fileRef = 70271B9218D522E400777C53 /* AxisMesh.cpp */; };
		70271B9518D522E400777C53 /* ConeMesh.cpp in Sources */ = {isa = PBXBuildFile; fileRef = 70271B9318D522E400777C53 /* ConeMesh.cpp */; };
		70271B9818D522F500777C53 /* AxisMesh.h in Headers */ = {isa = PBXBuildFile; fileRef = 70271B9618D522F500777C53 /* AxisMesh.h */; };
		70271B9918D522F500777C53 /* ConeMesh.h in Headers */ = {isa = PBXBuildFile; fileRef = 70271B9718D522F500777C53 /* ConeMesh.h */; };
		7035A93917166B530092A5CF /* EmitterModifier.cpp in Sources */ = {isa = PBXBuildFile; fileRef = 7035A93717166B530092A5CF /* EmitterModifier.cpp */; };
		7035A93D17166B630092A5CF /* EmitterModifier.h in Headers */ = {isa = PBXBuildFile; fileRef = 7035A93B17166B630092A5CF /* EmitterModifier.h */; };
		704885BF1868B4C700EB75D7 /* IosUberEffect.cpp in Sources */ = {isa = PBXBuildFile; fileRef = 704885BD1868B4C700EB75D7 /* IosUberEffect.cpp */; };
		704885C21868B5AC00EB75D7 /* IosUberEffect.h in Headers */ = {isa = PBXBuildFile; fileRef = 704885C11868B5AC00EB75D7 /* IosUberEffect.h */; };
		704885C51868B6B500EB75D7 /* IosEffect.cpp in Sources */ = {isa = PBXBuildFile; fileRef = 704885C31868B6B500EB75D7 /* IosEffect.cpp */; };
		704885CA1868B9BD00EB75D7 /* IosUberEffectProvider.cpp in Sources */ = {isa = PBXBuildFile; fileRef = 704885C81868B9BD00EB75D7 /* IosUberEffectProvider.cpp */; };
		707895FC16E45BAF00CFCE67 /* EAGLView.mm in Sources */ = {isa = PBXBuildFile; fileRef = 707895F216E45BAF00CFCE67 /* EAGLView.mm */; };
		707895FD16E45BAF00CFCE67 /* IosAppDelegate.mm in Sources */ = {isa = PBXBuildFile; fileRef = 707895F316E45BAF00CFCE67 /* IosAppDelegate.mm */; };
		707895FE16E45BAF00CFCE67 /* IosAudioClip.cpp in Sources */ = {isa = PBXBuildFile; fileRef = 707895F416E45BAF00CFCE67 /* IosAudioClip.cpp */; };
		707895FF16E45BAF00CFCE67 /* IosAudioManager.cpp in Sources */ = {isa = PBXBuildFile; fileRef = 707895F516E45BAF00CFCE67 /* IosAudioManager.cpp */; };
		7078960016E45BAF00CFCE67 /* IosUberEffectGenerator.cpp in Sources */ = {isa = PBXBuildFile; fileRef = 707895F616E45BAF00CFCE67 /* IosUberEffectGenerator.cpp */; };
		7078960116E45BAF00CFCE67 /* IosGraphicDevice.cpp in Sources */ = {isa = PBXBuildFile; fileRef = 707895F716E45BAF00CFCE67 /* IosGraphicDevice.cpp */; };
		7078960216E45BAF00CFCE67 /* IosResourceManager.cpp in Sources */ = {isa = PBXBuildFile; fileRef = 707895F816E45BAF00CFCE67 /* IosResourceManager.cpp */; };
		7078960316E45BAF00CFCE67 /* IosTexture.cpp in Sources */ = {isa = PBXBuildFile; fileRef = 707895F916E45BAF00CFCE67 /* IosTexture.cpp */; };
		7078960416E45BAF00CFCE67 /* IosVertexBuffer.cpp in Sources */ = {isa = PBXBuildFile; fileRef = 707895FA16E45BAF00CFCE67 /* IosVertexBuffer.cpp */; };
		7078960516E45BAF00CFCE67 /* IosViewController.mm in Sources */ = {isa = PBXBuildFile; fileRef = 707895FB16E45BAF00CFCE67 /* IosViewController.mm */; };
		7078961116E45BBA00CFCE67 /* EAGLView.h in Headers */ = {isa = PBXBuildFile; fileRef = 7078960616E45BBA00CFCE67 /* EAGLView.h */; };
		7078961216E45BBA00CFCE67 /* IosAppDelegate.h in Headers */ = {isa = PBXBuildFile; fileRef = 7078960716E45BBA00CFCE67 /* IosAppDelegate.h */; };
		7078961316E45BBA00CFCE67 /* IosAudioClip.h in Headers */ = {isa = PBXBuildFile; fileRef = 7078960816E45BBA00CFCE67 /* IosAudioClip.h */; };
		7078961416E45BBA00CFCE67 /* IosAudioManager.h in Headers */ = {isa = PBXBuildFile; fileRef = 7078960916E45BBA00CFCE67 /* IosAudioManager.h */; };
		7078961516E45BBA00CFCE67 /* IosUberEffectGenerator.h in Headers */ = {isa = PBXBuildFile; fileRef = 7078960A16E45BBA00CFCE67 /* IosUberEffectGenerator.h */; };
		7078961616E45BBA00CFCE67 /* IosGraphicDevice.h in Headers */ = {isa = PBXBuildFile; fileRef = 7078960B16E45BBA00CFCE67 /* IosGraphicDevice.h */; };
		7078961716E45BBA00CFCE67 /* IosResourceManager.h in Headers */ = {isa = PBXBuildFile; fileRef = 7078960C16E45BBA00CFCE67 /* IosResourceManager.h */; };
		7078961816E45BBA00CFCE67 /* IosTexture.h in Headers */ = {isa = PBXBuildFile; fileRef = 7078960D16E45BBA00CFCE67 /* IosTexture.h */; };
		7078961916E45BBA00CFCE67 /* IosVertexBuffer.h in Headers */ = {isa = PBXBuildFile; fileRef = 7078960E16E45BBA00CFCE67 /* IosVertexBuffer.h */; };
		7078961A16E45BBA00CFCE67 /* IosViewController.h in Headers */ = {isa = PBXBuildFile; fileRef = 7078960F16E45BBA00CFCE67 /* IosViewController.h */; };
		7078961B16E45BBA00CFCE67 /* OpenGlEsDefs.h in Headers */ = {isa = PBXBuildFile; fileRef = 7078961016E45BBA00CFCE67 /* OpenGlEsDefs.h */; };
		7096E31418E015960068769A /* ParseUtils.cpp in Sources */ = {isa = PBXBuildFile; fileRef = 7096E31318E015960068769A /* ParseUtils.cpp */; };
		7096E31A18E015A00068769A /* ParseUtils.h in Headers */ = {isa = PBXBuildFile; fileRef = 7096E31918E015A00068769A /* ParseUtils.h */; };
		70983A7218D76D2100FA2ABE /* TextureLoader.cpp in Sources */ = {isa = PBXBuildFile; fileRef = 70983A7118D76D2100FA2ABE /* TextureLoader.cpp */; };
		70983A7818D76D3400FA2ABE /* TextureLoader.h in Headers */ = {isa = PBXBuildFile; fileRef = 70983A7718D76D3400FA2ABE /* TextureLoader.h */; };
		70983A7A18D76D8600FA2ABE /* DdsImage.cpp in Sources */ = {isa = PBXBuildFile; fileRef = 70983A7918D76D8600FA2ABE /* DdsImage.cpp */; };
		70983A7C18D76DA400FA2ABE /* DdsImage.h in Headers */ = {isa = PBXBuildFile; fileRef = 70983A7B18D76DA400FA2ABE /* DdsImage.h */; };
		709C28DD1822088000B6B2D0 /* EmitterDescriptor.cpp in Sources */ = {isa = PBXBuildFile; fileRef = 709C28D61822088000B6B2D0 /* EmitterDescriptor.cpp */; };
		709C28DE1822088000B6B2D0 /* FontDescriptor.cpp in Sources */ = {isa = PBXBuildFile; fileRef = 709C28D71822088000B6B2D0 /* FontDescriptor.cpp */; };
		709C28DF1822088000B6B2D0 /* NinePatchDescriptor.cpp in Sources */ = {isa = PBXBuildFile; fileRef = 709C28D81822088000B6B2D0 /* NinePatchDescriptor.cpp */; };
		709C28E01822088000B6B2D0 /* Package.cpp in Sources */ = {isa = PBXBuildFile; fileRef = 709C28D91822088000B6B2D0 /* Package.cpp */; };
		709C28E11822088000B6B2D0 /* ResourceManager.cpp in Sources */ = {isa = PBXBuildFile; fileRef = 709C28DA1822088000B6B2D0 /* ResourceManager.cpp */; };
		709C28E21822088000B6B2D0 /* SceneDescriptor.cpp in Sources */ = {isa = PBXBuildFile; fileRef = 709C28DB1822088000B6B2D0 /* SceneDescriptor.cpp */; };
		709C28E31822088000B6B2D0 /* TextureResource.cpp in Sources */ = {isa = PBXBuildFile; fileRef = 709C28DC1822088000B6B2D0 /* TextureResource.cpp */; };
		709C28EE1822088E00B6B2D0 /* EmitterDescriptor.h in Headers */ = {isa = PBXBuildFile; fileRef = 709C28E41822088E00B6B2D0 /* EmitterDescriptor.h */; };
		709C28EF1822088E00B6B2D0 /* FontDescriptor.h in Headers */ = {isa = PBXBuildFile; fileRef = 709C28E51822088E00B6B2D0 /* FontDescriptor.h */; };
		709C28F01822088E00B6B2D0 /* NinePatchDescriptor.h in Headers */ = {isa = PBXBuildFile; fileRef = 709C28E61822088E00B6B2D0 /* NinePatchDescriptor.h */; };
		709C28F11822088E00B6B2D0 /* Package.h in Headers */ = {isa = PBXBuildFile; fileRef = 709C28E71822088E00B6B2D0 /* Package.h */; };
		709C28F21822088E00B6B2D0 /* PvrImage.h in Headers */ = {isa = PBXBuildFile; fileRef = 709C28E81822088E00B6B2D0 /* PvrImage.h */; };
		709C28F31822088E00B6B2D0 /* Resource.h in Headers */ = {isa = PBXBuildFile; fileRef = 709C28E91822088E00B6B2D0 /* Resource.h */; };
		709C28F41822088E00B6B2D0 /* ResourceManager.h in Headers */ = {isa = PBXBuildFile; fileRef = 709C28EA1822088E00B6B2D0 /* ResourceManager.h */; };
		709C28F51822088E00B6B2D0 /* SceneDescriptor.h in Headers */ = {isa = PBXBuildFile; fileRef = 709C28EB1822088E00B6B2D0 /* SceneDescriptor.h */; };
		709C28F61822088E00B6B2D0 /* TextureResource.h in Headers */ = {isa = PBXBuildFile; fileRef = 709C28EC1822088E00B6B2D0 /* TextureResource.h */; };
		709C28F71822088E00B6B2D0 /* TgaImage.h in Headers */ = {isa = PBXBuildFile; fileRef = 709C28ED1822088E00B6B2D0 /* TgaImage.h */; };
		709C28FD182209A000B6B2D0 /* Scene.cpp in Sources */ = {isa = PBXBuildFile; fileRef = 709C28FC182209A000B6B2D0 /* Scene.cpp */; };
		709C28FF182209B200B6B2D0 /* Scene.h in Headers */ = {isa = PBXBuildFile; fileRef = 709C28FE182209B200B6B2D0 /* Scene.h */; };
		709E16E9186A689B00AEA8C7 /* CubeRenderTarget.h in Headers */ = {isa = PBXBuildFile; fileRef = 709E16E4186A689B00AEA8C7 /* CubeRenderTarget.h */; };
		709E16EA186A689B00AEA8C7 /* Effect.h in Headers */ = {isa = PBXBuildFile; fileRef = 709E16E5186A689B00AEA8C7 /* Effect.h */; };
		709E16EB186A689B00AEA8C7 /* EffectProvider.h in Headers */ = {isa = PBXBuildFile; fileRef = 709E16E6186A689B00AEA8C7 /* EffectProvider.h */; };
		709E16EC186A689B00AEA8C7 /* IAnimation.h in Headers */ = {isa = PBXBuildFile; fileRef = 709E16E7186A689B00AEA8C7 /* IAnimation.h */; };
		709E16ED186A689B00AEA8C7 /* RenderTarget.h in Headers */ = {isa = PBXBuildFile; fileRef = 709E16E8186A689B00AEA8C7 /* RenderTarget.h */; };
		70B5824D1635215200C40F25 /* RumbleAnimation.cpp in Sources */ = {isa = PBXBuildFile; fileRef = 70B5824A1635215200C40F25 /* RumbleAnimation.cpp */; };
		70B5824E1635215200C40F25 /* TextureAnimation.cpp in Sources */ = {isa = PBXBuildFile; fileRef = 70B5824B1635215200C40F25 /* TextureAnimation.cpp */; };
		70B582531635216800C40F25 /* AnimationController.h in Headers */ = {isa = PBXBuildFile; fileRef = 70B5824F1635216800C40F25 /* AnimationController.h */; };
		70B582541635216800C40F25 /* AnimationCurve.h in Headers */ = {isa = PBXBuildFile; fileRef = 70B582501635216800C40F25 /* AnimationCurve.h */; };
		70B582551635216800C40F25 /* RumbleAnimation.h in Headers */ = {isa = PBXBuildFile; fileRef = 70B582511635216800C40F25 /* RumbleAnimation.h */; };
		70B582561635216800C40F25 /* TextureAnimation.h in Headers */ = {isa = PBXBuildFile; fileRef = 70B582521635216800C40F25 /* TextureAnimation.h */; };
		70C6E54D1685709E001544EB /* Emitter.cpp in Sources */ = {isa = PBXBuildFile; fileRef = 70C6E54C1685709E001544EB /* Emitter.cpp */; };
		70C6E550168570A8001544EB /* Emitter.h in Headers */ = {isa = PBXBuildFile; fileRef = 70C6E54F168570A8001544EB /* Emitter.h */; };
		7E407F851401F8AD00431963 /* Frustum.h in Headers */ = {isa = PBXBuildFile; fileRef = 7E407F831401F8AD00431963 /* Frustum.h */; };
		7E407F861401F8AD00431963 /* Plane.h in Headers */ = {isa = PBXBuildFile; fileRef = 7E407F841401F8AD00431963 /* Plane.h */; };
		7E407F881401F8C000431963 /* Frustum.cpp in Sources */ = {isa = PBXBuildFile; fileRef = 7E407F871401F8C000431963 /* Frustum.cpp */; };
		7E407F8A1401F8F300431963 /* MeshProvider.h in Headers */ = {isa = PBXBuildFile; fileRef = 7E407F891401F8F300431963 /* MeshProvider.h */; };
		7E407F8C1401F90600431963 /* AthenaEngine.h in Headers */ = {isa = PBXBuildFile; fileRef = 7E407F8B1401F90500431963 /* AthenaEngine.h */; };
		7E5C122314F19EF700292DD3 /* ButtonBase.cpp in Sources */ = {isa = PBXBuildFile; fileRef = 7E5C121C14F19EF700292DD3 /* ButtonBase.cpp */; };
		7E5C122414F19EF700292DD3 /* ConfigManager.cpp in Sources */ = {isa = PBXBuildFile; fileRef = 7E5C121D14F19EF700292DD3 /* ConfigManager.cpp */; };
		7E5C122514F19EF700292DD3 /* NinePatch.cpp in Sources */ = {isa = PBXBuildFile; fileRef = 7E5C121E14F19EF700292DD3 /* NinePatch.cpp */; };
		7E5C122614F19EF700292DD3 /* NinePatchButton.cpp in Sources */ = {isa = PBXBuildFile; fileRef = 7E5C121F14F19EF700292DD3 /* NinePatchButton.cpp */; };
		7E5C122814F19EF700292DD3 /* SphereMesh.cpp in Sources */ = {isa = PBXBuildFile; fileRef = 7E5C122114F19EF700292DD3 /* SphereMesh.cpp */; };
		7E5C122914F19EF700292DD3 /* SpriteButton.cpp in Sources */ = {isa = PBXBuildFile; fileRef = 7E5C122214F19EF700292DD3 /* SpriteButton.cpp */; };
		7E5C123414F19F0800292DD3 /* ButtonBase.h in Headers */ = {isa = PBXBuildFile; fileRef = 7E5C122B14F19F0800292DD3 /* ButtonBase.h */; };
		7E5C123514F19F0800292DD3 /* ConfigManager.h in Headers */ = {isa = PBXBuildFile; fileRef = 7E5C122C14F19F0800292DD3 /* ConfigManager.h */; };
		7E5C123614F19F0800292DD3 /* ILayoutable.h in Headers */ = {isa = PBXBuildFile; fileRef = 7E5C122D14F19F0800292DD3 /* ILayoutable.h */; };
		7E5C123714F19F0800292DD3 /* NinePatch.h in Headers */ = {isa = PBXBuildFile; fileRef = 7E5C122E14F19F0800292DD3 /* NinePatch.h */; };
		7E5C123814F19F0800292DD3 /* NinePatchButton.h in Headers */ = {isa = PBXBuildFile; fileRef = 7E5C122F14F19F0800292DD3 /* NinePatchButton.h */; };
		7E5C123A14F19F0800292DD3 /* SphereMesh.h in Headers */ = {isa = PBXBuildFile; fileRef = 7E5C123114F19F0800292DD3 /* SphereMesh.h */; };
		7E5C123B14F19F0800292DD3 /* SpriteButton.h in Headers */ = {isa = PBXBuildFile; fileRef = 7E5C123214F19F0800292DD3 /* SpriteButton.h */; };
		7E5C123C14F19F0800292DD3 /* Tween.h in Headers */ = {isa = PBXBuildFile; fileRef = 7E5C123314F19F0800292DD3 /* Tween.h */; };
		7E7D873F13F719E500AD9F7F /* Foundation.framework in Frameworks */ = {isa = PBXBuildFile; fileRef = 7E7D873E13F719E500AD9F7F /* Foundation.framework */; };
		7E7D876013F71AC300AD9F7F /* Box2.cpp in Sources */ = {isa = PBXBuildFile; fileRef = 7E7D874E13F71AC300AD9F7F /* Box2.cpp */; };
		7E7D876213F71AC300AD9F7F /* Camera.cpp in Sources */ = {isa = PBXBuildFile; fileRef = 7E7D875013F71AC300AD9F7F /* Camera.cpp */; };
		7E7D876313F71AC300AD9F7F /* CatmullRom.cpp in Sources */ = {isa = PBXBuildFile; fileRef = 7E7D875113F71AC300AD9F7F /* CatmullRom.cpp */; };
		7E7D876413F71AC300AD9F7F /* CubeMesh.cpp in Sources */ = {isa = PBXBuildFile; fileRef = 7E7D875213F71AC300AD9F7F /* CubeMesh.cpp */; };
		7E7D876613F71AC300AD9F7F /* GraphicDevice.cpp in Sources */ = {isa = PBXBuildFile; fileRef = 7E7D875413F71AC300AD9F7F /* GraphicDevice.cpp */; };
		7E7D876713F71AC300AD9F7F /* InputManager.cpp in Sources */ = {isa = PBXBuildFile; fileRef = 7E7D875513F71AC300AD9F7F /* InputManager.cpp */; };
		7E7D876813F71AC300AD9F7F /* Label.cpp in Sources */ = {isa = PBXBuildFile; fileRef = 7E7D875613F71AC300AD9F7F /* Label.cpp */; };
		7E7D876913F71AC300AD9F7F /* Material.cpp in Sources */ = {isa = PBXBuildFile; fileRef = 7E7D875713F71AC300AD9F7F /* Material.cpp */; };
		7E7D876A13F71AC300AD9F7F /* Mesh.cpp in Sources */ = {isa = PBXBuildFile; fileRef = 7E7D875813F71AC300AD9F7F /* Mesh.cpp */; };
		7E7D876C13F71AC300AD9F7F /* SceneNode.cpp in Sources */ = {isa = PBXBuildFile; fileRef = 7E7D875A13F71AC300AD9F7F /* SceneNode.cpp */; };
		7E7D876D13F71AC300AD9F7F /* Sprite.cpp in Sources */ = {isa = PBXBuildFile; fileRef = 7E7D875B13F71AC300AD9F7F /* Sprite.cpp */; };
		7E7D876E13F71AC300AD9F7F /* Texture.cpp in Sources */ = {isa = PBXBuildFile; fileRef = 7E7D875C13F71AC300AD9F7F /* Texture.cpp */; };
		7E7D876F13F71AC300AD9F7F /* VertexBuffer.cpp in Sources */ = {isa = PBXBuildFile; fileRef = 7E7D875D13F71AC300AD9F7F /* VertexBuffer.cpp */; };
		7E7D877013F71AC300AD9F7F /* Viewport.cpp in Sources */ = {isa = PBXBuildFile; fileRef = 7E7D875E13F71AC300AD9F7F /* Viewport.cpp */; };
		7E7D877113F71AC300AD9F7F /* Widget.cpp in Sources */ = {isa = PBXBuildFile; fileRef = 7E7D875F13F71AC300AD9F7F /* Widget.cpp */; };
		7E7D878C13F71AD900AD9F7F /* Application.h in Headers */ = {isa = PBXBuildFile; fileRef = 7E7D877313F71AD900AD9F7F /* Application.h */; };
		7E7D878D13F71AD900AD9F7F /* Box2.h in Headers */ = {isa = PBXBuildFile; fileRef = 7E7D877413F71AD900AD9F7F /* Box2.h */; };
		7E7D878F13F71AD900AD9F7F /* Camera.h in Headers */ = {isa = PBXBuildFile; fileRef = 7E7D877613F71AD900AD9F7F /* Camera.h */; };
		7E7D879013F71AD900AD9F7F /* CatmullRom.h in Headers */ = {isa = PBXBuildFile; fileRef = 7E7D877713F71AD900AD9F7F /* CatmullRom.h */; };
		7E7D879113F71AD900AD9F7F /* Color.h in Headers */ = {isa = PBXBuildFile; fileRef = 7E7D877813F71AD900AD9F7F /* Color.h */; };
		7E7D879213F71AD900AD9F7F /* CubeMesh.h in Headers */ = {isa = PBXBuildFile; fileRef = 7E7D877913F71AD900AD9F7F /* CubeMesh.h */; };
		7E7D879413F71AD900AD9F7F /* GraphicDevice.h in Headers */ = {isa = PBXBuildFile; fileRef = 7E7D877B13F71AD900AD9F7F /* GraphicDevice.h */; };
		7E7D879513F71AD900AD9F7F /* InputManager.h in Headers */ = {isa = PBXBuildFile; fileRef = 7E7D877C13F71AD900AD9F7F /* InputManager.h */; };
		7E7D879613F71AD900AD9F7F /* Label.h in Headers */ = {isa = PBXBuildFile; fileRef = 7E7D877D13F71AD900AD9F7F /* Label.h */; };
		7E7D879713F71AD900AD9F7F /* Material.h in Headers */ = {isa = PBXBuildFile; fileRef = 7E7D877E13F71AD900AD9F7F /* Material.h */; };
		7E7D879813F71AD900AD9F7F /* MathDef.h in Headers */ = {isa = PBXBuildFile; fileRef = 7E7D877F13F71AD900AD9F7F /* MathDef.h */; };
		7E7D879913F71AD900AD9F7F /* Matrix4.h in Headers */ = {isa = PBXBuildFile; fileRef = 7E7D878013F71AD900AD9F7F /* Matrix4.h */; };
		7E7D879A13F71AD900AD9F7F /* Mesh.h in Headers */ = {isa = PBXBuildFile; fileRef = 7E7D878113F71AD900AD9F7F /* Mesh.h */; };
		7E7D879B13F71AD900AD9F7F /* Quaternion.h in Headers */ = {isa = PBXBuildFile; fileRef = 7E7D878213F71AD900AD9F7F /* Quaternion.h */; };
		7E7D879D13F71AD900AD9F7F /* SceneNode.h in Headers */ = {isa = PBXBuildFile; fileRef = 7E7D878413F71AD900AD9F7F /* SceneNode.h */; };
		7E7D879E13F71AD900AD9F7F /* Sprite.h in Headers */ = {isa = PBXBuildFile; fileRef = 7E7D878513F71AD900AD9F7F /* Sprite.h */; };
		7E7D879F13F71AD900AD9F7F /* Texture.h in Headers */ = {isa = PBXBuildFile; fileRef = 7E7D878613F71AD900AD9F7F /* Texture.h */; };
		7E7D87A013F71AD900AD9F7F /* Vector2.h in Headers */ = {isa = PBXBuildFile; fileRef = 7E7D878713F71AD900AD9F7F /* Vector2.h */; };
		7E7D87A113F71AD900AD9F7F /* Vector3.h in Headers */ = {isa = PBXBuildFile; fileRef = 7E7D878813F71AD900AD9F7F /* Vector3.h */; };
		7E7D87A213F71AD900AD9F7F /* VertexBuffer.h in Headers */ = {isa = PBXBuildFile; fileRef = 7E7D878913F71AD900AD9F7F /* VertexBuffer.h */; };
		7E7D87A313F71AD900AD9F7F /* Viewport.h in Headers */ = {isa = PBXBuildFile; fileRef = 7E7D878A13F71AD900AD9F7F /* Viewport.h */; };
		7E7D87A413F71AD900AD9F7F /* Widget.h in Headers */ = {isa = PBXBuildFile; fileRef = 7E7D878B13F71AD900AD9F7F /* Widget.h */; };
/* End PBXBuildFile section */

/* Begin PBXContainerItemProxy section */
		709E174F186A739B00AEA8C7 /* PBXContainerItemProxy */ = {
			isa = PBXContainerItemProxy;
			containerPortal = 709E174B186A739B00AEA8C7 /* ShadowMapping.xcodeproj */;
			proxyType = 2;
			remoteGlobalIDString = 709E16F7186A721100AEA8C7;
			remoteInfo = ShadowMapping;
		};
		709E1763186A7B1B00AEA8C7 /* PBXContainerItemProxy */ = {
			isa = PBXContainerItemProxy;
			containerPortal = 709E175F186A7B1B00AEA8C7 /* Framework.xcodeproj */;
			proxyType = 2;
			remoteGlobalIDString = D2AAC07E0554694100DB518D;
			remoteInfo = Framework;
		};
		709E1769186A7B2A00AEA8C7 /* PBXContainerItemProxy */ = {
			isa = PBXContainerItemProxy;
			containerPortal = 709E1765186A7B2A00AEA8C7 /* boost.xcodeproj */;
			proxyType = 2;
			remoteGlobalIDString = 7EA960EE134D72490099591E;
			remoteInfo = boost;
		};
		70FB857A18D4D7AA0023A3C4 /* PBXContainerItemProxy */ = {
			isa = PBXContainerItemProxy;
			containerPortal = 70FB857418D4D7AA0023A3C4 /* QuakeViewer.xcodeproj */;
			proxyType = 2;
			remoteGlobalIDString = 709E16F7186A721100AEA8C7;
			remoteInfo = ShadowMapping;
		};
/* End PBXContainerItemProxy section */

/* Begin PBXFileReference section */
		70104E5C167409EB00807647 /* AudioClip.cpp */ = {isa = PBXFileReference; fileEncoding = 4; lastKnownFileType = sourcecode.cpp.cpp; name = AudioClip.cpp; path = ../src/AudioClip.cpp; sourceTree = "<group>"; };
		70104E5D167409EB00807647 /* AudioManager.cpp */ = {isa = PBXFileReference; fileEncoding = 4; lastKnownFileType = sourcecode.cpp.cpp; name = AudioManager.cpp; path = ../src/AudioManager.cpp; sourceTree = "<group>"; };
		70104E60167409F500807647 /* AudioClip.h */ = {isa = PBXFileReference; fileEncoding = 4; lastKnownFileType = sourcecode.c.h; name = AudioClip.h; path = ../include/athena/AudioClip.h; sourceTree = "<group>"; };
		70104E61167409F500807647 /* AudioManager.h */ = {isa = PBXFileReference; fileEncoding = 4; lastKnownFileType = sourcecode.c.h; name = AudioManager.h; path = ../include/athena/AudioManager.h; sourceTree = "<group>"; };
		7020B056186B5141008F12B4 /* IosShadowMapEffect.cpp */ = {isa = PBXFileReference; fileEncoding = 4; lastKnownFileType = sourcecode.cpp.cpp; name = IosShadowMapEffect.cpp; path = ../src/ios/IosShadowMapEffect.cpp; sourceTree = "<group>"; };
		7020B05E186B51F6008F12B4 /* IosShadowMapEffect.h */ = {isa = PBXFileReference; fileEncoding = 4; lastKnownFileType = sourcecode.c.h; name = IosShadowMapEffect.h; path = ../include/athena/ios/IosShadowMapEffect.h; sourceTree = "<group>"; };
		70271B7618D5037B00777C53 /* EffectParameter.cpp */ = {isa = PBXFileReference; fileEncoding = 4; lastKnownFileType = sourcecode.cpp.cpp; name = EffectParameter.cpp; path = ../src/EffectParameter.cpp; sourceTree = "<group>"; };
		70271B7C18D5039000777C53 /* EffectParameter.h */ = {isa = PBXFileReference; fileEncoding = 4; lastKnownFileType = sourcecode.c.h; name = EffectParameter.h; path = ../include/athena/EffectParameter.h; sourceTree = "<group>"; };
		70271B9218D522E400777C53 /* AxisMesh.cpp */ = {isa = PBXFileReference; fileEncoding = 4; lastKnownFileType = sourcecode.cpp.cpp; name = AxisMesh.cpp; path = ../src/AxisMesh.cpp; sourceTree = "<group>"; };
		70271B9318D522E400777C53 /* ConeMesh.cpp */ = {isa = PBXFileReference; fileEncoding = 4; lastKnownFileType = sourcecode.cpp.cpp; name = ConeMesh.cpp; path = ../src/ConeMesh.cpp; sourceTree = "<group>"; };
		70271B9618D522F500777C53 /* AxisMesh.h */ = {isa = PBXFileReference; fileEncoding = 4; lastKnownFileType = sourcecode.c.h; name = AxisMesh.h; path = ../include/athena/AxisMesh.h; sourceTree = "<group>"; };
		70271B9718D522F500777C53 /* ConeMesh.h */ = {isa = PBXFileReference; fileEncoding = 4; lastKnownFileType = sourcecode.c.h; name = ConeMesh.h; path = ../include/athena/ConeMesh.h; sourceTree = "<group>"; };
		702BFDC318D4C0C800BA18A9 /* GeneralSettings.xcconfig */ = {isa = PBXFileReference; fileEncoding = 4; lastKnownFileType = text.xcconfig; path = GeneralSettings.xcconfig; sourceTree = SOURCE_ROOT; };
		702BFDC418D4C0C800BA18A9 /* GeneralSettingsDebug.xcconfig */ = {isa = PBXFileReference; fileEncoding = 4; lastKnownFileType = text.xcconfig; path = GeneralSettingsDebug.xcconfig; sourceTree = SOURCE_ROOT; };
		7035A93717166B530092A5CF /* EmitterModifier.cpp */ = {isa = PBXFileReference; fileEncoding = 4; lastKnownFileType = sourcecode.cpp.cpp; name = EmitterModifier.cpp; path = ../src/EmitterModifier.cpp; sourceTree = "<group>"; };
		7035A93B17166B630092A5CF /* EmitterModifier.h */ = {isa = PBXFileReference; fileEncoding = 4; lastKnownFileType = sourcecode.c.h; name = EmitterModifier.h; path = ../include/athena/EmitterModifier.h; sourceTree = "<group>"; };
		704885BD1868B4C700EB75D7 /* IosUberEffect.cpp */ = {isa = PBXFileReference; fileEncoding = 4; lastKnownFileType = sourcecode.cpp.cpp; name = IosUberEffect.cpp; path = ../src/ios/IosUberEffect.cpp; sourceTree = "<group>"; };
		704885C11868B5AC00EB75D7 /* IosUberEffect.h */ = {isa = PBXFileReference; fileEncoding = 4; lastKnownFileType = sourcecode.c.h; name = IosUberEffect.h; path = ../include/athena/ios/IosUberEffect.h; sourceTree = "<group>"; };
		704885C31868B6B500EB75D7 /* IosEffect.cpp */ = {isa = PBXFileReference; fileEncoding = 4; lastKnownFileType = sourcecode.cpp.cpp; name = IosEffect.cpp; path = ../src/ios/IosEffect.cpp; sourceTree = "<group>"; };
		704885C71868B6DF00EB75D7 /* IosEffect.h */ = {isa = PBXFileReference; lastKnownFileType = sourcecode.c.h; name = IosEffect.h; path = ../include/athena/ios/IosEffect.h; sourceTree = "<group>"; };
		704885C81868B9BD00EB75D7 /* IosUberEffectProvider.cpp */ = {isa = PBXFileReference; fileEncoding = 4; lastKnownFileType = sourcecode.cpp.cpp; name = IosUberEffectProvider.cpp; path = ../src/ios/IosUberEffectProvider.cpp; sourceTree = "<group>"; };
		704885CC1868B9DA00EB75D7 /* IosUberEffectProvider.h */ = {isa = PBXFileReference; lastKnownFileType = sourcecode.c.h; name = IosUberEffectProvider.h; path = ../include/athena/ios/IosUberEffectProvider.h; sourceTree = "<group>"; };
		707895F216E45BAF00CFCE67 /* EAGLView.mm */ = {isa = PBXFileReference; fileEncoding = 4; lastKnownFileType = sourcecode.cpp.objcpp; name = EAGLView.mm; path = ../src/ios/EAGLView.mm; sourceTree = "<group>"; };
		707895F316E45BAF00CFCE67 /* IosAppDelegate.mm */ = {isa = PBXFileReference; fileEncoding = 4; lastKnownFileType = sourcecode.cpp.objcpp; name = IosAppDelegate.mm; path = ../src/ios/IosAppDelegate.mm; sourceTree = "<group>"; };
		707895F416E45BAF00CFCE67 /* IosAudioClip.cpp */ = {isa = PBXFileReference; fileEncoding = 4; lastKnownFileType = sourcecode.cpp.cpp; name = IosAudioClip.cpp; path = ../src/ios/IosAudioClip.cpp; sourceTree = "<group>"; };
		707895F516E45BAF00CFCE67 /* IosAudioManager.cpp */ = {isa = PBXFileReference; fileEncoding = 4; lastKnownFileType = sourcecode.cpp.cpp; name = IosAudioManager.cpp; path = ../src/ios/IosAudioManager.cpp; sourceTree = "<group>"; };
		707895F616E45BAF00CFCE67 /* IosUberEffectGenerator.cpp */ = {isa = PBXFileReference; fileEncoding = 4; lastKnownFileType = sourcecode.cpp.cpp; name = IosUberEffectGenerator.cpp; path = ../src/ios/IosUberEffectGenerator.cpp; sourceTree = "<group>"; };
		707895F716E45BAF00CFCE67 /* IosGraphicDevice.cpp */ = {isa = PBXFileReference; fileEncoding = 4; lastKnownFileType = sourcecode.cpp.cpp; name = IosGraphicDevice.cpp; path = ../src/ios/IosGraphicDevice.cpp; sourceTree = "<group>"; };
		707895F816E45BAF00CFCE67 /* IosResourceManager.cpp */ = {isa = PBXFileReference; fileEncoding = 4; lastKnownFileType = sourcecode.cpp.cpp; name = IosResourceManager.cpp; path = ../src/ios/IosResourceManager.cpp; sourceTree = "<group>"; };
		707895F916E45BAF00CFCE67 /* IosTexture.cpp */ = {isa = PBXFileReference; fileEncoding = 4; lastKnownFileType = sourcecode.cpp.cpp; name = IosTexture.cpp; path = ../src/ios/IosTexture.cpp; sourceTree = "<group>"; };
		707895FA16E45BAF00CFCE67 /* IosVertexBuffer.cpp */ = {isa = PBXFileReference; fileEncoding = 4; lastKnownFileType = sourcecode.cpp.cpp; name = IosVertexBuffer.cpp; path = ../src/ios/IosVertexBuffer.cpp; sourceTree = "<group>"; };
		707895FB16E45BAF00CFCE67 /* IosViewController.mm */ = {isa = PBXFileReference; fileEncoding = 4; lastKnownFileType = sourcecode.cpp.objcpp; name = IosViewController.mm; path = ../src/ios/IosViewController.mm; sourceTree = "<group>"; };
		7078960616E45BBA00CFCE67 /* EAGLView.h */ = {isa = PBXFileReference; fileEncoding = 4; lastKnownFileType = sourcecode.c.h; name = EAGLView.h; path = ../include/athena/ios/EAGLView.h; sourceTree = "<group>"; };
		7078960716E45BBA00CFCE67 /* IosAppDelegate.h */ = {isa = PBXFileReference; fileEncoding = 4; lastKnownFileType = sourcecode.c.h; name = IosAppDelegate.h; path = ../include/athena/ios/IosAppDelegate.h; sourceTree = "<group>"; };
		7078960816E45BBA00CFCE67 /* IosAudioClip.h */ = {isa = PBXFileReference; fileEncoding = 4; lastKnownFileType = sourcecode.c.h; name = IosAudioClip.h; path = ../include/athena/ios/IosAudioClip.h; sourceTree = "<group>"; };
		7078960916E45BBA00CFCE67 /* IosAudioManager.h */ = {isa = PBXFileReference; fileEncoding = 4; lastKnownFileType = sourcecode.c.h; name = IosAudioManager.h; path = ../include/athena/ios/IosAudioManager.h; sourceTree = "<group>"; };
		7078960A16E45BBA00CFCE67 /* IosUberEffectGenerator.h */ = {isa = PBXFileReference; fileEncoding = 4; lastKnownFileType = sourcecode.c.h; name = IosUberEffectGenerator.h; path = ../include/athena/ios/IosUberEffectGenerator.h; sourceTree = "<group>"; };
		7078960B16E45BBA00CFCE67 /* IosGraphicDevice.h */ = {isa = PBXFileReference; fileEncoding = 4; lastKnownFileType = sourcecode.c.h; name = IosGraphicDevice.h; path = ../include/athena/ios/IosGraphicDevice.h; sourceTree = "<group>"; };
		7078960C16E45BBA00CFCE67 /* IosResourceManager.h */ = {isa = PBXFileReference; fileEncoding = 4; lastKnownFileType = sourcecode.c.h; name = IosResourceManager.h; path = ../include/athena/ios/IosResourceManager.h; sourceTree = "<group>"; };
		7078960D16E45BBA00CFCE67 /* IosTexture.h */ = {isa = PBXFileReference; fileEncoding = 4; lastKnownFileType = sourcecode.c.h; name = IosTexture.h; path = ../include/athena/ios/IosTexture.h; sourceTree = "<group>"; };
		7078960E16E45BBA00CFCE67 /* IosVertexBuffer.h */ = {isa = PBXFileReference; fileEncoding = 4; lastKnownFileType = sourcecode.c.h; name = IosVertexBuffer.h; path = ../include/athena/ios/IosVertexBuffer.h; sourceTree = "<group>"; };
		7078960F16E45BBA00CFCE67 /* IosViewController.h */ = {isa = PBXFileReference; fileEncoding = 4; lastKnownFileType = sourcecode.c.h; name = IosViewController.h; path = ../include/athena/ios/IosViewController.h; sourceTree = "<group>"; };
		7078961016E45BBA00CFCE67 /* OpenGlEsDefs.h */ = {isa = PBXFileReference; fileEncoding = 4; lastKnownFileType = sourcecode.c.h; name = OpenGlEsDefs.h; path = ../include/athena/ios/OpenGlEsDefs.h; sourceTree = "<group>"; };
		7096E31318E015960068769A /* ParseUtils.cpp */ = {isa = PBXFileReference; fileEncoding = 4; lastKnownFileType = sourcecode.cpp.cpp; name = ParseUtils.cpp; path = ../src/ParseUtils.cpp; sourceTree = "<group>"; };
		7096E31918E015A00068769A /* ParseUtils.h */ = {isa = PBXFileReference; fileEncoding = 4; lastKnownFileType = sourcecode.c.h; name = ParseUtils.h; path = ../include/athena/ParseUtils.h; sourceTree = "<group>"; };
		70983A7118D76D2100FA2ABE /* TextureLoader.cpp */ = {isa = PBXFileReference; fileEncoding = 4; lastKnownFileType = sourcecode.cpp.cpp; name = TextureLoader.cpp; path = ../src/TextureLoader.cpp; sourceTree = "<group>"; };
		70983A7718D76D3400FA2ABE /* TextureLoader.h */ = {isa = PBXFileReference; fileEncoding = 4; lastKnownFileType = sourcecode.c.h; name = TextureLoader.h; path = ../include/athena/TextureLoader.h; sourceTree = "<group>"; };
		70983A7918D76D8600FA2ABE /* DdsImage.cpp */ = {isa = PBXFileReference; fileEncoding = 4; lastKnownFileType = sourcecode.cpp.cpp; name = DdsImage.cpp; path = ../src/resources/DdsImage.cpp; sourceTree = "<group>"; };
		70983A7B18D76DA400FA2ABE /* DdsImage.h */ = {isa = PBXFileReference; fileEncoding = 4; lastKnownFileType = sourcecode.c.h; name = DdsImage.h; path = ../include/athena/resources/DdsImage.h; sourceTree = "<group>"; };
		709C28D61822088000B6B2D0 /* EmitterDescriptor.cpp */ = {isa = PBXFileReference; fileEncoding = 4; lastKnownFileType = sourcecode.cpp.cpp; name = EmitterDescriptor.cpp; path = ../src/resources/EmitterDescriptor.cpp; sourceTree = "<group>"; };
		709C28D71822088000B6B2D0 /* FontDescriptor.cpp */ = {isa = PBXFileReference; fileEncoding = 4; lastKnownFileType = sourcecode.cpp.cpp; name = FontDescriptor.cpp; path = ../src/resources/FontDescriptor.cpp; sourceTree = "<group>"; };
		709C28D81822088000B6B2D0 /* NinePatchDescriptor.cpp */ = {isa = PBXFileReference; fileEncoding = 4; lastKnownFileType = sourcecode.cpp.cpp; name = NinePatchDescriptor.cpp; path = ../src/resources/NinePatchDescriptor.cpp; sourceTree = "<group>"; };
		709C28D91822088000B6B2D0 /* Package.cpp */ = {isa = PBXFileReference; fileEncoding = 4; lastKnownFileType = sourcecode.cpp.cpp; name = Package.cpp; path = ../src/resources/Package.cpp; sourceTree = "<group>"; };
		709C28DA1822088000B6B2D0 /* ResourceManager.cpp */ = {isa = PBXFileReference; fileEncoding = 4; lastKnownFileType = sourcecode.cpp.cpp; name = ResourceManager.cpp; path = ../src/resources/ResourceManager.cpp; sourceTree = "<group>"; };
		709C28DB1822088000B6B2D0 /* SceneDescriptor.cpp */ = {isa = PBXFileReference; fileEncoding = 4; lastKnownFileType = sourcecode.cpp.cpp; name = SceneDescriptor.cpp; path = ../src/resources/SceneDescriptor.cpp; sourceTree = "<group>"; };
		709C28DC1822088000B6B2D0 /* TextureResource.cpp */ = {isa = PBXFileReference; fileEncoding = 4; lastKnownFileType = sourcecode.cpp.cpp; name = TextureResource.cpp; path = ../src/resources/TextureResource.cpp; sourceTree = "<group>"; };
		709C28E41822088E00B6B2D0 /* EmitterDescriptor.h */ = {isa = PBXFileReference; fileEncoding = 4; lastKnownFileType = sourcecode.c.h; name = EmitterDescriptor.h; path = ../include/athena/resources/EmitterDescriptor.h; sourceTree = "<group>"; };
		709C28E51822088E00B6B2D0 /* FontDescriptor.h */ = {isa = PBXFileReference; fileEncoding = 4; lastKnownFileType = sourcecode.c.h; name = FontDescriptor.h; path = ../include/athena/resources/FontDescriptor.h; sourceTree = "<group>"; };
		709C28E61822088E00B6B2D0 /* NinePatchDescriptor.h */ = {isa = PBXFileReference; fileEncoding = 4; lastKnownFileType = sourcecode.c.h; name = NinePatchDescriptor.h; path = ../include/athena/resources/NinePatchDescriptor.h; sourceTree = "<group>"; };
		709C28E71822088E00B6B2D0 /* Package.h */ = {isa = PBXFileReference; fileEncoding = 4; lastKnownFileType = sourcecode.c.h; name = Package.h; path = ../include/athena/resources/Package.h; sourceTree = "<group>"; };
		709C28E81822088E00B6B2D0 /* PvrImage.h */ = {isa = PBXFileReference; fileEncoding = 4; lastKnownFileType = sourcecode.c.h; name = PvrImage.h; path = ../include/athena/resources/PvrImage.h; sourceTree = "<group>"; };
		709C28E91822088E00B6B2D0 /* Resource.h */ = {isa = PBXFileReference; fileEncoding = 4; lastKnownFileType = sourcecode.c.h; name = Resource.h; path = ../include/athena/resources/Resource.h; sourceTree = "<group>"; };
		709C28EA1822088E00B6B2D0 /* ResourceManager.h */ = {isa = PBXFileReference; fileEncoding = 4; lastKnownFileType = sourcecode.c.h; name = ResourceManager.h; path = ../include/athena/resources/ResourceManager.h; sourceTree = "<group>"; };
		709C28EB1822088E00B6B2D0 /* SceneDescriptor.h */ = {isa = PBXFileReference; fileEncoding = 4; lastKnownFileType = sourcecode.c.h; name = SceneDescriptor.h; path = ../include/athena/resources/SceneDescriptor.h; sourceTree = "<group>"; };
		709C28EC1822088E00B6B2D0 /* TextureResource.h */ = {isa = PBXFileReference; fileEncoding = 4; lastKnownFileType = sourcecode.c.h; name = TextureResource.h; path = ../include/athena/resources/TextureResource.h; sourceTree = "<group>"; };
		709C28ED1822088E00B6B2D0 /* TgaImage.h */ = {isa = PBXFileReference; fileEncoding = 4; lastKnownFileType = sourcecode.c.h; name = TgaImage.h; path = ../include/athena/resources/TgaImage.h; sourceTree = "<group>"; };
		709C28FC182209A000B6B2D0 /* Scene.cpp */ = {isa = PBXFileReference; fileEncoding = 4; lastKnownFileType = sourcecode.cpp.cpp; name = Scene.cpp; path = ../src/Scene.cpp; sourceTree = "<group>"; };
		709C28FE182209B200B6B2D0 /* Scene.h */ = {isa = PBXFileReference; fileEncoding = 4; lastKnownFileType = sourcecode.c.h; name = Scene.h; path = ../include/athena/Scene.h; sourceTree = "<group>"; };
		709C3B1A18D4BC8A006DAF2C /* Athena-Prefix.pch */ = {isa = PBXFileReference; fileEncoding = 4; lastKnownFileType = sourcecode.c.h; path = "Athena-Prefix.pch"; sourceTree = SOURCE_ROOT; };
		709E16E4186A689B00AEA8C7 /* CubeRenderTarget.h */ = {isa = PBXFileReference; fileEncoding = 4; lastKnownFileType = sourcecode.c.h; name = CubeRenderTarget.h; path = ../include/athena/CubeRenderTarget.h; sourceTree = "<group>"; };
		709E16E5186A689B00AEA8C7 /* Effect.h */ = {isa = PBXFileReference; fileEncoding = 4; lastKnownFileType = sourcecode.c.h; name = Effect.h; path = ../include/athena/Effect.h; sourceTree = "<group>"; };
		709E16E6186A689B00AEA8C7 /* EffectProvider.h */ = {isa = PBXFileReference; fileEncoding = 4; lastKnownFileType = sourcecode.c.h; name = EffectProvider.h; path = ../include/athena/EffectProvider.h; sourceTree = "<group>"; };
		709E16E7186A689B00AEA8C7 /* IAnimation.h */ = {isa = PBXFileReference; fileEncoding = 4; lastKnownFileType = sourcecode.c.h; name = IAnimation.h; path = ../include/athena/IAnimation.h; sourceTree = "<group>"; };
		709E16E8186A689B00AEA8C7 /* RenderTarget.h */ = {isa = PBXFileReference; fileEncoding = 4; lastKnownFileType = sourcecode.c.h; name = RenderTarget.h; path = ../include/athena/RenderTarget.h; sourceTree = "<group>"; };
		709E174B186A739B00AEA8C7 /* ShadowMapping.xcodeproj */ = {isa = PBXFileReference; lastKnownFileType = "wrapper.pb-project"; name = ShadowMapping.xcodeproj; path = ../samples/ShadowMapping/build_ios/ShadowMapping.xcodeproj; sourceTree = "<group>"; };
		709E175F186A7B1B00AEA8C7 /* Framework.xcodeproj */ = {isa = PBXFileReference; lastKnownFileType = "wrapper.pb-project"; name = Framework.xcodeproj; path = ../../Framework/build_iphone/Framework.xcodeproj; sourceTree = "<group>"; };
		709E1765186A7B2A00AEA8C7 /* boost.xcodeproj */ = {isa = PBXFileReference; lastKnownFileType = "wrapper.pb-project"; name = boost.xcodeproj; path = ../../boost/build_iphone/boost.xcodeproj; sourceTree = "<group>"; };
		70B5824A1635215200C40F25 /* RumbleAnimation.cpp */ = {isa = PBXFileReference; fileEncoding = 4; lastKnownFileType = sourcecode.cpp.cpp; name = RumbleAnimation.cpp; path = ../src/RumbleAnimation.cpp; sourceTree = "<group>"; };
		70B5824B1635215200C40F25 /* TextureAnimation.cpp */ = {isa = PBXFileReference; fileEncoding = 4; lastKnownFileType = sourcecode.cpp.cpp; name = TextureAnimation.cpp; path = ../src/TextureAnimation.cpp; sourceTree = "<group>"; };
		70B5824F1635216800C40F25 /* AnimationController.h */ = {isa = PBXFileReference; fileEncoding = 4; lastKnownFileType = sourcecode.c.h; name = AnimationController.h; path = ../include/athena/AnimationController.h; sourceTree = "<group>"; };
		70B582501635216800C40F25 /* AnimationCurve.h */ = {isa = PBXFileReference; fileEncoding = 4; lastKnownFileType = sourcecode.c.h; name = AnimationCurve.h; path = ../include/athena/AnimationCurve.h; sourceTree = "<group>"; };
		70B582511635216800C40F25 /* RumbleAnimation.h */ = {isa = PBXFileReference; fileEncoding = 4; lastKnownFileType = sourcecode.c.h; name = RumbleAnimation.h; path = ../include/athena/RumbleAnimation.h; sourceTree = "<group>"; };
		70B582521635216800C40F25 /* TextureAnimation.h */ = {isa = PBXFileReference; fileEncoding = 4; lastKnownFileType = sourcecode.c.h; name = TextureAnimation.h; path = ../include/athena/TextureAnimation.h; sourceTree = "<group>"; };
		70C6E54C1685709E001544EB /* Emitter.cpp */ = {isa = PBXFileReference; fileEncoding = 4; lastKnownFileType = sourcecode.cpp.cpp; name = Emitter.cpp; path = ../src/Emitter.cpp; sourceTree = "<group>"; };
		70C6E54F168570A8001544EB /* Emitter.h */ = {isa = PBXFileReference; fileEncoding = 4; lastKnownFileType = sourcecode.c.h; name = Emitter.h; path = ../include/athena/Emitter.h; sourceTree = "<group>"; };
		70FB857418D4D7AA0023A3C4 /* QuakeViewer.xcodeproj */ = {isa = PBXFileReference; lastKnownFileType = "wrapper.pb-project"; name = QuakeViewer.xcodeproj; path = ../samples/QuakeViewer/build_ios/QuakeViewer.xcodeproj; sourceTree = "<group>"; };
		7E407F831401F8AD00431963 /* Frustum.h */ = {isa = PBXFileReference; fileEncoding = 4; lastKnownFileType = sourcecode.c.h; name = Frustum.h; path = ../include/athena/Frustum.h; sourceTree = "<group>"; };
		7E407F841401F8AD00431963 /* Plane.h */ = {isa = PBXFileReference; fileEncoding = 4; lastKnownFileType = sourcecode.c.h; name = Plane.h; path = ../include/athena/Plane.h; sourceTree = "<group>"; };
		7E407F871401F8C000431963 /* Frustum.cpp */ = {isa = PBXFileReference; fileEncoding = 4; lastKnownFileType = sourcecode.cpp.cpp; name = Frustum.cpp; path = ../src/Frustum.cpp; sourceTree = "<group>"; };
		7E407F891401F8F300431963 /* MeshProvider.h */ = {isa = PBXFileReference; fileEncoding = 4; lastKnownFileType = sourcecode.c.h; name = MeshProvider.h; path = ../include/athena/MeshProvider.h; sourceTree = "<group>"; };
		7E407F8B1401F90500431963 /* AthenaEngine.h */ = {isa = PBXFileReference; fileEncoding = 4; lastKnownFileType = sourcecode.c.h; name = AthenaEngine.h; path = ../include/AthenaEngine.h; sourceTree = "<group>"; };
		7E5C121C14F19EF700292DD3 /* ButtonBase.cpp */ = {isa = PBXFileReference; fileEncoding = 4; lastKnownFileType = sourcecode.cpp.cpp; name = ButtonBase.cpp; path = ../src/ButtonBase.cpp; sourceTree = "<group>"; };
		7E5C121D14F19EF700292DD3 /* ConfigManager.cpp */ = {isa = PBXFileReference; fileEncoding = 4; lastKnownFileType = sourcecode.cpp.cpp; name = ConfigManager.cpp; path = ../src/ConfigManager.cpp; sourceTree = "<group>"; };
		7E5C121E14F19EF700292DD3 /* NinePatch.cpp */ = {isa = PBXFileReference; fileEncoding = 4; lastKnownFileType = sourcecode.cpp.cpp; name = NinePatch.cpp; path = ../src/NinePatch.cpp; sourceTree = "<group>"; };
		7E5C121F14F19EF700292DD3 /* NinePatchButton.cpp */ = {isa = PBXFileReference; fileEncoding = 4; lastKnownFileType = sourcecode.cpp.cpp; name = NinePatchButton.cpp; path = ../src/NinePatchButton.cpp; sourceTree = "<group>"; };
		7E5C122114F19EF700292DD3 /* SphereMesh.cpp */ = {isa = PBXFileReference; fileEncoding = 4; lastKnownFileType = sourcecode.cpp.cpp; name = SphereMesh.cpp; path = ../src/SphereMesh.cpp; sourceTree = "<group>"; };
		7E5C122214F19EF700292DD3 /* SpriteButton.cpp */ = {isa = PBXFileReference; fileEncoding = 4; lastKnownFileType = sourcecode.cpp.cpp; name = SpriteButton.cpp; path = ../src/SpriteButton.cpp; sourceTree = "<group>"; };
		7E5C122B14F19F0800292DD3 /* ButtonBase.h */ = {isa = PBXFileReference; fileEncoding = 4; lastKnownFileType = sourcecode.c.h; name = ButtonBase.h; path = ../include/athena/ButtonBase.h; sourceTree = "<group>"; };
		7E5C122C14F19F0800292DD3 /* ConfigManager.h */ = {isa = PBXFileReference; fileEncoding = 4; lastKnownFileType = sourcecode.c.h; name = ConfigManager.h; path = ../include/athena/ConfigManager.h; sourceTree = "<group>"; };
		7E5C122D14F19F0800292DD3 /* ILayoutable.h */ = {isa = PBXFileReference; fileEncoding = 4; lastKnownFileType = sourcecode.c.h; name = ILayoutable.h; path = ../include/athena/ILayoutable.h; sourceTree = "<group>"; };
		7E5C122E14F19F0800292DD3 /* NinePatch.h */ = {isa = PBXFileReference; fileEncoding = 4; lastKnownFileType = sourcecode.c.h; name = NinePatch.h; path = ../include/athena/NinePatch.h; sourceTree = "<group>"; };
		7E5C122F14F19F0800292DD3 /* NinePatchButton.h */ = {isa = PBXFileReference; fileEncoding = 4; lastKnownFileType = sourcecode.c.h; name = NinePatchButton.h; path = ../include/athena/NinePatchButton.h; sourceTree = "<group>"; };
		7E5C123114F19F0800292DD3 /* SphereMesh.h */ = {isa = PBXFileReference; fileEncoding = 4; lastKnownFileType = sourcecode.c.h; name = SphereMesh.h; path = ../include/athena/SphereMesh.h; sourceTree = "<group>"; };
		7E5C123214F19F0800292DD3 /* SpriteButton.h */ = {isa = PBXFileReference; fileEncoding = 4; lastKnownFileType = sourcecode.c.h; name = SpriteButton.h; path = ../include/athena/SpriteButton.h; sourceTree = "<group>"; };
		7E5C123314F19F0800292DD3 /* Tween.h */ = {isa = PBXFileReference; fileEncoding = 4; lastKnownFileType = sourcecode.c.h; name = Tween.h; path = ../include/athena/Tween.h; sourceTree = "<group>"; };
		7E7D873B13F719E500AD9F7F /* libAthena.a */ = {isa = PBXFileReference; explicitFileType = archive.ar; includeInIndex = 0; path = libAthena.a; sourceTree = BUILT_PRODUCTS_DIR; };
		7E7D873E13F719E500AD9F7F /* Foundation.framework */ = {isa = PBXFileReference; lastKnownFileType = wrapper.framework; name = Foundation.framework; path = System/Library/Frameworks/Foundation.framework; sourceTree = SDKROOT; };
		7E7D874E13F71AC300AD9F7F /* Box2.cpp */ = {isa = PBXFileReference; fileEncoding = 4; lastKnownFileType = sourcecode.cpp.cpp; name = Box2.cpp; path = ../src/Box2.cpp; sourceTree = "<group>"; };
		7E7D875013F71AC300AD9F7F /* Camera.cpp */ = {isa = PBXFileReference; fileEncoding = 4; lastKnownFileType = sourcecode.cpp.cpp; name = Camera.cpp; path = ../src/Camera.cpp; sourceTree = "<group>"; };
		7E7D875113F71AC300AD9F7F /* CatmullRom.cpp */ = {isa = PBXFileReference; fileEncoding = 4; lastKnownFileType = sourcecode.cpp.cpp; name = CatmullRom.cpp; path = ../src/CatmullRom.cpp; sourceTree = "<group>"; };
		7E7D875213F71AC300AD9F7F /* CubeMesh.cpp */ = {isa = PBXFileReference; fileEncoding = 4; lastKnownFileType = sourcecode.cpp.cpp; name = CubeMesh.cpp; path = ../src/CubeMesh.cpp; sourceTree = "<group>"; };
		7E7D875413F71AC300AD9F7F /* GraphicDevice.cpp */ = {isa = PBXFileReference; fileEncoding = 4; lastKnownFileType = sourcecode.cpp.cpp; name = GraphicDevice.cpp; path = ../src/GraphicDevice.cpp; sourceTree = "<group>"; };
		7E7D875513F71AC300AD9F7F /* InputManager.cpp */ = {isa = PBXFileReference; fileEncoding = 4; lastKnownFileType = sourcecode.cpp.cpp; name = InputManager.cpp; path = ../src/InputManager.cpp; sourceTree = "<group>"; };
		7E7D875613F71AC300AD9F7F /* Label.cpp */ = {isa = PBXFileReference; fileEncoding = 4; lastKnownFileType = sourcecode.cpp.cpp; name = Label.cpp; path = ../src/Label.cpp; sourceTree = "<group>"; };
		7E7D875713F71AC300AD9F7F /* Material.cpp */ = {isa = PBXFileReference; fileEncoding = 4; lastKnownFileType = sourcecode.cpp.cpp; name = Material.cpp; path = ../src/Material.cpp; sourceTree = "<group>"; };
		7E7D875813F71AC300AD9F7F /* Mesh.cpp */ = {isa = PBXFileReference; fileEncoding = 4; lastKnownFileType = sourcecode.cpp.cpp; name = Mesh.cpp; path = ../src/Mesh.cpp; sourceTree = "<group>"; };
		7E7D875A13F71AC300AD9F7F /* SceneNode.cpp */ = {isa = PBXFileReference; fileEncoding = 4; lastKnownFileType = sourcecode.cpp.cpp; name = SceneNode.cpp; path = ../src/SceneNode.cpp; sourceTree = "<group>"; };
		7E7D875B13F71AC300AD9F7F /* Sprite.cpp */ = {isa = PBXFileReference; fileEncoding = 4; lastKnownFileType = sourcecode.cpp.cpp; name = Sprite.cpp; path = ../src/Sprite.cpp; sourceTree = "<group>"; };
		7E7D875C13F71AC300AD9F7F /* Texture.cpp */ = {isa = PBXFileReference; fileEncoding = 4; lastKnownFileType = sourcecode.cpp.cpp; name = Texture.cpp; path = ../src/Texture.cpp; sourceTree = "<group>"; };
		7E7D875D13F71AC300AD9F7F /* VertexBuffer.cpp */ = {isa = PBXFileReference; fileEncoding = 4; lastKnownFileType = sourcecode.cpp.cpp; name = VertexBuffer.cpp; path = ../src/VertexBuffer.cpp; sourceTree = "<group>"; };
		7E7D875E13F71AC300AD9F7F /* Viewport.cpp */ = {isa = PBXFileReference; fileEncoding = 4; lastKnownFileType = sourcecode.cpp.cpp; name = Viewport.cpp; path = ../src/Viewport.cpp; sourceTree = "<group>"; };
		7E7D875F13F71AC300AD9F7F /* Widget.cpp */ = {isa = PBXFileReference; fileEncoding = 4; lastKnownFileType = sourcecode.cpp.cpp; name = Widget.cpp; path = ../src/Widget.cpp; sourceTree = "<group>"; };
		7E7D877313F71AD900AD9F7F /* Application.h */ = {isa = PBXFileReference; fileEncoding = 4; lastKnownFileType = sourcecode.c.h; name = Application.h; path = ../include/athena/Application.h; sourceTree = "<group>"; };
		7E7D877413F71AD900AD9F7F /* Box2.h */ = {isa = PBXFileReference; fileEncoding = 4; lastKnownFileType = sourcecode.c.h; name = Box2.h; path = ../include/athena/Box2.h; sourceTree = "<group>"; };
		7E7D877613F71AD900AD9F7F /* Camera.h */ = {isa = PBXFileReference; fileEncoding = 4; lastKnownFileType = sourcecode.c.h; name = Camera.h; path = ../include/athena/Camera.h; sourceTree = "<group>"; };
		7E7D877713F71AD900AD9F7F /* CatmullRom.h */ = {isa = PBXFileReference; fileEncoding = 4; lastKnownFileType = sourcecode.c.h; name = CatmullRom.h; path = ../include/athena/CatmullRom.h; sourceTree = "<group>"; };
		7E7D877813F71AD900AD9F7F /* Color.h */ = {isa = PBXFileReference; fileEncoding = 4; lastKnownFileType = sourcecode.c.h; name = Color.h; path = ../include/athena/Color.h; sourceTree = "<group>"; };
		7E7D877913F71AD900AD9F7F /* CubeMesh.h */ = {isa = PBXFileReference; fileEncoding = 4; lastKnownFileType = sourcecode.c.h; name = CubeMesh.h; path = ../include/athena/CubeMesh.h; sourceTree = "<group>"; };
		7E7D877B13F71AD900AD9F7F /* GraphicDevice.h */ = {isa = PBXFileReference; fileEncoding = 4; lastKnownFileType = sourcecode.c.h; name = GraphicDevice.h; path = ../include/athena/GraphicDevice.h; sourceTree = "<group>"; };
		7E7D877C13F71AD900AD9F7F /* InputManager.h */ = {isa = PBXFileReference; fileEncoding = 4; lastKnownFileType = sourcecode.c.h; name = InputManager.h; path = ../include/athena/InputManager.h; sourceTree = "<group>"; };
		7E7D877D13F71AD900AD9F7F /* Label.h */ = {isa = PBXFileReference; fileEncoding = 4; lastKnownFileType = sourcecode.c.h; name = Label.h; path = ../include/athena/Label.h; sourceTree = "<group>"; };
		7E7D877E13F71AD900AD9F7F /* Material.h */ = {isa = PBXFileReference; fileEncoding = 4; lastKnownFileType = sourcecode.c.h; name = Material.h; path = ../include/athena/Material.h; sourceTree = "<group>"; };
		7E7D877F13F71AD900AD9F7F /* MathDef.h */ = {isa = PBXFileReference; fileEncoding = 4; lastKnownFileType = sourcecode.c.h; name = MathDef.h; path = ../include/athena/MathDef.h; sourceTree = "<group>"; };
		7E7D878013F71AD900AD9F7F /* Matrix4.h */ = {isa = PBXFileReference; fileEncoding = 4; lastKnownFileType = sourcecode.c.h; name = Matrix4.h; path = ../include/athena/Matrix4.h; sourceTree = "<group>"; };
		7E7D878113F71AD900AD9F7F /* Mesh.h */ = {isa = PBXFileReference; fileEncoding = 4; lastKnownFileType = sourcecode.c.h; name = Mesh.h; path = ../include/athena/Mesh.h; sourceTree = "<group>"; };
		7E7D878213F71AD900AD9F7F /* Quaternion.h */ = {isa = PBXFileReference; fileEncoding = 4; lastKnownFileType = sourcecode.c.h; name = Quaternion.h; path = ../include/athena/Quaternion.h; sourceTree = "<group>"; };
		7E7D878413F71AD900AD9F7F /* SceneNode.h */ = {isa = PBXFileReference; fileEncoding = 4; lastKnownFileType = sourcecode.c.h; name = SceneNode.h; path = ../include/athena/SceneNode.h; sourceTree = "<group>"; };
		7E7D878513F71AD900AD9F7F /* Sprite.h */ = {isa = PBXFileReference; fileEncoding = 4; lastKnownFileType = sourcecode.c.h; name = Sprite.h; path = ../include/athena/Sprite.h; sourceTree = "<group>"; };
		7E7D878613F71AD900AD9F7F /* Texture.h */ = {isa = PBXFileReference; fileEncoding = 4; lastKnownFileType = sourcecode.c.h; name = Texture.h; path = ../include/athena/Texture.h; sourceTree = "<group>"; };
		7E7D878713F71AD900AD9F7F /* Vector2.h */ = {isa = PBXFileReference; fileEncoding = 4; lastKnownFileType = sourcecode.c.h; name = Vector2.h; path = ../include/athena/Vector2.h; sourceTree = "<group>"; };
		7E7D878813F71AD900AD9F7F /* Vector3.h */ = {isa = PBXFileReference; fileEncoding = 4; lastKnownFileType = sourcecode.c.h; name = Vector3.h; path = ../include/athena/Vector3.h; sourceTree = "<group>"; };
		7E7D878913F71AD900AD9F7F /* VertexBuffer.h */ = {isa = PBXFileReference; fileEncoding = 4; lastKnownFileType = sourcecode.c.h; name = VertexBuffer.h; path = ../include/athena/VertexBuffer.h; sourceTree = "<group>"; };
		7E7D878A13F71AD900AD9F7F /* Viewport.h */ = {isa = PBXFileReference; fileEncoding = 4; lastKnownFileType = sourcecode.c.h; name = Viewport.h; path = ../include/athena/Viewport.h; sourceTree = "<group>"; };
		7E7D878B13F71AD900AD9F7F /* Widget.h */ = {isa = PBXFileReference; fileEncoding = 4; lastKnownFileType = sourcecode.c.h; name = Widget.h; path = ../include/athena/Widget.h; sourceTree = "<group>"; };
/* End PBXFileReference section */

/* Begin PBXFrameworksBuildPhase section */
		7E7D873813F719E500AD9F7F /* Frameworks */ = {
			isa = PBXFrameworksBuildPhase;
			buildActionMask = 2147483647;
			files = (
				7E7D873F13F719E500AD9F7F /* Foundation.framework in Frameworks */,
			);
			runOnlyForDeploymentPostprocessing = 0;
		};
/* End PBXFrameworksBuildPhase section */

/* Begin PBXGroup section */
		70104E5A167409D300807647 /* audio */ = {
			isa = PBXGroup;
			children = (
				70104E5C167409EB00807647 /* AudioClip.cpp */,
				70104E60167409F500807647 /* AudioClip.h */,
				70104E5D167409EB00807647 /* AudioManager.cpp */,
				70104E61167409F500807647 /* AudioManager.h */,
			);
			name = audio;
			sourceTree = "<group>";
		};
		704885BC1868B3B500EB75D7 /* UberEffect */ = {
			isa = PBXGroup;
			children = (
				707895F616E45BAF00CFCE67 /* IosUberEffectGenerator.cpp */,
				7078960A16E45BBA00CFCE67 /* IosUberEffectGenerator.h */,
				704885BD1868B4C700EB75D7 /* IosUberEffect.cpp */,
				704885C11868B5AC00EB75D7 /* IosUberEffect.h */,
				704885C81868B9BD00EB75D7 /* IosUberEffectProvider.cpp */,
				704885CC1868B9DA00EB75D7 /* IosUberEffectProvider.h */,
			);
			name = UberEffect;
			sourceTree = "<group>";
		};
		709E1743186A724B00AEA8C7 /* Samples */ = {
			isa = PBXGroup;
			children = (
				70FB857418D4D7AA0023A3C4 /* QuakeViewer.xcodeproj */,
				709E174B186A739B00AEA8C7 /* ShadowMapping.xcodeproj */,
			);
			name = Samples;
			sourceTree = "<group>";
		};
		709E174C186A739B00AEA8C7 /* Products */ = {
			isa = PBXGroup;
			children = (
				709E1750186A739B00AEA8C7 /* ShadowMapping.app */,
			);
			name = Products;
			sourceTree = "<group>";
		};
		709E175E186A7B0B00AEA8C7 /* Dependencies */ = {
			isa = PBXGroup;
			children = (
				709E1765186A7B2A00AEA8C7 /* boost.xcodeproj */,
				709E175F186A7B1B00AEA8C7 /* Framework.xcodeproj */,
			);
			name = Dependencies;
			sourceTree = "<group>";
		};
		709E1760186A7B1B00AEA8C7 /* Products */ = {
			isa = PBXGroup;
			children = (
				709E1764186A7B1B00AEA8C7 /* libFramework.a */,
			);
			name = Products;
			sourceTree = "<group>";
		};
		709E1766186A7B2A00AEA8C7 /* Products */ = {
			isa = PBXGroup;
			children = (
				709E176A186A7B2A00AEA8C7 /* libboost.a */,
			);
			name = Products;
			sourceTree = "<group>";
		};
		70B582481635214200C40F25 /* animation */ = {
			isa = PBXGroup;
			children = (
				70B5824F1635216800C40F25 /* AnimationController.h */,
				70B582501635216800C40F25 /* AnimationCurve.h */,
				70B5824A1635215200C40F25 /* RumbleAnimation.cpp */,
				70B582511635216800C40F25 /* RumbleAnimation.h */,
				70B5824B1635215200C40F25 /* TextureAnimation.cpp */,
				70B582521635216800C40F25 /* TextureAnimation.h */,
			);
			name = animation;
			sourceTree = "<group>";
		};
		70FB857518D4D7AA0023A3C4 /* Products */ = {
			isa = PBXGroup;
			children = (
				70FB857B18D4D7AA0023A3C4 /* QuakeViewer.app */,
			);
			name = Products;
			sourceTree = "<group>";
		};
		7E2885B813F862F800F606EB /* ios */ = {
			isa = PBXGroup;
			children = (
				7078960616E45BBA00CFCE67 /* EAGLView.h */,
				707895F216E45BAF00CFCE67 /* EAGLView.mm */,
				7078960716E45BBA00CFCE67 /* IosAppDelegate.h */,
				707895F316E45BAF00CFCE67 /* IosAppDelegate.mm */,
				707895F416E45BAF00CFCE67 /* IosAudioClip.cpp */,
				7078960816E45BBA00CFCE67 /* IosAudioClip.h */,
				707895F516E45BAF00CFCE67 /* IosAudioManager.cpp */,
				7078960916E45BBA00CFCE67 /* IosAudioManager.h */,
				704885C31868B6B500EB75D7 /* IosEffect.cpp */,
				704885C71868B6DF00EB75D7 /* IosEffect.h */,
				707895F716E45BAF00CFCE67 /* IosGraphicDevice.cpp */,
				7078960B16E45BBA00CFCE67 /* IosGraphicDevice.h */,
				707895F816E45BAF00CFCE67 /* IosResourceManager.cpp */,
				7078960C16E45BBA00CFCE67 /* IosResourceManager.h */,
				7020B056186B5141008F12B4 /* IosShadowMapEffect.cpp */,
				7020B05E186B51F6008F12B4 /* IosShadowMapEffect.h */,
				707895F916E45BAF00CFCE67 /* IosTexture.cpp */,
				7078960D16E45BBA00CFCE67 /* IosTexture.h */,
				707895FA16E45BAF00CFCE67 /* IosVertexBuffer.cpp */,
				7078960E16E45BBA00CFCE67 /* IosVertexBuffer.h */,
				7078960F16E45BBA00CFCE67 /* IosViewController.h */,
				707895FB16E45BAF00CFCE67 /* IosViewController.mm */,
				7078961016E45BBA00CFCE67 /* OpenGlEsDefs.h */,
				704885BC1868B3B500EB75D7 /* UberEffect */,
			);
			name = ios;
			sourceTree = "<group>";
		};
		7E407F811401F88700431963 /* math */ = {
			isa = PBXGroup;
			children = (
				7E7D874E13F71AC300AD9F7F /* Box2.cpp */,
				7E7D877413F71AD900AD9F7F /* Box2.h */,
				7E7D875113F71AC300AD9F7F /* CatmullRom.cpp */,
				7E7D877713F71AD900AD9F7F /* CatmullRom.h */,
				7E407F871401F8C000431963 /* Frustum.cpp */,
				7E407F831401F8AD00431963 /* Frustum.h */,
				7E7D877F13F71AD900AD9F7F /* MathDef.h */,
				7E7D878013F71AD900AD9F7F /* Matrix4.h */,
				7E407F841401F8AD00431963 /* Plane.h */,
				7E7D878213F71AD900AD9F7F /* Quaternion.h */,
				7E5C123314F19F0800292DD3 /* Tween.h */,
				7E7D878713F71AD900AD9F7F /* Vector2.h */,
				7E7D878813F71AD900AD9F7F /* Vector3.h */,
			);
			name = math;
			sourceTree = "<group>";
		};
		7E5C123D14F19F1200292DD3 /* graphics */ = {
			isa = PBXGroup;
			children = (
				70271B9218D522E400777C53 /* AxisMesh.cpp */,
				70271B9618D522F500777C53 /* AxisMesh.h */,
				7E7D875013F71AC300AD9F7F /* Camera.cpp */,
				7E7D877613F71AD900AD9F7F /* Camera.h */,
				7E7D877813F71AD900AD9F7F /* Color.h */,
				70271B9318D522E400777C53 /* ConeMesh.cpp */,
				70271B9718D522F500777C53 /* ConeMesh.h */,
				7E7D875213F71AC300AD9F7F /* CubeMesh.cpp */,
				7E7D877913F71AD900AD9F7F /* CubeMesh.h */,
				709E16E4186A689B00AEA8C7 /* CubeRenderTarget.h */,
				709E16E5186A689B00AEA8C7 /* Effect.h */,
				70271B7618D5037B00777C53 /* EffectParameter.cpp */,
				70271B7C18D5039000777C53 /* EffectParameter.h */,
				709E16E6186A689B00AEA8C7 /* EffectProvider.h */,
				70C6E54C1685709E001544EB /* Emitter.cpp */,
				70C6E54F168570A8001544EB /* Emitter.h */,
				7035A93717166B530092A5CF /* EmitterModifier.cpp */,
				7035A93B17166B630092A5CF /* EmitterModifier.h */,
				7E7D875413F71AC300AD9F7F /* GraphicDevice.cpp */,
				7E7D877B13F71AD900AD9F7F /* GraphicDevice.h */,
				709E16E7186A689B00AEA8C7 /* IAnimation.h */,
				7E7D875613F71AC300AD9F7F /* Label.cpp */,
				7E7D877D13F71AD900AD9F7F /* Label.h */,
				7E7D875713F71AC300AD9F7F /* Material.cpp */,
				7E7D877E13F71AD900AD9F7F /* Material.h */,
				7E7D875813F71AC300AD9F7F /* Mesh.cpp */,
				7E7D878113F71AD900AD9F7F /* Mesh.h */,
				7E407F891401F8F300431963 /* MeshProvider.h */,
				7E5C121E14F19EF700292DD3 /* NinePatch.cpp */,
				7E5C122E14F19F0800292DD3 /* NinePatch.h */,
				709E16E8186A689B00AEA8C7 /* RenderTarget.h */,
				709C28FC182209A000B6B2D0 /* Scene.cpp */,
				709C28FE182209B200B6B2D0 /* Scene.h */,
				7E7D875A13F71AC300AD9F7F /* SceneNode.cpp */,
				7E7D878413F71AD900AD9F7F /* SceneNode.h */,
				7E5C122114F19EF700292DD3 /* SphereMesh.cpp */,
				7E5C123114F19F0800292DD3 /* SphereMesh.h */,
				7E7D875B13F71AC300AD9F7F /* Sprite.cpp */,
				7E7D878513F71AD900AD9F7F /* Sprite.h */,
				7E7D875C13F71AC300AD9F7F /* Texture.cpp */,
				7E7D878613F71AD900AD9F7F /* Texture.h */,
				70983A7118D76D2100FA2ABE /* TextureLoader.cpp */,
				70983A7718D76D3400FA2ABE /* TextureLoader.h */,
				7E7D875D13F71AC300AD9F7F /* VertexBuffer.cpp */,
				7E7D878913F71AD900AD9F7F /* VertexBuffer.h */,
				7E7D875E13F71AC300AD9F7F /* Viewport.cpp */,
				7E7D878A13F71AD900AD9F7F /* Viewport.h */,
			);
			name = graphics;
			sourceTree = "<group>";
		};
		7E5C123E14F19FB600292DD3 /* widgets */ = {
			isa = PBXGroup;
			children = (
				7E5C121C14F19EF700292DD3 /* ButtonBase.cpp */,
				7E5C122B14F19F0800292DD3 /* ButtonBase.h */,
				7E5C122D14F19F0800292DD3 /* ILayoutable.h */,
				7E7D875513F71AC300AD9F7F /* InputManager.cpp */,
				7E7D877C13F71AD900AD9F7F /* InputManager.h */,
				7E5C121F14F19EF700292DD3 /* NinePatchButton.cpp */,
				7E5C122F14F19F0800292DD3 /* NinePatchButton.h */,
				7E5C122214F19EF700292DD3 /* SpriteButton.cpp */,
				7E5C123214F19F0800292DD3 /* SpriteButton.h */,
				7E7D875F13F71AC300AD9F7F /* Widget.cpp */,
				7E7D878B13F71AD900AD9F7F /* Widget.h */,
			);
			name = widgets;
			sourceTree = "<group>";
		};
		7E5C123F14F1A01000292DD3 /* resources */ = {
			isa = PBXGroup;
			children = (
				70983A7918D76D8600FA2ABE /* DdsImage.cpp */,
				70983A7B18D76DA400FA2ABE /* DdsImage.h */,
				709C28D61822088000B6B2D0 /* EmitterDescriptor.cpp */,
				709C28E41822088E00B6B2D0 /* EmitterDescriptor.h */,
				709C28D71822088000B6B2D0 /* FontDescriptor.cpp */,
				709C28E51822088E00B6B2D0 /* FontDescriptor.h */,
				709C28D81822088000B6B2D0 /* NinePatchDescriptor.cpp */,
				709C28E61822088E00B6B2D0 /* NinePatchDescriptor.h */,
				709C28D91822088000B6B2D0 /* Package.cpp */,
				709C28E71822088E00B6B2D0 /* Package.h */,
				709C28E81822088E00B6B2D0 /* PvrImage.h */,
				709C28E91822088E00B6B2D0 /* Resource.h */,
				709C28DA1822088000B6B2D0 /* ResourceManager.cpp */,
				709C28EA1822088E00B6B2D0 /* ResourceManager.h */,
				709C28DB1822088000B6B2D0 /* SceneDescriptor.cpp */,
				709C28EB1822088E00B6B2D0 /* SceneDescriptor.h */,
				709C28DC1822088000B6B2D0 /* TextureResource.cpp */,
				709C28EC1822088E00B6B2D0 /* TextureResource.h */,
				709C28ED1822088E00B6B2D0 /* TgaImage.h */,
			);
			name = resources;
			sourceTree = "<group>";
		};
		7E7D873013F719E400AD9F7F = {
			isa = PBXGroup;
			children = (
				709E175E186A7B0B00AEA8C7 /* Dependencies */,
				709E1743186A724B00AEA8C7 /* Samples */,
				7E7D874013F719E500AD9F7F /* Source */,
				7E7D873D13F719E500AD9F7F /* Frameworks */,
				7E7D873C13F719E500AD9F7F /* Products */,
			);
			sourceTree = "<group>";
		};
		7E7D873C13F719E500AD9F7F /* Products */ = {
			isa = PBXGroup;
			children = (
				7E7D873B13F719E500AD9F7F /* libAthena.a */,
			);
			name = Products;
			sourceTree = "<group>";
		};
		7E7D873D13F719E500AD9F7F /* Frameworks */ = {
			isa = PBXGroup;
			children = (
				7E7D873E13F719E500AD9F7F /* Foundation.framework */,
			);
			name = Frameworks;
			sourceTree = "<group>";
		};
		7E7D874013F719E500AD9F7F /* Source */ = {
			isa = PBXGroup;
			children = (
				70B582481635214200C40F25 /* animation */,
				7E7D877313F71AD900AD9F7F /* Application.h */,
				709C3B1A18D4BC8A006DAF2C /* Athena-Prefix.pch */,
				7E407F8B1401F90500431963 /* AthenaEngine.h */,
				70104E5A167409D300807647 /* audio */,
				7E5C121D14F19EF700292DD3 /* ConfigManager.cpp */,
				7E5C122C14F19F0800292DD3 /* ConfigManager.h */,
				702BFDC318D4C0C800BA18A9 /* GeneralSettings.xcconfig */,
				702BFDC418D4C0C800BA18A9 /* GeneralSettingsDebug.xcconfig */,
				7E5C123D14F19F1200292DD3 /* graphics */,
				7E2885B813F862F800F606EB /* ios */,
				7E407F811401F88700431963 /* math */,
				7096E31318E015960068769A /* ParseUtils.cpp */,
				7096E31918E015A00068769A /* ParseUtils.h */,
				7E5C123F14F1A01000292DD3 /* resources */,
				7E5C123E14F19FB600292DD3 /* widgets */,
			);
			name = Source;
			sourceTree = "<group>";
		};
/* End PBXGroup section */

/* Begin PBXHeadersBuildPhase section */
		7E7D873913F719E500AD9F7F /* Headers */ = {
			isa = PBXHeadersBuildPhase;
			buildActionMask = 2147483647;
			files = (
				7E7D878C13F71AD900AD9F7F /* Application.h in Headers */,
				70983A7818D76D3400FA2ABE /* TextureLoader.h in Headers */,
				7E7D878D13F71AD900AD9F7F /* Box2.h in Headers */,
				7E7D878F13F71AD900AD9F7F /* Camera.h in Headers */,
				7E7D879013F71AD900AD9F7F /* CatmullRom.h in Headers */,
				7E7D879113F71AD900AD9F7F /* Color.h in Headers */,
				7E7D879213F71AD900AD9F7F /* CubeMesh.h in Headers */,
				709C28F61822088E00B6B2D0 /* TextureResource.h in Headers */,
				7E7D879413F71AD900AD9F7F /* GraphicDevice.h in Headers */,
				709E16E9186A689B00AEA8C7 /* CubeRenderTarget.h in Headers */,
				7E7D879513F71AD900AD9F7F /* InputManager.h in Headers */,
				7E7D879613F71AD900AD9F7F /* Label.h in Headers */,
				709E16ED186A689B00AEA8C7 /* RenderTarget.h in Headers */,
				7E7D879713F71AD900AD9F7F /* Material.h in Headers */,
				709C28FF182209B200B6B2D0 /* Scene.h in Headers */,
				7E7D879813F71AD900AD9F7F /* MathDef.h in Headers */,
				7E7D879913F71AD900AD9F7F /* Matrix4.h in Headers */,
				7E7D879A13F71AD900AD9F7F /* Mesh.h in Headers */,
				7E7D879B13F71AD900AD9F7F /* Quaternion.h in Headers */,
				7E7D879D13F71AD900AD9F7F /* SceneNode.h in Headers */,
				7E7D879E13F71AD900AD9F7F /* Sprite.h in Headers */,
				7E7D879F13F71AD900AD9F7F /* Texture.h in Headers */,
				7E7D87A013F71AD900AD9F7F /* Vector2.h in Headers */,
				7E7D87A113F71AD900AD9F7F /* Vector3.h in Headers */,
				7E7D87A213F71AD900AD9F7F /* VertexBuffer.h in Headers */,
				70271B9818D522F500777C53 /* AxisMesh.h in Headers */,
				7E7D87A313F71AD900AD9F7F /* Viewport.h in Headers */,
				709C28F11822088E00B6B2D0 /* Package.h in Headers */,
				709C28F41822088E00B6B2D0 /* ResourceManager.h in Headers */,
				7E7D87A413F71AD900AD9F7F /* Widget.h in Headers */,
				7E407F851401F8AD00431963 /* Frustum.h in Headers */,
				70271B7D18D5039000777C53 /* EffectParameter.h in Headers */,
				7E407F861401F8AD00431963 /* Plane.h in Headers */,
				7E407F8A1401F8F300431963 /* MeshProvider.h in Headers */,
				7E407F8C1401F90600431963 /* AthenaEngine.h in Headers */,
				7E5C123414F19F0800292DD3 /* ButtonBase.h in Headers */,
				7E5C123514F19F0800292DD3 /* ConfigManager.h in Headers */,
				709C28EE1822088E00B6B2D0 /* EmitterDescriptor.h in Headers */,
				70983A7C18D76DA400FA2ABE /* DdsImage.h in Headers */,
				7E5C123614F19F0800292DD3 /* ILayoutable.h in Headers */,
				7E5C123714F19F0800292DD3 /* NinePatch.h in Headers */,
				709E16EA186A689B00AEA8C7 /* Effect.h in Headers */,
				709C28F31822088E00B6B2D0 /* Resource.h in Headers */,
				7E5C123814F19F0800292DD3 /* NinePatchButton.h in Headers */,
				709C28F21822088E00B6B2D0 /* PvrImage.h in Headers */,
				709C28F71822088E00B6B2D0 /* TgaImage.h in Headers */,
				7E5C123A14F19F0800292DD3 /* SphereMesh.h in Headers */,
				7E5C123B14F19F0800292DD3 /* SpriteButton.h in Headers */,
				7E5C123C14F19F0800292DD3 /* Tween.h in Headers */,
				70B582531635216800C40F25 /* AnimationController.h in Headers */,
				70B582541635216800C40F25 /* AnimationCurve.h in Headers */,
				70B582551635216800C40F25 /* RumbleAnimation.h in Headers */,
				709C28EF1822088E00B6B2D0 /* FontDescriptor.h in Headers */,
				70B582561635216800C40F25 /* TextureAnimation.h in Headers */,
				70104E62167409F500807647 /* AudioClip.h in Headers */,
				70104E63167409F500807647 /* AudioManager.h in Headers */,
				704885C21868B5AC00EB75D7 /* IosUberEffect.h in Headers */,
				70C6E550168570A8001544EB /* Emitter.h in Headers */,
				7078961116E45BBA00CFCE67 /* EAGLView.h in Headers */,
				7078961216E45BBA00CFCE67 /* IosAppDelegate.h in Headers */,
				7078961316E45BBA00CFCE67 /* IosAudioClip.h in Headers */,
				7078961416E45BBA00CFCE67 /* IosAudioManager.h in Headers */,
				709C28F51822088E00B6B2D0 /* SceneDescriptor.h in Headers */,
				7096E31A18E015A00068769A /* ParseUtils.h in Headers */,
				7078961516E45BBA00CFCE67 /* IosUberEffectGenerator.h in Headers */,
				7078961616E45BBA00CFCE67 /* IosGraphicDevice.h in Headers */,
				7020B05F186B51F6008F12B4 /* IosShadowMapEffect.h in Headers */,
				70271B9918D522F500777C53 /* ConeMesh.h in Headers */,
				709E16EC186A689B00AEA8C7 /* IAnimation.h in Headers */,
				7078961716E45BBA00CFCE67 /* IosResourceManager.h in Headers */,
				7078961816E45BBA00CFCE67 /* IosTexture.h in Headers */,
				7078961916E45BBA00CFCE67 /* IosVertexBuffer.h in Headers */,
				709C28F01822088E00B6B2D0 /* NinePatchDescriptor.h in Headers */,
				7078961A16E45BBA00CFCE67 /* IosViewController.h in Headers */,
				7078961B16E45BBA00CFCE67 /* OpenGlEsDefs.h in Headers */,
				709E16EB186A689B00AEA8C7 /* EffectProvider.h in Headers */,
				7035A93D17166B630092A5CF /* EmitterModifier.h in Headers */,
			);
			runOnlyForDeploymentPostprocessing = 0;
		};
/* End PBXHeadersBuildPhase section */

/* Begin PBXNativeTarget section */
		7E7D873A13F719E500AD9F7F /* Athena */ = {
			isa = PBXNativeTarget;
			buildConfigurationList = 7E7D874513F719E600AD9F7F /* Build configuration list for PBXNativeTarget "Athena" */;
			buildPhases = (
				7E7D873713F719E500AD9F7F /* Sources */,
				7E7D873813F719E500AD9F7F /* Frameworks */,
				7E7D873913F719E500AD9F7F /* Headers */,
			);
			buildRules = (
			);
			dependencies = (
			);
			name = Athena;
			productName = Athena;
			productReference = 7E7D873B13F719E500AD9F7F /* libAthena.a */;
			productType = "com.apple.product-type.library.static";
		};
/* End PBXNativeTarget section */

/* Begin PBXProject section */
		7E7D873213F719E400AD9F7F /* Project object */ = {
			isa = PBXProject;
			attributes = {
				LastUpgradeCheck = 0510;
			};
			buildConfigurationList = 7E7D873513F719E400AD9F7F /* Build configuration list for PBXProject "Athena" */;
			compatibilityVersion = "Xcode 3.2";
			developmentRegion = English;
			hasScannedForEncodings = 0;
			knownRegions = (
				en,
			);
			mainGroup = 7E7D873013F719E400AD9F7F;
			productRefGroup = 7E7D873C13F719E500AD9F7F /* Products */;
			projectDirPath = "";
			projectReferences = (
				{
					ProductGroup = 709E1766186A7B2A00AEA8C7 /* Products */;
					ProjectRef = 709E1765186A7B2A00AEA8C7 /* boost.xcodeproj */;
				},
				{
					ProductGroup = 709E1760186A7B1B00AEA8C7 /* Products */;
					ProjectRef = 709E175F186A7B1B00AEA8C7 /* Framework.xcodeproj */;
				},
				{
					ProductGroup = 70FB857518D4D7AA0023A3C4 /* Products */;
					ProjectRef = 70FB857418D4D7AA0023A3C4 /* QuakeViewer.xcodeproj */;
				},
				{
					ProductGroup = 709E174C186A739B00AEA8C7 /* Products */;
					ProjectRef = 709E174B186A739B00AEA8C7 /* ShadowMapping.xcodeproj */;
				},
			);
			projectRoot = "";
			targets = (
				7E7D873A13F719E500AD9F7F /* Athena */,
			);
		};
/* End PBXProject section */

/* Begin PBXReferenceProxy section */
		709E1750186A739B00AEA8C7 /* ShadowMapping.app */ = {
			isa = PBXReferenceProxy;
			fileType = wrapper.application;
			path = ShadowMapping.app;
			remoteRef = 709E174F186A739B00AEA8C7 /* PBXContainerItemProxy */;
			sourceTree = BUILT_PRODUCTS_DIR;
		};
		709E1764186A7B1B00AEA8C7 /* libFramework.a */ = {
			isa = PBXReferenceProxy;
			fileType = archive.ar;
			path = libFramework.a;
			remoteRef = 709E1763186A7B1B00AEA8C7 /* PBXContainerItemProxy */;
			sourceTree = BUILT_PRODUCTS_DIR;
		};
		709E176A186A7B2A00AEA8C7 /* libboost.a */ = {
			isa = PBXReferenceProxy;
			fileType = archive.ar;
			path = libboost.a;
			remoteRef = 709E1769186A7B2A00AEA8C7 /* PBXContainerItemProxy */;
			sourceTree = BUILT_PRODUCTS_DIR;
		};
		70FB857B18D4D7AA0023A3C4 /* QuakeViewer.app */ = {
			isa = PBXReferenceProxy;
			fileType = wrapper.application;
			path = QuakeViewer.app;
			remoteRef = 70FB857A18D4D7AA0023A3C4 /* PBXContainerItemProxy */;
			sourceTree = BUILT_PRODUCTS_DIR;
		};
/* End PBXReferenceProxy section */

/* Begin PBXSourcesBuildPhase section */
		7E7D873713F719E500AD9F7F /* Sources */ = {
			isa = PBXSourcesBuildPhase;
			buildActionMask = 2147483647;
			files = (
				7E7D876013F71AC300AD9F7F /* Box2.cpp in Sources */,
				7E7D876213F71AC300AD9F7F /* Camera.cpp in Sources */,
				7E7D876313F71AC300AD9F7F /* CatmullRom.cpp in Sources */,
				7E7D876413F71AC300AD9F7F /* CubeMesh.cpp in Sources */,
				70271B7718D5037B00777C53 /* EffectParameter.cpp in Sources */,
				7E7D876613F71AC300AD9F7F /* GraphicDevice.cpp in Sources */,
				7E7D876713F71AC300AD9F7F /* InputManager.cpp in Sources */,
				704885C51868B6B500EB75D7 /* IosEffect.cpp in Sources */,
				7E7D876813F71AC300AD9F7F /* Label.cpp in Sources */,
				7E7D876913F71AC300AD9F7F /* Material.cpp in Sources */,
				7E7D876A13F71AC300AD9F7F /* Mesh.cpp in Sources */,
				709C28DD1822088000B6B2D0 /* EmitterDescriptor.cpp in Sources */,
				7E7D876C13F71AC300AD9F7F /* SceneNode.cpp in Sources */,
				7E7D876D13F71AC300AD9F7F /* Sprite.cpp in Sources */,
				7E7D876E13F71AC300AD9F7F /* Texture.cpp in Sources */,
				7E7D876F13F71AC300AD9F7F /* VertexBuffer.cpp in Sources */,
				704885BF1868B4C700EB75D7 /* IosUberEffect.cpp in Sources */,
				70271B9518D522E400777C53 /* ConeMesh.cpp in Sources */,
				7E7D877013F71AC300AD9F7F /* Viewport.cpp in Sources */,
				7E7D877113F71AC300AD9F7F /* Widget.cpp in Sources */,
				7E407F881401F8C000431963 /* Frustum.cpp in Sources */,
				7E5C122314F19EF700292DD3 /* ButtonBase.cpp in Sources */,
				7E5C122414F19EF700292DD3 /* ConfigManager.cpp in Sources */,
				7E5C122514F19EF700292DD3 /* NinePatch.cpp in Sources */,
				7E5C122614F19EF700292DD3 /* NinePatchButton.cpp in Sources */,
				7E5C122814F19EF700292DD3 /* SphereMesh.cpp in Sources */,
				7E5C122914F19EF700292DD3 /* SpriteButton.cpp in Sources */,
				70B5824D1635215200C40F25 /* RumbleAnimation.cpp in Sources */,
				70983A7218D76D2100FA2ABE /* TextureLoader.cpp in Sources */,
				709C28FD182209A000B6B2D0 /* Scene.cpp in Sources */,
				709C28E31822088000B6B2D0 /* TextureResource.cpp in Sources */,
				70B5824E1635215200C40F25 /* TextureAnimation.cpp in Sources */,
				709C28E11822088000B6B2D0 /* ResourceManager.cpp in Sources */,
				704885CA1868B9BD00EB75D7 /* IosUberEffectProvider.cpp in Sources */,
				709C28DE1822088000B6B2D0 /* FontDescriptor.cpp in Sources */,
				70104E5E167409EB00807647 /* AudioClip.cpp in Sources */,
				70104E5F167409EB00807647 /* AudioManager.cpp in Sources */,
				709C28E21822088000B6B2D0 /* SceneDescriptor.cpp in Sources */,
				70C6E54D1685709E001544EB /* Emitter.cpp in Sources */,
				70983A7A18D76D8600FA2ABE /* DdsImage.cpp in Sources */,
				709C28DF1822088000B6B2D0 /* NinePatchDescriptor.cpp in Sources */,
				7020B058186B5141008F12B4 /* IosShadowMapEffect.cpp in Sources */,
				707895FC16E45BAF00CFCE67 /* EAGLView.mm in Sources */,
				707895FD16E45BAF00CFCE67 /* IosAppDelegate.mm in Sources */,
				707895FE16E45BAF00CFCE67 /* IosAudioClip.cpp in Sources */,
				707895FF16E45BAF00CFCE67 /* IosAudioManager.cpp in Sources */,
				709C28E01822088000B6B2D0 /* Package.cpp in Sources */,
				7078960016E45BAF00CFCE67 /* IosUberEffectGenerator.cpp in Sources */,
				7078960116E45BAF00CFCE67 /* IosGraphicDevice.cpp in Sources */,
				7078960216E45BAF00CFCE67 /* IosResourceManager.cpp in Sources */,
				70271B9418D522E400777C53 /* AxisMesh.cpp in Sources */,
				7096E31418E015960068769A /* ParseUtils.cpp in Sources */,
				7078960316E45BAF00CFCE67 /* IosTexture.cpp in Sources */,
				7078960416E45BAF00CFCE67 /* IosVertexBuffer.cpp in Sources */,
				7078960516E45BAF00CFCE67 /* IosViewController.mm in Sources */,
				7035A93917166B530092A5CF /* EmitterModifier.cpp in Sources */,
			);
			runOnlyForDeploymentPostprocessing = 0;
		};
/* End PBXSourcesBuildPhase section */

/* Begin XCBuildConfiguration section */
		7E7D874313F719E600AD9F7F /* Debug */ = {
			isa = XCBuildConfiguration;
			buildSettings = {
			};
			name = Debug;
		};
		7E7D874413F719E600AD9F7F /* Release */ = {
			isa = XCBuildConfiguration;
			buildSettings = {
			};
			name = Release;
		};
		7E7D874613F719E600AD9F7F /* Debug */ = {
			isa = XCBuildConfiguration;
			baseConfigurationReference = 702BFDC418D4C0C800BA18A9 /* GeneralSettingsDebug.xcconfig */;
			buildSettings = {
				DSTROOT = /tmp/Athena.dst;
				PRODUCT_NAME = "$(TARGET_NAME)";
				SKIP_INSTALL = YES;
			};
			name = Debug;
		};
		7E7D874713F719E600AD9F7F /* Release */ = {
			isa = XCBuildConfiguration;
			baseConfigurationReference = 702BFDC318D4C0C800BA18A9 /* GeneralSettings.xcconfig */;
			buildSettings = {
				DSTROOT = /tmp/Athena.dst;
				PRODUCT_NAME = "$(TARGET_NAME)";
				SKIP_INSTALL = YES;
			};
			name = Release;
		};
/* End XCBuildConfiguration section */

/* Begin XCConfigurationList section */
		7E7D873513F719E400AD9F7F /* Build configuration list for PBXProject "Athena" */ = {
			isa = XCConfigurationList;
			buildConfigurations = (
				7E7D874313F719E600AD9F7F /* Debug */,
				7E7D874413F719E600AD9F7F /* Release */,
			);
			defaultConfigurationIsVisible = 0;
			defaultConfigurationName = Release;
		};
		7E7D874513F719E600AD9F7F /* Build configuration list for PBXNativeTarget "Athena" */ = {
			isa = XCConfigurationList;
			buildConfigurations = (
				7E7D874613F719E600AD9F7F /* Debug */,
				7E7D874713F719E600AD9F7F /* Release */,
			);
			defaultConfigurationIsVisible = 0;
			defaultConfigurationName = Release;
		};
/* End XCConfigurationList section */
	};
	rootObject = 7E7D873213F719E400AD9F7F /* Project object */;
}
