<?xml version="1.0" encoding="utf-8"?>
<Project ToolsVersion="4.0" xmlns="http://schemas.microsoft.com/developer/msbuild/2003">
  <ItemGroup>
    <ClCompile Include="..\src\BatchMesh.cpp">
      <Filter>Source Files</Filter>
    </ClCompile>
    <ClCompile Include="..\src\BspFaceMesh.cpp">
      <Filter>Source Files</Filter>
    </ClCompile>
    <ClCompile Include="..\src\BspFile.cpp">
      <Filter>Source Files</Filter>
    </ClCompile>
    <ClCompile Include="..\src\BspMapMaterial.cpp">
      <Filter>Source Files</Filter>
    </ClCompile>
    <ClCompile Include="..\src\BspMapMeshProvider.cpp">
      <Filter>Source Files</Filter>
    </ClCompile>
    <ClCompile Include="..\src\BspMapPass.cpp">
      <Filter>Source Files</Filter>
    </ClCompile>
    <ClCompile Include="..\src\BspMapResourceProvider.cpp">
      <Filter>Source Files</Filter>
    </ClCompile>
    <ClCompile Include="..\src\BspMapTcMod.cpp">
      <Filter>Source Files</Filter>
    </ClCompile>
    <ClCompile Include="..\src\ContextBase.cpp">
      <Filter>Source Files</Filter>
    </ClCompile>
    <ClCompile Include="..\src\LevelSelectionContext.cpp">
      <Filter>Source Files</Filter>
    </ClCompile>
    <ClCompile Include="..\src\LevelViewContext.cpp">
      <Filter>Source Files</Filter>
    </ClCompile>
    <ClCompile Include="..\src\PakFile.cpp">
      <Filter>Source Files</Filter>
    </ClCompile>
    <ClCompile Include="..\src\QuakeEntity.cpp">
      <Filter>Source Files</Filter>
    </ClCompile>
    <ClCompile Include="..\src\QuakeEntityParser.cpp">
      <Filter>Source Files</Filter>
    </ClCompile>
    <ClCompile Include="..\src\QuakeShaderParser.cpp">
      <Filter>Source Files</Filter>
    </ClCompile>
    <ClCompile Include="..\src\QuakeShaderTokenizer.yy.cpp">
      <Filter>Source Files</Filter>
    </ClCompile>
    <ClCompile Include="..\src\QuakeViewer.cpp">
      <Filter>Source Files</Filter>
    </ClCompile>
    <ClCompile Include="..\src\StdAfx.cpp">
      <Filter>Source Files</Filter>
    </ClCompile>
  </ItemGroup>
  <ItemGroup>
    <ClInclude Include="..\src\BatchMesh.h">
      <Filter>Source Files</Filter>
    </ClInclude>
    <ClInclude Include="..\src\BspDefs.h">
      <Filter>Source Files</Filter>
    </ClInclude>
    <ClInclude Include="..\src\BspFaceMesh.h">
      <Filter>Source Files</Filter>
    </ClInclude>
    <ClInclude Include="..\src\BspFile.h">
      <Filter>Source Files</Filter>
    </ClInclude>
    <ClInclude Include="..\src\BspMapMaterial.h">
      <Filter>Source Files</Filter>
    </ClInclude>
    <ClInclude Include="..\src\BspMapMeshProvider.h">
      <Filter>Source Files</Filter>
    </ClInclude>
    <ClInclude Include="..\src\BspMapPass.h">
      <Filter>Source Files</Filter>
    </ClInclude>
    <ClInclude Include="..\src\BspMapResourceProvider.h">
      <Filter>Source Files</Filter>
    </ClInclude>
    <ClInclude Include="..\src\BspMapTcMod.h">
      <Filter>Source Files</Filter>
    </ClInclude>
    <ClInclude Include="..\src\BspUtils.h">
      <Filter>Source Files</Filter>
    </ClInclude>
    <ClInclude Include="..\src\ContextBase.h">
      <Filter>Source Files</Filter>
    </ClInclude>
    <ClInclude Include="..\src\LevelSelectionContext.h">
      <Filter>Source Files</Filter>
    </ClInclude>
    <ClInclude Include="..\src\LevelViewContext.h">
      <Filter>Source Files</Filter>
    </ClInclude>
    <ClInclude Include="..\src\PakFile.h">
      <Filter>Source Files</Filter>
    </ClInclude>
    <ClInclude Include="..\src\QuakeEntity.h">
      <Filter>Source Files</Filter>
    </ClInclude>
    <ClInclude Include="..\src\QuakeEntityParser.h">
      <Filter>Source Files</Filter>
    </ClInclude>
    <ClInclude Include="..\src\QuakeShader.h">
      <Filter>Source Files</Filter>
    </ClInclude>
    <ClInclude Include="..\src\QuakeShaderParser.h">
      <Filter>Source Files</Filter>
    </ClInclude>
    <ClInclude Include="..\src\QuakeViewer.h">
      <Filter>Source Files</Filter>
    </ClInclude>
    <ClInclude Include="..\src\QuakeViewerDefs.h">
      <Filter>Source Files</Filter>
    </ClInclude>
    <ClInclude Include="..\src\StdAfx.h">
      <Filter>Source Files</Filter>
    </ClInclude>
  </ItemGroup>
  <ItemGroup>
    <Filter Include="Source Files">
      <UniqueIdentifier>{6e8ce9af-eca0-433f-af06-e992cd91ca35}</UniqueIdentifier>
    </Filter>
  </ItemGroup>
  <ItemGroup>
    <None Include="..\src\QuakeShaderTokenizer.l">
      <Filter>Source Files</Filter>
    </None>
  </ItemGroup>
</Project>