<?xml version="1.0" encoding="utf-8"?>
<Project ToolsVersion="4.0" xmlns="http://schemas.microsoft.com/developer/msbuild/2003">
  <ItemGroup>
    <Filter Include="Source Files">
      <UniqueIdentifier>{4FC737F1-C7A5-4376-A066-2A32D752A2FF}</UniqueIdentifier>
      <Extensions>cpp;c;cc;cxx;def;odl;idl;hpj;bat;asm;asmx</Extensions>
    </Filter>
    <Filter Include="Source Files\math">
      <UniqueIdentifier>{1a793d58-d6c0-4aa1-acd6-7c728d9a1e80}</UniqueIdentifier>
    </Filter>
    <Filter Include="Source Files\graphics">
      <UniqueIdentifier>{b62c046c-4eb8-49a8-84e9-ba1cf29ba5a1}</UniqueIdentifier>
    </Filter>
    <Filter Include="Source Files\widgets">
      <UniqueIdentifier>{3007bde9-010e-4905-997f-d4178624a8f6}</UniqueIdentifier>
    </Filter>
    <Filter Include="Source Files\resources">
      <UniqueIdentifier>{dc5cc067-fb75-4f33-b9d0-aeb3d379c183}</UniqueIdentifier>
    </Filter>
    <Filter Include="Source Files\win32">
      <UniqueIdentifier>{9076505b-cb07-438c-9a95-2a8b0964accf}</UniqueIdentifier>
    </Filter>
  </ItemGroup>
  <ItemGroup>
    <ClCompile Include="..\src\ConfigManager.cpp">
      <Filter>Source Files</Filter>
    </ClCompile>
    <ClCompile Include="..\src\Box2.cpp">
      <Filter>Source Files\math</Filter>
    </ClCompile>
    <ClCompile Include="..\src\CatmullRom.cpp">
      <Filter>Source Files\math</Filter>
    </ClCompile>
    <ClCompile Include="..\src\Frustum.cpp">
      <Filter>Source Files\math</Filter>
    </ClCompile>
    <ClCompile Include="..\src\AnimatedSprite.cpp">
      <Filter>Source Files\graphics</Filter>
    </ClCompile>
    <ClCompile Include="..\src\Camera.cpp">
      <Filter>Source Files\graphics</Filter>
    </ClCompile>
    <ClCompile Include="..\src\Label.cpp">
      <Filter>Source Files\graphics</Filter>
    </ClCompile>
    <ClCompile Include="..\src\Material.cpp">
      <Filter>Source Files\graphics</Filter>
    </ClCompile>
    <ClCompile Include="..\src\Mesh.cpp">
      <Filter>Source Files\graphics</Filter>
    </ClCompile>
    <ClCompile Include="..\src\SphereMesh.cpp">
      <Filter>Source Files\graphics</Filter>
    </ClCompile>
    <ClCompile Include="..\src\Sprite.cpp">
      <Filter>Source Files\graphics</Filter>
    </ClCompile>
    <ClCompile Include="..\src\CubeMesh.cpp">
      <Filter>Source Files\graphics</Filter>
    </ClCompile>
    <ClCompile Include="..\src\SceneNode.cpp">
      <Filter>Source Files\graphics</Filter>
    </ClCompile>
    <ClCompile Include="..\src\NinePatchButton.cpp">
      <Filter>Source Files\widgets</Filter>
    </ClCompile>
    <ClCompile Include="..\src\Texture.cpp">
      <Filter>Source Files\graphics</Filter>
    </ClCompile>
    <ClCompile Include="..\src\VertexBuffer.cpp">
      <Filter>Source Files\graphics</Filter>
    </ClCompile>
    <ClCompile Include="..\src\Viewport.cpp">
      <Filter>Source Files\graphics</Filter>
    </ClCompile>
    <ClCompile Include="..\src\Widget.cpp">
      <Filter>Source Files\widgets</Filter>
    </ClCompile>
    <ClCompile Include="..\src\NinePatchDescriptor.cpp">
      <Filter>Source Files\resources</Filter>
    </ClCompile>
    <ClCompile Include="..\src\NinePatch.cpp">
      <Filter>Source Files\graphics</Filter>
    </ClCompile>
    <ClCompile Include="..\src\GraphicDevice.cpp">
      <Filter>Source Files\graphics</Filter>
    </ClCompile>
    <ClCompile Include="..\src\ButtonBase.cpp">
      <Filter>Source Files\widgets</Filter>
    </ClCompile>
    <ClCompile Include="..\src\FontDescriptor.cpp">
      <Filter>Source Files\resources</Filter>
    </ClCompile>
    <ClCompile Include="..\src\Package.cpp">
      <Filter>Source Files\resources</Filter>
    </ClCompile>
    <ClCompile Include="..\src\SpriteButton.cpp">
      <Filter>Source Files\widgets</Filter>
    </ClCompile>
    <ClCompile Include="..\src\ResourceManager.cpp">
      <Filter>Source Files\resources</Filter>
    </ClCompile>
    <ClCompile Include="..\src\InputManager.cpp">
      <Filter>Source Files\widgets</Filter>
    </ClCompile>
    <ClCompile Include="..\src\win32\Dx9EffectGenerator.cpp">
      <Filter>Source Files\win32</Filter>
    </ClCompile>
    <ClCompile Include="..\src\win32\Dx9GraphicDevice.cpp">
      <Filter>Source Files\win32</Filter>
    </ClCompile>
    <ClCompile Include="..\src\win32\Dx9Texture.cpp">
      <Filter>Source Files\win32</Filter>
    </ClCompile>
    <ClCompile Include="..\src\win32\Dx9VertexBuffer.cpp">
      <Filter>Source Files\win32</Filter>
    </ClCompile>
    <ClCompile Include="..\src\win32\Win32ResourceManager.cpp">
      <Filter>Source Files\win32</Filter>
    </ClCompile>
    <ClCompile Include="..\src\RenderTarget.cpp">
      <Filter>Source Files\graphics</Filter>
    </ClCompile>
    <ClCompile Include="..\src\win32\Dx9RenderTarget.cpp">
      <Filter>Source Files\win32</Filter>
    </ClCompile>
    <ClCompile Include="..\src\CubeRenderTarget.cpp">
      <Filter>Source Files\graphics</Filter>
    </ClCompile>
    <ClCompile Include="..\src\win32\Dx9ApplicationWindow.cpp">
      <Filter>Source Files\win32</Filter>
    </ClCompile>
    <ClCompile Include="..\src\win32\Dx9CubeRenderTarget.cpp">
      <Filter>Source Files\win32</Filter>
    </ClCompile>
  </ItemGroup>
  <ItemGroup>
    <ClInclude Include="..\include\AthenaEngine.h" />
    <ClInclude Include="..\include\athena\Application.h">
      <Filter>Source Files</Filter>
    </ClInclude>
    <ClInclude Include="..\include\athena\ConfigManager.h">
      <Filter>Source Files</Filter>
    </ClInclude>
    <ClInclude Include="..\include\athena\Box2.h">
      <Filter>Source Files\math</Filter>
    </ClInclude>
    <ClInclude Include="..\include\athena\CatmullRom.h">
      <Filter>Source Files\math</Filter>
    </ClInclude>
    <ClInclude Include="..\include\athena\Frustum.h">
      <Filter>Source Files\math</Filter>
    </ClInclude>
    <ClInclude Include="..\include\athena\Quaternion.h">
      <Filter>Source Files\math</Filter>
    </ClInclude>
    <ClInclude Include="..\include\athena\Matrix4.h">
      <Filter>Source Files\math</Filter>
    </ClInclude>
    <ClInclude Include="..\include\athena\MathDef.h">
      <Filter>Source Files\math</Filter>
    </ClInclude>
    <ClInclude Include="..\include\athena\AnimatedSprite.h">
      <Filter>Source Files\graphics</Filter>
    </ClInclude>
    <ClInclude Include="..\include\athena\Camera.h">
      <Filter>Source Files\graphics</Filter>
    </ClInclude>
    <ClInclude Include="..\include\athena\Color.h">
      <Filter>Source Files\graphics</Filter>
    </ClInclude>
    <ClInclude Include="..\include\athena\Vector3.h">
      <Filter>Source Files\math</Filter>
    </ClInclude>
    <ClInclude Include="..\include\athena\Vector2.h">
      <Filter>Source Files\math</Filter>
    </ClInclude>
    <ClInclude Include="..\include\athena\Tween.h">
      <Filter>Source Files\math</Filter>
    </ClInclude>
    <ClInclude Include="..\include\athena\Label.h">
      <Filter>Source Files\graphics</Filter>
    </ClInclude>
    <ClInclude Include="..\include\athena\Material.h">
      <Filter>Source Files\graphics</Filter>
    </ClInclude>
    <ClInclude Include="..\include\athena\Mesh.h">
      <Filter>Source Files\graphics</Filter>
    </ClInclude>
    <ClInclude Include="..\include\athena\MeshProvider.h">
      <Filter>Source Files\graphics</Filter>
    </ClInclude>
    <ClInclude Include="..\include\athena\SphereMesh.h">
      <Filter>Source Files\graphics</Filter>
    </ClInclude>
    <ClInclude Include="..\include\athena\Sprite.h">
      <Filter>Source Files\graphics</Filter>
    </ClInclude>
    <ClInclude Include="..\include\athena\CubeMesh.h">
      <Filter>Source Files\graphics</Filter>
    </ClInclude>
    <ClInclude Include="..\include\athena\SceneNode.h">
      <Filter>Source Files\graphics</Filter>
    </ClInclude>
    <ClInclude Include="..\include\athena\NinePatchButton.h">
      <Filter>Source Files\widgets</Filter>
    </ClInclude>
    <ClInclude Include="..\include\athena\Texture.h">
      <Filter>Source Files\graphics</Filter>
    </ClInclude>
    <ClInclude Include="..\include\athena\VertexBuffer.h">
      <Filter>Source Files\graphics</Filter>
    </ClInclude>
    <ClInclude Include="..\include\athena\Viewport.h">
      <Filter>Source Files\graphics</Filter>
    </ClInclude>
    <ClInclude Include="..\include\athena\Widget.h">
      <Filter>Source Files\widgets</Filter>
    </ClInclude>
    <ClInclude Include="..\include\athena\NinePatchDescriptor.h">
      <Filter>Source Files\resources</Filter>
    </ClInclude>
    <ClInclude Include="..\include\athena\NinePatch.h">
      <Filter>Source Files\graphics</Filter>
    </ClInclude>
    <ClInclude Include="..\include\athena\GraphicDevice.h">
      <Filter>Source Files\graphics</Filter>
    </ClInclude>
    <ClInclude Include="..\include\athena\ButtonBase.h">
      <Filter>Source Files\widgets</Filter>
    </ClInclude>
    <ClInclude Include="..\include\athena\FontDescriptor.h">
      <Filter>Source Files\resources</Filter>
    </ClInclude>
    <ClInclude Include="..\include\athena\ILayoutable.h">
      <Filter>Source Files\widgets</Filter>
    </ClInclude>
    <ClInclude Include="..\include\athena\Package.h">
      <Filter>Source Files\resources</Filter>
    </ClInclude>
    <ClInclude Include="..\include\athena\SpriteButton.h">
      <Filter>Source Files\widgets</Filter>
    </ClInclude>
    <ClInclude Include="..\include\athena\ResourceManager.h">
      <Filter>Source Files\resources</Filter>
    </ClInclude>
    <ClInclude Include="..\include\athena\Plane.h">
      <Filter>Source Files\math</Filter>
    </ClInclude>
    <ClInclude Include="..\include\athena\InputManager.h">
      <Filter>Source Files\widgets</Filter>
    </ClInclude>
    <ClInclude Include="..\include\athena\win32\Dx9ApplicationWindow.h">
      <Filter>Source Files\win32</Filter>
    </ClInclude>
    <ClInclude Include="..\include\athena\win32\Dx9EffectGenerator.h">
      <Filter>Source Files\win32</Filter>
    </ClInclude>
    <ClInclude Include="..\include\athena\win32\Dx9GraphicDevice.h">
      <Filter>Source Files\win32</Filter>
    </ClInclude>
    <ClInclude Include="..\include\athena\win32\Dx9Texture.h">
      <Filter>Source Files\win32</Filter>
    </ClInclude>
    <ClInclude Include="..\include\athena\win32\Dx9VertexBuffer.h">
      <Filter>Source Files\win32</Filter>
    </ClInclude>
    <ClInclude Include="..\include\athena\win32\Win32ResourceManager.h">
      <Filter>Source Files\win32</Filter>
    </ClInclude>
    <ClInclude Include="..\include\athena\RenderTarget.h">
      <Filter>Source Files\graphics</Filter>
    </ClInclude>
    <ClInclude Include="..\include\athena\win32\Dx9RenderTarget.h">
      <Filter>Source Files\win32</Filter>
    </ClInclude>
    <ClInclude Include="..\include\athena\CubeRenderTarget.h">
      <Filter>Source Files\graphics</Filter>
    </ClInclude>
    <ClInclude Include="..\include\athena\win32\Dx9CubeRenderTarget.h">
      <Filter>Source Files\win32</Filter>
    </ClInclude>
  </ItemGroup>
</Project>