
Microsoft Visual Studio Solution File, Format Version 12.00
# Visual Studio 2013
VisualStudioVersion = 12.0.30110.0
MinimumVisualStudioVersion = 10.0.40219.1
Project("{8BC9CEB8-8B4A-11D0-8D11-00A0C91BC942}") = "Palleon", "Palleon.vcxproj", "{F800A366-7ACB-417C-A565-801FC00ADEA1}"
	ProjectSection(ProjectDependencies) = postProject
		{553CE050-A97E-4E6E-AE84-057A1F0FA45D} = {553CE050-A97E-4E6E-AE84-057A1F0FA45D}
	EndProjectSection
EndProject
Project("{8BC9CEB8-8B4A-11D0-8D11-00A0C91BC942}") = "Framework", "..\..\Framework\build_win32\Framework.vcxproj", "{553CE050-A97E-4E6E-AE84-057A1F0FA45D}"
EndProject
Project("{8BC9CEB8-8B4A-11D0-8D11-00A0C91BC942}") = "ShadowMapping", "..\samples\ShadowMapping\build_win32\ShadowMapping.vcxproj", "{3AAC91DB-10BB-4DF0-B179-3BF2A92559AF}"
EndProject
Project("{2150E333-8FDC-42A3-9474-1A3956D46DE8}") = "Samples", "Samples", "{0567878D-1785-4B68-A9A4-9654996BE6D1}"
EndProject
Project("{2150E333-8FDC-42A3-9474-1A3956D46DE8}") = "Dependencies", "Dependencies", "{89D8BBC0-BDE8-479A-BB81-B60F749D9F4B}"
EndProject
Project("{8BC9CEB8-8B4A-11D0-8D11-00A0C91BC942}") = "zlib-1.2.8", "..\..\zlib-1.2.8\zlib-1.2.8.vcxproj", "{4A0B5134-AB23-452D-8513-8225FA178356}"
EndProject
Project("{8BC9CEB8-8B4A-11D0-8D11-00A0C91BC942}") = "QuakeViewer", "..\samples\QuakeViewer\build_win32\QuakeViewer.vcxproj", "{BC6159A8-4F90-4F11-BBE3-F49D7ACC8834}"
EndProject
Project("{8BC9CEB8-8B4A-11D0-8D11-00A0C91BC942}") = "OcclusionCulling", "..\samples\OcclusionCulling\build_win32\OcclusionCulling.vcxproj", "{5022B341-B9F9-4444-A4A7-14EA603E413F}"
EndProject
Global
	GlobalSection(SolutionConfigurationPlatforms) = preSolution
		Debug|Win32 = Debug|Win32
		Debug|x64 = Debug|x64
		Release|Win32 = Release|Win32
		Release|x64 = Release|x64
	EndGlobalSection
	GlobalSection(ProjectConfigurationPlatforms) = postSolution
		{F800A366-7ACB-417C-A565-801FC00ADEA1}.Debug|Win32.ActiveCfg = Debug|Win32
		{F800A366-7ACB-417C-A565-801FC00ADEA1}.Debug|Win32.Build.0 = Debug|Win32
		{F800A366-7ACB-417C-A565-801FC00ADEA1}.Debug|x64.ActiveCfg = Debug|x64
		{F800A366-7ACB-417C-A565-801FC00ADEA1}.Debug|x64.Build.0 = Debug|x64
		{F800A366-7ACB-417C-A565-801FC00ADEA1}.Release|Win32.ActiveCfg = Release|Win32
		{F800A366-7ACB-417C-A565-801FC00ADEA1}.Release|Win32.Build.0 = Release|Win32
		{F800A366-7ACB-417C-A565-801FC00ADEA1}.Release|x64.ActiveCfg = Release|x64
		{F800A366-7ACB-417C-A565-801FC00ADEA1}.Release|x64.Build.0 = Release|x64
		{553CE050-A97E-4E6E-AE84-057A1F0FA45D}.Debug|Win32.ActiveCfg = Debug|Win32
		{553CE050-A97E-4E6E-AE84-057A1F0FA45D}.Debug|Win32.Build.0 = Debug|Win32
		{553CE050-A97E-4E6E-AE84-057A1F0FA45D}.Debug|x64.ActiveCfg = Debug|x64
		{553CE050-A97E-4E6E-AE84-057A1F0FA45D}.Debug|x64.Build.0 = Debug|x64
		{553CE050-A97E-4E6E-AE84-057A1F0FA45D}.Release|Win32.ActiveCfg = Release|Win32
		{553CE050-A97E-4E6E-AE84-057A1F0FA45D}.Release|Win32.Build.0 = Release|Win32
		{553CE050-A97E-4E6E-AE84-057A1F0FA45D}.Release|x64.ActiveCfg = Release|x64
		{553CE050-A97E-4E6E-AE84-057A1F0FA45D}.Release|x64.Build.0 = Release|x64
		{3AAC91DB-10BB-4DF0-B179-3BF2A92559AF}.Debug|Win32.ActiveCfg = Debug|Win32
		{3AAC91DB-10BB-4DF0-B179-3BF2A92559AF}.Debug|Win32.Build.0 = Debug|Win32
		{3AAC91DB-10BB-4DF0-B179-3BF2A92559AF}.Debug|x64.ActiveCfg = Debug|Win32
		{3AAC91DB-10BB-4DF0-B179-3BF2A92559AF}.Release|Win32.ActiveCfg = Release|Win32
		{3AAC91DB-10BB-4DF0-B179-3BF2A92559AF}.Release|Win32.Build.0 = Release|Win32
		{3AAC91DB-10BB-4DF0-B179-3BF2A92559AF}.Release|x64.ActiveCfg = Release|Win32
		{4A0B5134-AB23-452D-8513-8225FA178356}.Debug|Win32.ActiveCfg = Debug|Win32
		{4A0B5134-AB23-452D-8513-8225FA178356}.Debug|Win32.Build.0 = Debug|Win32
		{4A0B5134-AB23-452D-8513-8225FA178356}.Debug|x64.ActiveCfg = Debug|x64
		{4A0B5134-AB23-452D-8513-8225FA178356}.Debug|x64.Build.0 = Debug|x64
		{4A0B5134-AB23-452D-8513-8225FA178356}.Release|Win32.ActiveCfg = Release|Win32
		{4A0B5134-AB23-452D-8513-8225FA178356}.Release|Win32.Build.0 = Release|Win32
		{4A0B5134-AB23-452D-8513-8225FA178356}.Release|x64.ActiveCfg = Release|x64
		{4A0B5134-AB23-452D-8513-8225FA178356}.Release|x64.Build.0 = Release|x64
		{BC6159A8-4F90-4F11-BBE3-F49D7ACC8834}.Debug|Win32.ActiveCfg = Debug|Win32
		{BC6159A8-4F90-4F11-BBE3-F49D7ACC8834}.Debug|Win32.Build.0 = Debug|Win32
		{BC6159A8-4F90-4F11-BBE3-F49D7ACC8834}.Debug|x64.ActiveCfg = Debug|x64
		{BC6159A8-4F90-4F11-BBE3-F49D7ACC8834}.Debug|x64.Build.0 = Debug|x64
		{BC6159A8-4F90-4F11-BBE3-F49D7ACC8834}.Release|Win32.ActiveCfg = Release|Win32
		{BC6159A8-4F90-4F11-BBE3-F49D7ACC8834}.Release|Win32.Build.0 = Release|Win32
		{BC6159A8-4F90-4F11-BBE3-F49D7ACC8834}.Release|x64.ActiveCfg = Release|x64
		{BC6159A8-4F90-4F11-BBE3-F49D7ACC8834}.Release|x64.Build.0 = Release|x64
		{5022B341-B9F9-4444-A4A7-14EA603E413F}.Debug|Win32.ActiveCfg = Debug|Win32
		{5022B341-B9F9-4444-A4A7-14EA603E413F}.Debug|Win32.Build.0 = Debug|Win32
		{5022B341-B9F9-4444-A4A7-14EA603E413F}.Debug|x64.ActiveCfg = Debug|Win32
		{5022B341-B9F9-4444-A4A7-14EA603E413F}.Release|Win32.ActiveCfg = Release|Win32
		{5022B341-B9F9-4444-A4A7-14EA603E413F}.Release|Win32.Build.0 = Release|Win32
		{5022B341-B9F9-4444-A4A7-14EA603E413F}.Release|x64.ActiveCfg = Release|Win32
	EndGlobalSection
	GlobalSection(SolutionProperties) = preSolution
		HideSolutionNode = FALSE
	EndGlobalSection
	GlobalSection(NestedProjects) = preSolution
		{553CE050-A97E-4E6E-AE84-057A1F0FA45D} = {89D8BBC0-BDE8-479A-BB81-B60F749D9F4B}
		{4A0B5134-AB23-452D-8513-8225FA178356} = {89D8BBC0-BDE8-479A-BB81-B60F749D9F4B}
		{3AAC91DB-10BB-4DF0-B179-3BF2A92559AF} = {0567878D-1785-4B68-A9A4-9654996BE6D1}
		{BC6159A8-4F90-4F11-BBE3-F49D7ACC8834} = {0567878D-1785-4B68-A9A4-9654996BE6D1}
		{5022B341-B9F9-4444-A4A7-14EA603E413F} = {0567878D-1785-4B68-A9A4-9654996BE6D1}
	EndGlobalSection
EndGlobal
