<?xml version="1.0" encoding="utf-8"?>
<Project ToolsVersion="4.0" xmlns="http://schemas.microsoft.com/developer/msbuild/2003">
  <ItemGroup>
    <Filter Include="Source Files">
      <UniqueIdentifier>{4FC737F1-C7A5-4376-A066-2A32D752A2FF}</UniqueIdentifier>
      <Extensions>cpp;c;cc;cxx;def;odl;idl;hpj;bat;asm;asmx</Extensions>
    </Filter>
    <Filter Include="Source Files\math">
      <UniqueIdentifier>{1a793d58-d6c0-4aa1-acd6-7c728d9a1e80}</UniqueIdentifier>
    </Filter>
    <Filter Include="Source Files\graphics">
      <UniqueIdentifier>{b62c046c-4eb8-49a8-84e9-ba1cf29ba5a1}</UniqueIdentifier>
    </Filter>
    <Filter Include="Source Files\widgets">
      <UniqueIdentifier>{3007bde9-010e-4905-997f-d4178624a8f6}</UniqueIdentifier>
    </Filter>
    <Filter Include="Source Files\resources">
      <UniqueIdentifier>{dc5cc067-fb75-4f33-b9d0-aeb3d379c183}</UniqueIdentifier>
    </Filter>
    <Filter Include="Source Files\win32">
      <UniqueIdentifier>{9076505b-cb07-438c-9a95-2a8b0964accf}</UniqueIdentifier>
    </Filter>
    <Filter Include="Source Files\animation">
      <UniqueIdentifier>{fc218be3-8d2a-4e3a-b233-30c638ac4bb3}</UniqueIdentifier>
    </Filter>
    <Filter Include="Source Files\audio">
      <UniqueIdentifier>{6a603b3f-249e-497b-9dd4-19af939286d3}</UniqueIdentifier>
    </Filter>
    <Filter Include="Source Files\win32\UberEffect">
      <UniqueIdentifier>{12a6ee9b-9fd4-4099-93a6-e939f3392ae3}</UniqueIdentifier>
    </Filter>
    <Filter Include="Source Files\graphics\Basic Meshes">
      <UniqueIdentifier>{d7aea279-37a5-4bf6-85a1-75a2e19ec897}</UniqueIdentifier>
    </Filter>
    <Filter Include="Source Files\win32\GenericEffect">
      <UniqueIdentifier>{1343f49f-b975-4383-8890-0f2b24ca30f0}</UniqueIdentifier>
    </Filter>
  </ItemGroup>
  <ItemGroup>
    <ClCompile Include="..\src\ConfigManager.cpp">
      <Filter>Source Files</Filter>
    </ClCompile>
    <ClCompile Include="..\src\Box2.cpp">
      <Filter>Source Files\math</Filter>
    </ClCompile>
    <ClCompile Include="..\src\CatmullRom.cpp">
      <Filter>Source Files\math</Filter>
    </ClCompile>
    <ClCompile Include="..\src\Frustum.cpp">
      <Filter>Source Files\math</Filter>
    </ClCompile>
    <ClCompile Include="..\src\Camera.cpp">
      <Filter>Source Files\graphics</Filter>
    </ClCompile>
    <ClCompile Include="..\src\Label.cpp">
      <Filter>Source Files\graphics</Filter>
    </ClCompile>
    <ClCompile Include="..\src\Material.cpp">
      <Filter>Source Files\graphics</Filter>
    </ClCompile>
    <ClCompile Include="..\src\Mesh.cpp">
      <Filter>Source Files\graphics</Filter>
    </ClCompile>
    <ClCompile Include="..\src\Sprite.cpp">
      <Filter>Source Files\graphics</Filter>
    </ClCompile>
    <ClCompile Include="..\src\SceneNode.cpp">
      <Filter>Source Files\graphics</Filter>
    </ClCompile>
    <ClCompile Include="..\src\NinePatchButton.cpp">
      <Filter>Source Files\widgets</Filter>
    </ClCompile>
    <ClCompile Include="..\src\Texture.cpp">
      <Filter>Source Files\graphics</Filter>
    </ClCompile>
    <ClCompile Include="..\src\VertexBuffer.cpp">
      <Filter>Source Files\graphics</Filter>
    </ClCompile>
    <ClCompile Include="..\src\Viewport.cpp">
      <Filter>Source Files\graphics</Filter>
    </ClCompile>
    <ClCompile Include="..\src\Widget.cpp">
      <Filter>Source Files\widgets</Filter>
    </ClCompile>
    <ClCompile Include="..\src\NinePatch.cpp">
      <Filter>Source Files\graphics</Filter>
    </ClCompile>
    <ClCompile Include="..\src\GraphicDevice.cpp">
      <Filter>Source Files\graphics</Filter>
    </ClCompile>
    <ClCompile Include="..\src\ButtonBase.cpp">
      <Filter>Source Files\widgets</Filter>
    </ClCompile>
    <ClCompile Include="..\src\SpriteButton.cpp">
      <Filter>Source Files\widgets</Filter>
    </ClCompile>
    <ClCompile Include="..\src\InputManager.cpp">
      <Filter>Source Files\widgets</Filter>
    </ClCompile>
    <ClCompile Include="..\src\win32\Win32ResourceManager.cpp">
      <Filter>Source Files\win32</Filter>
    </ClCompile>
    <ClCompile Include="..\src\RenderTarget.cpp">
      <Filter>Source Files\graphics</Filter>
    </ClCompile>
    <ClCompile Include="..\src\CubeRenderTarget.cpp">
      <Filter>Source Files\graphics</Filter>
    </ClCompile>
    <ClCompile Include="..\src\TextureAnimation.cpp">
      <Filter>Source Files\animation</Filter>
    </ClCompile>
    <ClCompile Include="..\src\RumbleAnimation.cpp">
      <Filter>Source Files\animation</Filter>
    </ClCompile>
    <ClCompile Include="..\src\win32\Win32AudioManager.cpp">
      <Filter>Source Files\win32</Filter>
    </ClCompile>
    <ClCompile Include="..\src\AudioManager.cpp">
      <Filter>Source Files\audio</Filter>
    </ClCompile>
    <ClCompile Include="..\src\win32\Win32AudioClip.cpp">
      <Filter>Source Files\win32</Filter>
    </ClCompile>
    <ClCompile Include="..\src\AudioClip.cpp">
      <Filter>Source Files\audio</Filter>
    </ClCompile>
    <ClCompile Include="..\src\Emitter.cpp">
      <Filter>Source Files\graphics</Filter>
    </ClCompile>
    <ClCompile Include="..\src\win32\Win32ApplicationWindow.cpp">
      <Filter>Source Files\win32</Filter>
    </ClCompile>
    <ClCompile Include="..\src\win32\Dx11GraphicDevice.cpp">
      <Filter>Source Files\win32</Filter>
    </ClCompile>
    <ClCompile Include="..\src\win32\Dx11VertexBuffer.cpp">
      <Filter>Source Files\win32</Filter>
    </ClCompile>
    <ClCompile Include="..\src\win32\Dx11Texture.cpp">
      <Filter>Source Files\win32</Filter>
    </ClCompile>
    <ClCompile Include="..\src\EmitterModifier.cpp">
      <Filter>Source Files\graphics</Filter>
    </ClCompile>
    <ClCompile Include="..\src\resources\EmitterDescriptor.cpp">
      <Filter>Source Files\resources</Filter>
    </ClCompile>
    <ClCompile Include="..\src\resources\FontDescriptor.cpp">
      <Filter>Source Files\resources</Filter>
    </ClCompile>
    <ClCompile Include="..\src\resources\NinePatchDescriptor.cpp">
      <Filter>Source Files\resources</Filter>
    </ClCompile>
    <ClCompile Include="..\src\resources\ResourceManager.cpp">
      <Filter>Source Files\resources</Filter>
    </ClCompile>
    <ClCompile Include="..\src\resources\SceneDescriptor.cpp">
      <Filter>Source Files\resources</Filter>
    </ClCompile>
    <ClCompile Include="..\src\resources\TextureResource.cpp">
      <Filter>Source Files\resources</Filter>
    </ClCompile>
    <ClCompile Include="..\src\resources\Package.cpp">
      <Filter>Source Files\resources</Filter>
    </ClCompile>
    <ClCompile Include="..\src\Scene.cpp">
      <Filter>Source Files\graphics</Filter>
    </ClCompile>
    <ClCompile Include="..\src\win32\Dx11Effect.cpp">
      <Filter>Source Files\win32</Filter>
    </ClCompile>
    <ClCompile Include="..\src\win32\Dx11ShadowMapEffect.cpp">
      <Filter>Source Files\win32</Filter>
    </ClCompile>
    <ClCompile Include="..\src\EffectParameter.cpp">
      <Filter>Source Files\graphics</Filter>
    </ClCompile>
    <ClCompile Include="..\src\win32\Dx11UberEffect.cpp">
      <Filter>Source Files\win32\UberEffect</Filter>
    </ClCompile>
    <ClCompile Include="..\src\win32\Dx11UberEffectGenerator.cpp">
      <Filter>Source Files\win32\UberEffect</Filter>
    </ClCompile>
    <ClCompile Include="..\src\win32\Dx11UberEffectProvider.cpp">
      <Filter>Source Files\win32\UberEffect</Filter>
    </ClCompile>
    <ClCompile Include="..\src\resources\DdsImage.cpp">
      <Filter>Source Files\resources</Filter>
    </ClCompile>
    <ClCompile Include="..\src\CubeMesh.cpp">
      <Filter>Source Files\graphics\Basic Meshes</Filter>
    </ClCompile>
    <ClCompile Include="..\src\SphereMesh.cpp">
      <Filter>Source Files\graphics\Basic Meshes</Filter>
    </ClCompile>
    <ClCompile Include="..\src\ConeMesh.cpp">
      <Filter>Source Files\graphics\Basic Meshes</Filter>
    </ClCompile>
    <ClCompile Include="..\src\AxisMesh.cpp">
      <Filter>Source Files\graphics\Basic Meshes</Filter>
    </ClCompile>
    <ClCompile Include="..\src\TextureLoader.cpp">
      <Filter>Source Files\graphics</Filter>
    </ClCompile>
    <ClCompile Include="..\src\ParseUtils.cpp">
      <Filter>Source Files</Filter>
    </ClCompile>
    <ClCompile Include="..\src\EffectParameterBag.cpp">
      <Filter>Source Files\graphics</Filter>
    </ClCompile>
    <ClCompile Include="Pch.cpp">
      <Filter>Source Files</Filter>
    </ClCompile>
    <ClCompile Include="..\src\win32\Win32EmbedServer.cpp">
      <Filter>Source Files\win32</Filter>
    </ClCompile>
    <ClCompile Include="..\src\win32\EmbedInterface_i.c">
      <Filter>Source Files\win32</Filter>
    </ClCompile>
    <ClCompile Include="..\src\win32\Win32Main.cpp">
      <Filter>Source Files\win32</Filter>
    </ClCompile>
    <ClCompile Include="..\src\EmbedRemoteCall.cpp">
      <Filter>Source Files</Filter>
    </ClCompile>
    <ClCompile Include="..\src\LayoutNode.cpp">
      <Filter>Source Files\widgets</Filter>
    </ClCompile>
    <ClCompile Include="..\src\win32\Dx11RenderTarget.cpp">
      <Filter>Source Files\win32</Filter>
    </ClCompile>
    <ClCompile Include="..\src\graphics\GenericEffect.cpp">
      <Filter>Source Files\graphics</Filter>
    </ClCompile>
    <ClCompile Include="..\src\win32\Dx11ShaderGenerator.cpp">
      <Filter>Source Files\win32</Filter>
    </ClCompile>
    <ClCompile Include="..\src\graphics\ShaderBuilder.cpp">
      <Filter>Source Files\graphics</Filter>
    </ClCompile>
    <ClCompile Include="..\src\win32\Dx11GenericEffect.cpp">
      <Filter>Source Files\win32\GenericEffect</Filter>
    </ClCompile>
  </ItemGroup>
  <ItemGroup>
    <ClInclude Include="..\include\palleon\AnimationController.h">
      <Filter>Source Files\animation</Filter>
    </ClInclude>
    <ClInclude Include="..\include\palleon\AnimationCurve.h">
      <Filter>Source Files\animation</Filter>
    </ClInclude>
    <ClInclude Include="..\include\palleon\Application.h">
      <Filter>Source Files</Filter>
    </ClInclude>
    <ClInclude Include="..\include\palleon\AudioClip.h">
      <Filter>Source Files\audio</Filter>
    </ClInclude>
    <ClInclude Include="..\include\palleon\AudioManager.h">
      <Filter>Source Files\audio</Filter>
    </ClInclude>
    <ClInclude Include="..\include\palleon\AxisMesh.h">
      <Filter>Source Files\graphics\Basic Meshes</Filter>
    </ClInclude>
    <ClInclude Include="..\include\palleon\Box2.h">
      <Filter>Source Files\math</Filter>
    </ClInclude>
    <ClInclude Include="..\include\palleon\Camera.h">
      <Filter>Source Files\graphics</Filter>
    </ClInclude>
    <ClInclude Include="..\include\palleon\ButtonBase.h">
      <Filter>Source Files\widgets</Filter>
    </ClInclude>
    <ClInclude Include="..\include\palleon\CatmullRom.h">
      <Filter>Source Files\math</Filter>
    </ClInclude>
    <ClInclude Include="..\include\palleon\Color.h">
      <Filter>Source Files\graphics</Filter>
    </ClInclude>
    <ClInclude Include="..\include\palleon\ConeMesh.h">
      <Filter>Source Files\graphics\Basic Meshes</Filter>
    </ClInclude>
    <ClInclude Include="..\include\palleon\ConfigManager.h">
      <Filter>Source Files</Filter>
    </ClInclude>
    <ClInclude Include="..\include\palleon\CubeMesh.h">
      <Filter>Source Files\graphics\Basic Meshes</Filter>
    </ClInclude>
    <ClInclude Include="..\include\palleon\CubeRenderTarget.h">
      <Filter>Source Files\graphics</Filter>
    </ClInclude>
    <ClInclude Include="..\include\palleon\resources\DdsImage.h">
      <Filter>Source Files\resources</Filter>
    </ClInclude>
    <ClInclude Include="..\include\palleon\win32\Dx11Effect.h">
      <Filter>Source Files\win32</Filter>
    </ClInclude>
    <ClInclude Include="..\include\palleon\win32\Dx11GraphicDevice.h">
      <Filter>Source Files\win32</Filter>
    </ClInclude>
    <ClInclude Include="..\include\palleon\win32\Dx11ShadowMapEffect.h">
      <Filter>Source Files\win32</Filter>
    </ClInclude>
    <ClInclude Include="..\include\palleon\win32\Dx11Texture.h">
      <Filter>Source Files\win32</Filter>
    </ClInclude>
    <ClInclude Include="..\include\palleon\win32\Dx11VertexBuffer.h">
      <Filter>Source Files\win32</Filter>
    </ClInclude>
    <ClInclude Include="..\include\palleon\win32\Dx11UberEffect.h">
      <Filter>Source Files\win32\UberEffect</Filter>
    </ClInclude>
    <ClInclude Include="..\include\palleon\win32\Dx11UberEffectGenerator.h">
      <Filter>Source Files\win32\UberEffect</Filter>
    </ClInclude>
    <ClInclude Include="..\include\palleon\win32\Dx11UberEffectProvider.h">
      <Filter>Source Files\win32\UberEffect</Filter>
    </ClInclude>
    <ClInclude Include="..\include\palleon\Effect.h">
      <Filter>Source Files\graphics</Filter>
    </ClInclude>
    <ClInclude Include="..\include\palleon\EffectParameter.h">
      <Filter>Source Files\graphics</Filter>
    </ClInclude>
    <ClInclude Include="..\include\palleon\EffectProvider.h">
      <Filter>Source Files\graphics</Filter>
    </ClInclude>
    <ClInclude Include="..\include\palleon\Emitter.h">
      <Filter>Source Files\graphics</Filter>
    </ClInclude>
    <ClInclude Include="..\include\palleon\resources\EmitterDescriptor.h">
      <Filter>Source Files\resources</Filter>
    </ClInclude>
    <ClInclude Include="..\include\palleon\Mesh.h">
      <Filter>Source Files\graphics</Filter>
    </ClInclude>
    <ClInclude Include="..\include\palleon\Matrix4.h">
      <Filter>Source Files\math</Filter>
    </ClInclude>
    <ClInclude Include="..\include\palleon\Vector2.h">
      <Filter>Source Files\math</Filter>
    </ClInclude>
    <ClInclude Include="..\include\palleon\Vector3.h">
      <Filter>Source Files\math</Filter>
    </ClInclude>
    <ClInclude Include="..\include\palleon\Vector4.h">
      <Filter>Source Files\math</Filter>
    </ClInclude>
    <ClInclude Include="..\include\palleon\Sphere.h">
      <Filter>Source Files\math</Filter>
    </ClInclude>
    <ClInclude Include="..\include\palleon\Quaternion.h">
      <Filter>Source Files\math</Filter>
    </ClInclude>
    <ClInclude Include="..\include\palleon\Plane.h">
      <Filter>Source Files\math</Filter>
    </ClInclude>
    <ClInclude Include="..\include\palleon\win32\Win32ApplicationWindow.h">
      <Filter>Source Files\win32</Filter>
    </ClInclude>
    <ClInclude Include="..\include\palleon\win32\Win32AudioClip.h">
      <Filter>Source Files\win32</Filter>
    </ClInclude>
    <ClInclude Include="..\include\palleon\win32\Win32AudioManager.h">
      <Filter>Source Files\win32</Filter>
    </ClInclude>
    <ClInclude Include="..\include\palleon\win32\Win32ResourceManager.h">
      <Filter>Source Files\win32</Filter>
    </ClInclude>
    <ClInclude Include="..\include\palleon\Viewport.h">
      <Filter>Source Files\graphics</Filter>
    </ClInclude>
    <ClInclude Include="..\include\palleon\VertexBuffer.h">
      <Filter>Source Files\graphics</Filter>
    </ClInclude>
    <ClInclude Include="..\include\palleon\Sprite.h">
      <Filter>Source Files\graphics</Filter>
    </ClInclude>
    <ClInclude Include="..\include\palleon\SceneNode.h">
      <Filter>Source Files\graphics</Filter>
    </ClInclude>
    <ClInclude Include="..\include\palleon\Label.h">
      <Filter>Source Files\graphics</Filter>
    </ClInclude>
    <ClInclude Include="..\include\palleon\NinePatch.h">
      <Filter>Source Files\graphics</Filter>
    </ClInclude>
    <ClInclude Include="..\include\palleon\Texture.h">
      <Filter>Source Files\graphics</Filter>
    </ClInclude>
    <ClInclude Include="..\include\palleon\TextureLoader.h">
      <Filter>Source Files\graphics</Filter>
    </ClInclude>
    <ClInclude Include="..\include\palleon\GraphicDevice.h">
      <Filter>Source Files\graphics</Filter>
    </ClInclude>
    <ClInclude Include="..\include\palleon\Material.h">
      <Filter>Source Files\graphics</Filter>
    </ClInclude>
    <ClInclude Include="..\include\palleon\NinePatchButton.h">
      <Filter>Source Files\widgets</Filter>
    </ClInclude>
    <ClInclude Include="..\include\palleon\SpriteButton.h">
      <Filter>Source Files\widgets</Filter>
    </ClInclude>
    <ClInclude Include="..\include\palleon\resources\TextureResource.h">
      <Filter>Source Files\resources</Filter>
    </ClInclude>
    <ClInclude Include="..\include\palleon\Widget.h">
      <Filter>Source Files\widgets</Filter>
    </ClInclude>
    <ClInclude Include="..\include\palleon\Tween.h">
      <Filter>Source Files\math</Filter>
    </ClInclude>
    <ClInclude Include="..\include\palleon\Scene.h">
      <Filter>Source Files\graphics</Filter>
    </ClInclude>
    <ClInclude Include="..\include\palleon\resources\PvrImage.h">
      <Filter>Source Files\resources</Filter>
    </ClInclude>
    <ClInclude Include="..\include\palleon\ParseUtils.h">
      <Filter>Source Files</Filter>
    </ClInclude>
    <ClInclude Include="..\include\palleon\MathDef.h">
      <Filter>Source Files\math</Filter>
    </ClInclude>
    <ClInclude Include="..\include\palleon\resources\Package.h">
      <Filter>Source Files\resources</Filter>
    </ClInclude>
    <ClInclude Include="..\include\palleon\RumbleAnimation.h">
      <Filter>Source Files\animation</Filter>
    </ClInclude>
    <ClInclude Include="..\include\palleon\TextureAnimation.h">
      <Filter>Source Files\animation</Filter>
    </ClInclude>
    <ClInclude Include="..\include\palleon\Frustum.h">
      <Filter>Source Files\math</Filter>
    </ClInclude>
    <ClInclude Include="..\include\palleon\ILayoutable.h">
      <Filter>Source Files\widgets</Filter>
    </ClInclude>
    <ClInclude Include="..\include\palleon\MathOps.h">
      <Filter>Source Files\math</Filter>
    </ClInclude>
    <ClInclude Include="..\include\PalleonEngine.h">
      <Filter>Source Files</Filter>
    </ClInclude>
    <ClInclude Include="..\include\palleon\MeshProvider.h">
      <Filter>Source Files\graphics</Filter>
    </ClInclude>
    <ClInclude Include="..\include\palleon\resources\ResourceManager.h">
      <Filter>Source Files\resources</Filter>
    </ClInclude>
    <ClInclude Include="..\include\palleon\resources\SceneDescriptor.h">
      <Filter>Source Files\resources</Filter>
    </ClInclude>
    <ClInclude Include="..\include\palleon\resources\NinePatchDescriptor.h">
      <Filter>Source Files\resources</Filter>
    </ClInclude>
    <ClInclude Include="..\include\palleon\IAnimation.h">
      <Filter>Source Files\animation</Filter>
    </ClInclude>
    <ClInclude Include="..\include\palleon\EmitterModifier.h">
      <Filter>Source Files\graphics</Filter>
    </ClInclude>
    <ClInclude Include="..\include\palleon\resources\FontDescriptor.h">
      <Filter>Source Files\resources</Filter>
    </ClInclude>
    <ClInclude Include="..\include\palleon\InputManager.h">
      <Filter>Source Files\widgets</Filter>
    </ClInclude>
    <ClInclude Include="..\include\palleon\RenderTarget.h">
      <Filter>Source Files\graphics</Filter>
    </ClInclude>
    <ClInclude Include="..\include\palleon\resources\Resource.h">
      <Filter>Source Files\resources</Filter>
    </ClInclude>
    <ClInclude Include="..\include\palleon\SphereMesh.h">
      <Filter>Source Files\graphics\Basic Meshes</Filter>
    </ClInclude>
    <ClInclude Include="..\include\palleon\EffectParameterBag.h">
      <Filter>Source Files\graphics</Filter>
    </ClInclude>
    <ClInclude Include="Pch.h">
      <Filter>Source Files</Filter>
    </ClInclude>
    <ClInclude Include="..\include\palleon\win32\Win32EmbedServer.h">
      <Filter>Source Files\win32</Filter>
    </ClInclude>
    <ClInclude Include="..\include\palleon\EmbedRemoteCall.h">
      <Filter>Source Files</Filter>
    </ClInclude>
    <ClInclude Include="..\include\palleon\LayoutNode.h">
      <Filter>Source Files\widgets</Filter>
    </ClInclude>
    <ClInclude Include="..\include\palleon\win32\Dx11RenderTarget.h">
      <Filter>Source Files\win32</Filter>
    </ClInclude>
    <ClInclude Include="..\include\palleon\graphics\GenericEffect.h">
      <Filter>Source Files\graphics</Filter>
    </ClInclude>
    <ClInclude Include="..\include\palleon\win32\Dx11ShaderGenerator.h">
      <Filter>Source Files\win32</Filter>
    </ClInclude>
    <ClInclude Include="..\include\palleon\PlatformDef.h">
      <Filter>Source Files</Filter>
    </ClInclude>
    <ClInclude Include="..\include\palleon\graphics\ShaderBuilder.h">
      <Filter>Source Files\graphics</Filter>
    </ClInclude>
    <ClInclude Include="..\include\palleon\win32\Dx11GenericEffect.h">
      <Filter>Source Files\win32\GenericEffect</Filter>
    </ClInclude>
  </ItemGroup>
</Project>